Refreshing Terraform state in-memory prior to plan...
The refreshed state will be used to calculate this plan, but will not be
persisted to local or remote state storage.

module.dyn_nmap.module.cyhy_nmap_ansible_provisioner_11.null_resource.provisioner[0]: Refreshing state... [id=7285541835357769790]
module.dyn_nmap.module.cyhy_nmap_ansible_provisioner_11.null_resource.provisioner[0]: Refreshing state... [id=2799681631882546973]
data.template_file.user_ssh_setup: Refreshing state...
data.template_file.docker_disk_setup: Refreshing state...
module.dyn_nmap.module.cyhy_nmap_ansible_provisioner_11.null_resource.provisioner[0]: Refreshing state... [id=5286952184650895147]
module.dyn_nmap.module.cyhy_nmap_ansible_provisioner_36.random_id.default: Refreshing state... [id=I1rRkBWJnIk]
module.dyn_nmap.module.cyhy_nmap_ansible_provisioner_21.random_id.default: Refreshing state... [id=-Lg9Mq85BuA]
data.template_file.mongo_log_disk_setup: Refreshing state...
module.dyn_nmap.module.cyhy_nmap_ansible_provisioner_5.random_id.default: Refreshing state... [id=6HmYnLtu2M0]
data.template_file.cyhy_user_ssh_setup: Refreshing state...
data.template_file.mongo_journal_mountpoint_setup: Refreshing state...
data.template_file.reporter_disk_setup: Refreshing state...
data.template_file.mongo_data_disk_setup: Refreshing state...
data.template_file.mongo_dir_setup: Refreshing state...
data.template_file.set_hostname: Refreshing state...
module.dyn_nessus.module.cyhy_nessus_ansible_provisioner_2.random_id.default: Refreshing state... [id=Vkj9eyiVpVQ]
data.template_file.mongo_journal_disk_setup: Refreshing state...
data.template_file.nessus_disk_setup: Refreshing state...
data.template_file.nmap_disk_setup: Refreshing state...
module.dyn_nessus.module.cyhy_nessus_ansible_provisioner_0.random_id.default: Refreshing state... [id=dvuWY3RRHms]
module.dyn_nmap.module.cyhy_nmap_ansible_provisioner_41.random_id.default: Refreshing state... [id=4g5kNngmE0Y]
module.dyn_nmap.module.cyhy_nmap_ansible_provisioner_3.random_id.default: Refreshing state... [id=OBVKYs_buME]
module.dyn_nmap.module.cyhy_nmap_ansible_provisioner_29.random_id.default: Refreshing state... [id=56hNh5RZ7eY]
module.dyn_nmap.module.cyhy_nmap_ansible_provisioner_35.random_id.default: Refreshing state... [id=T_8OYDo3Oqk]
module.dyn_nmap.module.cyhy_nmap_ansible_provisioner_23.random_id.default: Refreshing state... [id=fNY8C6PLOBU]
module.dyn_nmap.module.cyhy_nmap_ansible_provisioner_2.random_id.default: Refreshing state... [id=QJOBtUbTtkM]
module.dyn_nmap.module.cyhy_nmap_ansible_provisioner_45.random_id.default: Refreshing state... [id=hnvpbGhoOXs]
module.dyn_nmap.module.cyhy_nmap_ansible_provisioner_38.random_id.default: Refreshing state... [id=6_rgxFj1OL4]
module.dyn_nmap.module.cyhy_nmap_ansible_provisioner_62.random_id.default: Refreshing state... [id=dI4DzIArjSs]
module.dyn_nmap.module.cyhy_nmap_ansible_provisioner_31.random_id.default: Refreshing state... [id=j5VfEtrhCd8]
module.dyn_nmap.module.cyhy_nmap_ansible_provisioner_11.random_id.default: Refreshing state... [id=OW31-dMnVZU]
module.dyn_nmap.module.cyhy_nmap_ansible_provisioner_9.random_id.default: Refreshing state... [id=KujCiv81yqk]
module.dyn_nmap.module.cyhy_nmap_ansible_provisioner_15.random_id.default: Refreshing state... [id=QaRvKSLaxk4]
module.dyn_nmap.module.cyhy_nmap_ansible_provisioner_8.random_id.default: Refreshing state... [id=3hVs68gkMaU]
module.dyn_nmap.module.cyhy_nmap_ansible_provisioner_25.random_id.default: Refreshing state... [id=DRJxovFf-b8]
module.dyn_nmap.module.cyhy_nmap_ansible_provisioner_16.random_id.default: Refreshing state... [id=YjJxbqO7Tag]
module.dyn_nmap.module.cyhy_nmap_ansible_provisioner_60.random_id.default: Refreshing state... [id=7-2WbEDto5I]
module.dyn_nmap.module.cyhy_nmap_ansible_provisioner_53.random_id.default: Refreshing state... [id=Blpg4YuoouE]
module.dyn_nmap.module.cyhy_nmap_ansible_provisioner_17.random_id.default: Refreshing state... [id=YjzDPxAQYds]
module.cyhy_bastion_ansible_provisioner.random_id.default: Refreshing state... [id=rNTdd8_055g]
module.dyn_nmap.module.cyhy_nmap_ansible_provisioner_32.random_id.default: Refreshing state... [id=4FW2bS7d_vM]
module.dyn_nmap.module.cyhy_nmap_ansible_provisioner_19.random_id.default: Refreshing state... [id=-Wn_cLgM-8A]
module.dyn_nmap.module.cyhy_nmap_ansible_provisioner_30.random_id.default: Refreshing state... [id=bwMDgbPgCL4]
module.dyn_nmap.module.cyhy_nmap_ansible_provisioner_18.random_id.default: Refreshing state... [id=0nkE2q5U31E]
module.dyn_nmap.module.cyhy_nmap_ansible_provisioner_13.random_id.default: Refreshing state... [id=Q7P0stgHAsQ]
module.dyn_nmap.module.cyhy_nmap_ansible_provisioner_48.random_id.default: Refreshing state... [id=HpzCzW1ARCQ]
module.cyhy_dashboard_ansible_provisioner.random_id.default: Refreshing state... [id=_mv6CIJjjBM]
module.dyn_nmap.module.cyhy_nmap_ansible_provisioner_37.random_id.default: Refreshing state... [id=eQgEZNZT36E]
module.dyn_nmap.module.cyhy_nmap_ansible_provisioner_24.random_id.default: Refreshing state... [id=3DMiabRcQA8]
module.dyn_nmap.module.cyhy_nmap_ansible_provisioner_6.random_id.default: Refreshing state... [id=y9ZY9VCgaVw]
module.dyn_nmap.module.cyhy_nmap_ansible_provisioner_28.random_id.default: Refreshing state... [id=-QXGeD8kY0g]
module.dyn_nmap.module.cyhy_nmap_ansible_provisioner_57.random_id.default: Refreshing state... [id=NQQ8fZfI04M]
module.dyn_nmap.module.cyhy_nmap_ansible_provisioner_14.random_id.default: Refreshing state... [id=oHPoAn3QHPk]
module.dyn_nmap.module.cyhy_nmap_ansible_provisioner_43.random_id.default: Refreshing state... [id=Rb2YVFoiZdM]
module.dyn_nmap.module.cyhy_nmap_ansible_provisioner_55.random_id.default: Refreshing state... [id=wpNzprD_sf0]
module.dyn_nmap.module.cyhy_nmap_ansible_provisioner_40.random_id.default: Refreshing state... [id=lNT1fJ_X21s]
module.dyn_nmap.module.cyhy_nmap_ansible_provisioner_34.random_id.default: Refreshing state... [id=2yYaRjAM-50]
module.dyn_nmap.module.cyhy_nmap_ansible_provisioner_42.random_id.default: Refreshing state... [id=0ZTmWF3yKQ4]
module.dyn_nmap.module.cyhy_nmap_ansible_provisioner_44.random_id.default: Refreshing state... [id=nl5U4c9nxSo]
module.dyn_nmap.module.cyhy_nmap_ansible_provisioner_1.random_id.default: Refreshing state... [id=keufu-7Y5kU]
module.dyn_nmap.module.cyhy_nmap_ansible_provisioner_56.random_id.default: Refreshing state... [id=0HEK7DgkoyE]
module.dyn_nmap.module.cyhy_nmap_ansible_provisioner_27.random_id.default: Refreshing state... [id=1FjVaateXVY]
module.dyn_nmap.module.cyhy_nmap_ansible_provisioner_7.random_id.default: Refreshing state... [id=q1GuO2Jiz-Q]
module.dyn_nmap.module.cyhy_nmap_ansible_provisioner_46.random_id.default: Refreshing state... [id=FoucsrQ2ulc]
module.dyn_nmap.module.cyhy_nmap_ansible_provisioner_51.random_id.default: Refreshing state... [id=VDX-5Jpu-sU]
module.dyn_nessus.module.cyhy_nessus_ansible_provisioner_1.random_id.default: Refreshing state... [id=1b0H7lXQbXI]
module.dyn_nmap.module.cyhy_nmap_ansible_provisioner_4.random_id.default: Refreshing state... [id=HdCrsfexNx0]
module.dyn_nmap.module.cyhy_nmap_ansible_provisioner_59.random_id.default: Refreshing state... [id=TyxIMoWWkfM]
module.dyn_nmap.module.cyhy_nmap_ansible_provisioner_0.random_id.default: Refreshing state... [id=6SGoepSTA6M]
module.dyn_nmap.module.cyhy_nmap_ansible_provisioner_33.random_id.default: Refreshing state... [id=KG3I4SwGr2A]
module.dyn_nmap.module.cyhy_nmap_ansible_provisioner_12.random_id.default: Refreshing state... [id=HtJXc-aSCgc]
module.dyn_nmap.module.cyhy_nmap_ansible_provisioner_61.random_id.default: Refreshing state... [id=DmjVL6qMG5c]
module.dyn_nmap.module.cyhy_nmap_ansible_provisioner_49.random_id.default: Refreshing state... [id=tQU2VLg3NCI]
module.dyn_nmap.module.cyhy_nmap_ansible_provisioner_26.random_id.default: Refreshing state... [id=WWqz8TYY_lA]
module.dyn_nmap.module.cyhy_nmap_ansible_provisioner_52.random_id.default: Refreshing state... [id=KHYE-Ts_ylc]
module.cyhy_mongo_ansible_provisioner.random_id.default: Refreshing state... [id=1tWkkh1rqXk]
module.dyn_nmap.module.cyhy_nmap_ansible_provisioner_47.random_id.default: Refreshing state... [id=3bZ72dpP0dI]
module.dyn_nmap.module.cyhy_nmap_ansible_provisioner_22.random_id.default: Refreshing state... [id=kpSu_YIJUGI]
module.dyn_nmap.module.cyhy_nmap_ansible_provisioner_54.random_id.default: Refreshing state... [id=tKB5swkG9Lw]
module.dyn_nmap.module.cyhy_nmap_ansible_provisioner_63.random_id.default: Refreshing state... [id=In1IWvKqz6w]
module.bod_docker_ansible_provisioner.random_id.default: Refreshing state... [id=68pymOZap9A]
module.dyn_nmap.module.cyhy_nmap_ansible_provisioner_58.random_id.default: Refreshing state... [id=0QstSjL4utk]
module.dyn_nmap.module.cyhy_nmap_ansible_provisioner_39.random_id.default: Refreshing state... [id=odRNK9-NH5E]
module.dyn_nmap.module.cyhy_nmap_ansible_provisioner_20.random_id.default: Refreshing state... [id=0I6HJkelDYQ]
module.cyhy_reporter_ansible_provisioner.random_id.default: Refreshing state... [id=Rs1oMH5HeKw]
module.dyn_nmap.module.cyhy_nmap_ansible_provisioner_10.random_id.default: Refreshing state... [id=8XLXebqPn64]
module.dyn_nmap.module.cyhy_nmap_ansible_provisioner_50.random_id.default: Refreshing state... [id=-cbWC9MLBs0]
module.dyn_nmap.module.cyhy_nmap_ansible_provisioner_5.data.archive_file.default: Refreshing state...
data.template_cloudinit_config.ssh_and_pnnl_cloud_init_tasks: Refreshing state...
module.dyn_nmap.module.cyhy_nmap_ansible_provisioner_21.data.archive_file.default: Refreshing state...
module.dyn_nmap.module.cyhy_nmap_ansible_provisioner_36.data.archive_file.default: Refreshing state...
module.dyn_nessus.module.cyhy_nessus_ansible_provisioner_2.data.archive_file.default: Refreshing state...
data.template_cloudinit_config.ssh_cloud_init_tasks: Refreshing state...
data.template_cloudinit_config.cyhy_ssh_cloud_init_tasks: Refreshing state...
data.template_cloudinit_config.ssh_and_reporter_cloud_init_tasks: Refreshing state...
data.template_cloudinit_config.ssh_and_docker_cloud_init_tasks: Refreshing state...
module.dyn_nessus.module.cyhy_nessus_ansible_provisioner_0.data.archive_file.default: Refreshing state...
module.dyn_nmap.module.cyhy_nmap_ansible_provisioner_41.data.archive_file.default: Refreshing state...
data.template_cloudinit_config.ssh_and_nmap_cyhy_runner_cloud_init_tasks: Refreshing state...
data.template_cloudinit_config.ssh_and_nessus_cyhy_runner_cloud_init_tasks: Refreshing state...
data.template_cloudinit_config.ssh_and_mongo_cloud_init_tasks: Refreshing state...
module.dyn_nmap.module.cyhy_nmap_ansible_provisioner_29.data.archive_file.default: Refreshing state...
module.dyn_nmap.module.cyhy_nmap_ansible_provisioner_3.data.archive_file.default: Refreshing state...
module.dyn_nmap.module.cyhy_nmap_ansible_provisioner_2.data.archive_file.default: Refreshing state...
module.dyn_nmap.module.cyhy_nmap_ansible_provisioner_23.data.archive_file.default: Refreshing state...
module.dyn_nmap.module.cyhy_nmap_ansible_provisioner_31.data.archive_file.default: Refreshing state...
module.dyn_nmap.module.cyhy_nmap_ansible_provisioner_35.data.archive_file.default: Refreshing state...
module.dyn_nmap.module.cyhy_nmap_ansible_provisioner_15.data.archive_file.default: Refreshing state...
module.dyn_nmap.module.cyhy_nmap_ansible_provisioner_13.data.archive_file.default: Refreshing state...
module.dyn_nmap.module.cyhy_nmap_ansible_provisioner_9.data.archive_file.default: Refreshing state...
module.dyn_nmap.module.cyhy_nmap_ansible_provisioner_25.data.archive_file.default: Refreshing state...
module.dyn_nmap.module.cyhy_nmap_ansible_provisioner_11.data.archive_file.default: Refreshing state...
module.dyn_nmap.module.cyhy_nmap_ansible_provisioner_38.data.archive_file.default: Refreshing state...
module.dyn_nmap.module.cyhy_nmap_ansible_provisioner_45.data.archive_file.default: Refreshing state...
module.dyn_nmap.module.cyhy_nmap_ansible_provisioner_62.data.archive_file.default: Refreshing state...
module.dyn_nmap.module.cyhy_nmap_ansible_provisioner_8.data.archive_file.default: Refreshing state...
module.dyn_nmap.module.cyhy_nmap_ansible_provisioner_16.data.archive_file.default: Refreshing state...
module.dyn_nmap.module.cyhy_nmap_ansible_provisioner_17.data.archive_file.default: Refreshing state...
module.dyn_nmap.module.cyhy_nmap_ansible_provisioner_32.data.archive_file.default: Refreshing state...
module.dyn_nmap.module.cyhy_nmap_ansible_provisioner_55.data.archive_file.default: Refreshing state...
module.dyn_nmap.module.cyhy_nmap_ansible_provisioner_19.data.archive_file.default: Refreshing state...
module.dyn_nmap.module.cyhy_nmap_ansible_provisioner_53.data.archive_file.default: Refreshing state...
module.dyn_nmap.module.cyhy_nmap_ansible_provisioner_18.data.archive_file.default: Refreshing state...
module.cyhy_bastion_ansible_provisioner.data.archive_file.default: Refreshing state...
module.dyn_nmap.module.cyhy_nmap_ansible_provisioner_30.data.archive_file.default: Refreshing state...
module.dyn_nmap.module.cyhy_nmap_ansible_provisioner_48.data.archive_file.default: Refreshing state...
module.dyn_nmap.module.cyhy_nmap_ansible_provisioner_60.data.archive_file.default: Refreshing state...
module.dyn_nmap.module.cyhy_nmap_ansible_provisioner_24.data.archive_file.default: Refreshing state...
module.dyn_nmap.module.cyhy_nmap_ansible_provisioner_43.data.archive_file.default: Refreshing state...
module.dyn_nmap.module.cyhy_nmap_ansible_provisioner_40.data.archive_file.default: Refreshing state...
module.cyhy_dashboard_ansible_provisioner.data.archive_file.default: Refreshing state...
module.dyn_nmap.module.cyhy_nmap_ansible_provisioner_28.data.archive_file.default: Refreshing state...
module.dyn_nmap.module.cyhy_nmap_ansible_provisioner_6.data.archive_file.default: Refreshing state...
module.dyn_nmap.module.cyhy_nmap_ansible_provisioner_37.data.archive_file.default: Refreshing state...
module.dyn_nmap.module.cyhy_nmap_ansible_provisioner_14.data.archive_file.default: Refreshing state...
module.dyn_nmap.module.cyhy_nmap_ansible_provisioner_57.data.archive_file.default: Refreshing state...
module.dyn_nmap.module.cyhy_nmap_ansible_provisioner_44.data.archive_file.default: Refreshing state...
module.dyn_nmap.module.cyhy_nmap_ansible_provisioner_0.data.archive_file.default: Refreshing state...
module.dyn_nmap.module.cyhy_nmap_ansible_provisioner_7.data.archive_file.default: Refreshing state...
module.dyn_nmap.module.cyhy_nmap_ansible_provisioner_1.data.archive_file.default: Refreshing state...
module.dyn_nmap.module.cyhy_nmap_ansible_provisioner_34.data.archive_file.default: Refreshing state...
module.dyn_nmap.module.cyhy_nmap_ansible_provisioner_56.data.archive_file.default: Refreshing state...
module.dyn_nmap.module.cyhy_nmap_ansible_provisioner_42.data.archive_file.default: Refreshing state...
module.dyn_nmap.module.cyhy_nmap_ansible_provisioner_27.data.archive_file.default: Refreshing state...
module.dyn_nmap.module.cyhy_nmap_ansible_provisioner_46.data.archive_file.default: Refreshing state...
module.dyn_nmap.module.cyhy_nmap_ansible_provisioner_51.data.archive_file.default: Refreshing state...
module.dyn_nmap.module.cyhy_nmap_ansible_provisioner_4.data.archive_file.default: Refreshing state...
module.dyn_nessus.module.cyhy_nessus_ansible_provisioner_1.data.archive_file.default: Refreshing state...
module.dyn_nmap.module.cyhy_nmap_ansible_provisioner_12.data.archive_file.default: Refreshing state...
module.dyn_nmap.module.cyhy_nmap_ansible_provisioner_59.data.archive_file.default: Refreshing state...
module.cyhy_mongo_ansible_provisioner.data.archive_file.default: Refreshing state...
module.dyn_nmap.module.cyhy_nmap_ansible_provisioner_33.data.archive_file.default: Refreshing state...
module.dyn_nmap.module.cyhy_nmap_ansible_provisioner_49.data.archive_file.default: Refreshing state...
module.dyn_nmap.module.cyhy_nmap_ansible_provisioner_26.data.archive_file.default: Refreshing state...
module.dyn_nmap.module.cyhy_nmap_ansible_provisioner_61.data.archive_file.default: Refreshing state...
module.dyn_nmap.module.cyhy_nmap_ansible_provisioner_63.data.archive_file.default: Refreshing state...
module.dyn_nmap.module.cyhy_nmap_ansible_provisioner_54.data.archive_file.default: Refreshing state...
module.dyn_nmap.module.cyhy_nmap_ansible_provisioner_52.data.archive_file.default: Refreshing state...
module.dyn_nmap.module.cyhy_nmap_ansible_provisioner_47.data.archive_file.default: Refreshing state...
module.dyn_nmap.module.cyhy_nmap_ansible_provisioner_10.data.archive_file.default: Refreshing state...
module.dyn_nmap.module.cyhy_nmap_ansible_provisioner_22.data.archive_file.default: Refreshing state...
module.dyn_nmap.module.cyhy_nmap_ansible_provisioner_58.data.archive_file.default: Refreshing state...
module.bod_docker_ansible_provisioner.data.archive_file.default: Refreshing state...
module.dyn_nmap.module.cyhy_nmap_ansible_provisioner_39.data.archive_file.default: Refreshing state...
module.dyn_nmap.module.cyhy_nmap_ansible_provisioner_50.data.archive_file.default: Refreshing state...
module.cyhy_reporter_ansible_provisioner.data.archive_file.default: Refreshing state...
module.dyn_nmap.module.cyhy_nmap_ansible_provisioner_20.data.archive_file.default: Refreshing state...
module.dyn_nmap.module.cyhy_nmap_ansible_provisioner_41.null_resource.cleanup: Refreshing state... [id=6817175899530205815]
module.dyn_nmap.module.cyhy_nmap_ansible_provisioner_21.null_resource.cleanup: Refreshing state... [id=6399974109415440345]
module.dyn_nessus.module.cyhy_nessus_ansible_provisioner_2.null_resource.cleanup: Refreshing state... [id=5405399821123744790]
module.dyn_nmap.module.cyhy_nmap_ansible_provisioner_36.null_resource.cleanup: Refreshing state... [id=5711928692512040155]
module.dyn_nmap.module.cyhy_nmap_ansible_provisioner_29.null_resource.cleanup: Refreshing state... [id=8282441645845183165]
module.dyn_nmap.module.cyhy_nmap_ansible_provisioner_5.null_resource.cleanup: Refreshing state... [id=7893290500806218237]
module.dyn_nessus.module.cyhy_nessus_ansible_provisioner_0.null_resource.cleanup: Refreshing state... [id=4092759140654410035]
module.dyn_nmap.module.cyhy_nmap_ansible_provisioner_3.null_resource.cleanup: Refreshing state... [id=5939129335419111858]
module.dyn_nmap.module.cyhy_nmap_ansible_provisioner_2.null_resource.cleanup: Refreshing state... [id=6139595861158003962]
module.dyn_nmap.module.cyhy_nmap_ansible_provisioner_23.null_resource.cleanup: Refreshing state... [id=4399561003452767427]
module.dyn_nmap.module.cyhy_nmap_ansible_provisioner_31.null_resource.cleanup: Refreshing state... [id=67570251316073768]
module.dyn_nmap.module.cyhy_nmap_ansible_provisioner_35.null_resource.cleanup: Refreshing state... [id=165297318019800825]
module.dyn_nmap.module.cyhy_nmap_ansible_provisioner_15.null_resource.cleanup: Refreshing state... [id=1615605909967881207]
module.dyn_nmap.module.cyhy_nmap_ansible_provisioner_9.null_resource.cleanup: Refreshing state... [id=4120741711622686895]
module.dyn_nmap.module.cyhy_nmap_ansible_provisioner_13.null_resource.cleanup: Refreshing state... [id=3897963681032025820]
module.dyn_nmap.module.cyhy_nmap_ansible_provisioner_11.null_resource.cleanup: Refreshing state... [id=1532860785016631226]
module.dyn_nmap.module.cyhy_nmap_ansible_provisioner_62.null_resource.cleanup: Refreshing state... [id=5111662888554816894]
module.dyn_nmap.module.cyhy_nmap_ansible_provisioner_45.null_resource.cleanup: Refreshing state... [id=5779478100606993420]
module.dyn_nmap.module.cyhy_nmap_ansible_provisioner_25.null_resource.cleanup: Refreshing state... [id=532012326294541225]
module.dyn_nmap.module.cyhy_nmap_ansible_provisioner_38.null_resource.cleanup: Refreshing state... [id=5601292959500901633]
module.dyn_nmap.module.cyhy_nmap_ansible_provisioner_8.null_resource.cleanup: Refreshing state... [id=594914954750419986]
module.dyn_nmap.module.cyhy_nmap_ansible_provisioner_16.null_resource.cleanup: Refreshing state... [id=3741695587114265117]
module.dyn_nmap.module.cyhy_nmap_ansible_provisioner_32.null_resource.cleanup: Refreshing state... [id=1843353256490048202]
module.dyn_nmap.module.cyhy_nmap_ansible_provisioner_17.null_resource.cleanup: Refreshing state... [id=2220878348335458356]
module.dyn_nmap.module.cyhy_nmap_ansible_provisioner_55.null_resource.cleanup: Refreshing state... [id=7292340654988550313]
module.dyn_nmap.module.cyhy_nmap_ansible_provisioner_19.null_resource.cleanup: Refreshing state... [id=776078930657809630]
module.dyn_nmap.module.cyhy_nmap_ansible_provisioner_53.null_resource.cleanup: Refreshing state... [id=4363421442911232362]
module.cyhy_bastion_ansible_provisioner.null_resource.cleanup: Refreshing state... [id=5355902493554995093]
module.dyn_nmap.module.cyhy_nmap_ansible_provisioner_18.null_resource.cleanup: Refreshing state... [id=2108844683557693263]
module.dyn_nmap.module.cyhy_nmap_ansible_provisioner_30.null_resource.cleanup: Refreshing state... [id=855897009477359493]
module.dyn_nmap.module.cyhy_nmap_ansible_provisioner_60.null_resource.cleanup: Refreshing state... [id=2305220368476909058]
module.dyn_nmap.module.cyhy_nmap_ansible_provisioner_48.null_resource.cleanup: Refreshing state... [id=1966777202763368603]
module.dyn_nmap.module.cyhy_nmap_ansible_provisioner_40.null_resource.cleanup: Refreshing state... [id=8770647405083924906]
module.dyn_nmap.module.cyhy_nmap_ansible_provisioner_43.null_resource.cleanup: Refreshing state... [id=9140317446279466375]
module.cyhy_dashboard_ansible_provisioner.null_resource.cleanup: Refreshing state... [id=5381039085848056827]
module.dyn_nmap.module.cyhy_nmap_ansible_provisioner_24.null_resource.cleanup: Refreshing state... [id=2869622840764111997]
module.dyn_nmap.module.cyhy_nmap_ansible_provisioner_37.null_resource.cleanup: Refreshing state... [id=1114293708160022001]
module.dyn_nmap.module.cyhy_nmap_ansible_provisioner_28.null_resource.cleanup: Refreshing state... [id=2010871774189361025]
module.dyn_nmap.module.cyhy_nmap_ansible_provisioner_6.null_resource.cleanup: Refreshing state... [id=7958084306661286112]
module.dyn_nmap.module.cyhy_nmap_ansible_provisioner_57.null_resource.cleanup: Refreshing state... [id=6904023664959854390]
module.dyn_nmap.module.cyhy_nmap_ansible_provisioner_14.null_resource.cleanup: Refreshing state... [id=4949858172491972092]
module.dyn_nmap.module.cyhy_nmap_ansible_provisioner_0.null_resource.cleanup: Refreshing state... [id=6950845590894963076]
module.dyn_nmap.module.cyhy_nmap_ansible_provisioner_44.null_resource.cleanup: Refreshing state... [id=2367947940987769746]
module.dyn_nmap.module.cyhy_nmap_ansible_provisioner_7.null_resource.cleanup: Refreshing state... [id=7994706073272254760]
module.dyn_nmap.module.cyhy_nmap_ansible_provisioner_1.null_resource.cleanup: Refreshing state... [id=4030419263705951767]
module.dyn_nmap.module.cyhy_nmap_ansible_provisioner_42.null_resource.cleanup: Refreshing state... [id=714735432626880171]
module.dyn_nmap.module.cyhy_nmap_ansible_provisioner_27.null_resource.cleanup: Refreshing state... [id=267597916596287465]
module.dyn_nmap.module.cyhy_nmap_ansible_provisioner_34.null_resource.cleanup: Refreshing state... [id=4854839483029416026]
module.dyn_nmap.module.cyhy_nmap_ansible_provisioner_51.null_resource.cleanup: Refreshing state... [id=5719011104520312077]
module.dyn_nmap.module.cyhy_nmap_ansible_provisioner_56.null_resource.cleanup: Refreshing state... [id=4246523679112715773]
module.dyn_nmap.module.cyhy_nmap_ansible_provisioner_46.null_resource.cleanup: Refreshing state... [id=1218034600277574375]
module.dyn_nmap.module.cyhy_nmap_ansible_provisioner_4.null_resource.cleanup: Refreshing state... [id=6885019975913738227]
module.dyn_nessus.module.cyhy_nessus_ansible_provisioner_1.null_resource.cleanup: Refreshing state... [id=2115355595504858903]
module.dyn_nmap.module.cyhy_nmap_ansible_provisioner_12.null_resource.cleanup: Refreshing state... [id=5220634026220947778]
module.cyhy_mongo_ansible_provisioner.null_resource.cleanup: Refreshing state... [id=7117092149842976053]
module.dyn_nmap.module.cyhy_nmap_ansible_provisioner_33.null_resource.cleanup: Refreshing state... [id=1879721172690654818]
module.dyn_nmap.module.cyhy_nmap_ansible_provisioner_59.null_resource.cleanup: Refreshing state... [id=7049005341788517953]
module.dyn_nmap.module.cyhy_nmap_ansible_provisioner_26.null_resource.cleanup: Refreshing state... [id=8189732179776895326]
module.dyn_nmap.module.cyhy_nmap_ansible_provisioner_49.null_resource.cleanup: Refreshing state... [id=5014779560491003936]
module.dyn_nmap.module.cyhy_nmap_ansible_provisioner_61.null_resource.cleanup: Refreshing state... [id=8436483372442137793]
module.dyn_nmap.module.cyhy_nmap_ansible_provisioner_63.null_resource.cleanup: Refreshing state... [id=4401957682434873092]
module.dyn_nmap.module.cyhy_nmap_ansible_provisioner_52.null_resource.cleanup: Refreshing state... [id=7092340847346988439]
module.dyn_nmap.module.cyhy_nmap_ansible_provisioner_47.null_resource.cleanup: Refreshing state... [id=760111763644365197]
module.dyn_nmap.module.cyhy_nmap_ansible_provisioner_10.null_resource.cleanup: Refreshing state... [id=7045612558255493004]
module.dyn_nmap.module.cyhy_nmap_ansible_provisioner_54.null_resource.cleanup: Refreshing state... [id=9066428362934610325]
module.dyn_nmap.module.cyhy_nmap_ansible_provisioner_58.null_resource.cleanup: Refreshing state... [id=8500003909852702700]
module.dyn_nmap.module.cyhy_nmap_ansible_provisioner_39.null_resource.cleanup: Refreshing state... [id=8287341641194228282]
module.dyn_nmap.module.cyhy_nmap_ansible_provisioner_22.null_resource.cleanup: Refreshing state... [id=3414697062861974568]
module.bod_docker_ansible_provisioner.null_resource.cleanup: Refreshing state... [id=1886292894304387932]
module.cyhy_reporter_ansible_provisioner.null_resource.cleanup: Refreshing state... [id=7314621660961887202]
module.dyn_nmap.module.cyhy_nmap_ansible_provisioner_20.null_resource.cleanup: Refreshing state... [id=4176485736925942703]
module.dyn_nmap.module.cyhy_nmap_ansible_provisioner_50.null_resource.cleanup: Refreshing state... [id=5725114251265860308]
aws_instance.cyhy_nmap[35]: Refreshing state...
aws_instance.cyhy_nmap[27]: Refreshing state...
aws_instance.cyhy_nmap[9]: Refreshing state...
aws_instance.cyhy_nmap[57]: Refreshing state...
aws_instance.cyhy_nmap[14]: Refreshing state...
aws_instance.bod_docker: Refreshing state...
aws_instance.cyhy_nessus[2]: Refreshing state...
aws_instance.cyhy_nmap[39]: Refreshing state...
aws_instance.cyhy_nmap[13]: Refreshing state...
aws_instance.cyhy_nmap[29]: Refreshing state...
aws_instance.cyhy_nmap[21]: Refreshing state...
aws_instance.cyhy_nmap[3]: Refreshing state...
aws_instance.cyhy_nmap[31]: Refreshing state...
aws_instance.cyhy_nmap[6]: Refreshing state...
aws_instance.cyhy_nmap[20]: Refreshing state...
aws_instance.cyhy_nmap[25]: Refreshing state...
aws_instance.cyhy_nmap[36]: Refreshing state...
aws_instance.cyhy_nmap[24]: Refreshing state...
aws_instance.cyhy_nmap[55]: Refreshing state...
aws_instance.cyhy_nmap[52]: Refreshing state...
aws_instance.cyhy_nessus[1]: Refreshing state...
aws_instance.cyhy_nmap[23]: Refreshing state...
aws_instance.cyhy_nmap[2]: Refreshing state...
aws_instance.cyhy_nmap[41]: Refreshing state...
aws_instance.cyhy_nmap[10]: Refreshing state...
aws_instance.cyhy_nmap[22]: Refreshing state...
aws_instance.cyhy_nmap[33]: Refreshing state...
aws_instance.cyhy_nmap[37]: Refreshing state...
aws_instance.cyhy_nmap[49]: Refreshing state...
aws_instance.cyhy_nmap[51]: Refreshing state...
aws_instance.cyhy_nmap[48]: Refreshing state...
aws_instance.cyhy_nmap[15]: Refreshing state...
aws_instance.cyhy_nmap[8]: Refreshing state...
aws_instance.cyhy_nmap[44]: Refreshing state...
aws_instance.cyhy_nmap[61]: Refreshing state...
aws_instance.cyhy_nmap[18]: Refreshing state...
aws_instance.cyhy_nmap[43]: Refreshing state...
aws_instance.cyhy_nessus[0]: Refreshing state...
aws_instance.cyhy_nmap[30]: Refreshing state...
aws_ebs_volume.cyhy_mongo_log: Refreshing state... [id=vol-05405a74310662cdb]
aws_instance.cyhy_nmap[19]: Refreshing state...
aws_instance.cyhy_nmap[32]: Refreshing state...
aws_instance.cyhy_nmap[60]: Refreshing state...
aws_instance.cyhy_nmap[53]: Refreshing state...
aws_instance.cyhy_nmap[40]: Refreshing state...
aws_instance.cyhy_nmap[62]: Refreshing state...
aws_instance.cyhy_nmap[63]: Refreshing state...
aws_instance.cyhy_nmap[56]: Refreshing state...
aws_instance.cyhy_nmap[17]: Refreshing state...
aws_instance.cyhy_reporter: Refreshing state...
aws_instance.cyhy_nmap[38]: Refreshing state...
aws_instance.cyhy_nmap[59]: Refreshing state...
aws_instance.cyhy_nmap[54]: Refreshing state...
aws_instance.cyhy_nmap[5]: Refreshing state...
aws_instance.cyhy_nmap[7]: Refreshing state...
aws_instance.cyhy_nmap[46]: Refreshing state...
aws_instance.cyhy_nmap[1]: Refreshing state...
aws_instance.cyhy_nmap[16]: Refreshing state...
aws_instance.cyhy_nmap[47]: Refreshing state...
aws_instance.cyhy_nmap[34]: Refreshing state...
aws_instance.cyhy_nmap[26]: Refreshing state...
aws_instance.cyhy_nmap[28]: Refreshing state...
aws_instance.cyhy_nmap[4]: Refreshing state...
aws_instance.cyhy_nmap[45]: Refreshing state...
aws_ebs_volume.cyhy_reporter_data: Refreshing state... [id=vol-08ed440fca445f2fd]
aws_instance.cyhy_nmap[0]: Refreshing state...
data.aws_availability_zones.all: Refreshing state...
data.aws_caller_identity.current: Refreshing state...
data.aws_iam_policy_document.ses_cyhy_reporter_doc: Refreshing state...
data.aws_iam_policy_document.cyhy_reporter_assume_role_doc: Refreshing state...
data.aws_iam_policy_document.adi_lambda_ec2_doc: Refreshing state...
data.aws_route53_zone.bod_public_zone: Refreshing state...
data.aws_iam_policy_document.lambda_assume_role_doc: Refreshing state...
aws_s3_bucket.cyhy_archive: Refreshing state... [id=ncats-cyhy-archive-prod-a]
data.aws_route53_zone.cyhy_public_zone: Refreshing state...
aws_ebs_volume.cyhy_mongo_data: Refreshing state... [id=vol-018e4dee83104534f]
data.aws_iam_policy_document.cyhy_mongo_assume_role_doc: Refreshing state...
aws_s3_bucket.moe_bucket: Refreshing state... [id=ncats-moe-data]
data.aws_s3_bucket.assessment_data: Refreshing state...
data.aws_iam_policy_document.lambda_ec2_docs[0]: Refreshing state...
data.aws_iam_policy_document.lambda_ec2_docs[1]: Refreshing state...
data.aws_iam_policy_document.lambda_ec2_docs[2]: Refreshing state...
aws_vpc.bod_vpc: Refreshing state... [id=vpc-08494cf8ad12dcefa]
data.aws_iam_policy_document.es_bod_docker_doc: Refreshing state...
data.aws_s3_bucket.adi_lambda: Refreshing state...
data.aws_iam_policy_document.adi_lambda_assume_role_doc: Refreshing state...
data.aws_iam_policy_document.ses_bod_docker_doc: Refreshing state...
aws_ebs_volume.bod_report_data: Refreshing state... [id=vol-0da411d2971c8e4b1]
aws_vpc.cyhy_vpc: Refreshing state... [id=vpc-0a0ceebad4bdf5856]
aws_ebs_volume.cyhy_mongo_journal: Refreshing state... [id=vol-048503ba570e0c428]
aws_vpc_dhcp_options.bod_dhcp_options: Refreshing state... [id=dopt-075b6c61075d5a724]
data.aws_eip.bod_production_eip[0]: Refreshing state...
data.aws_iam_policy_document.bod_docker_assume_role_doc: Refreshing state...
aws_vpc_dhcp_options.cyhy_dhcp_options: Refreshing state... [id=dopt-021884fe40cce13a3]
data.aws_iam_policy_document.cyhy_pnnl_assume_role_doc: Refreshing state...
data.aws_iam_policy_document.es_cyhy_mongo_doc: Refreshing state...
aws_iam_role.cyhy_reporter_role: Refreshing state... [id=terraform-20190228230726242100000001]
aws_iam_role.lambda_roles[1]: Refreshing state... [id=terraform-20190228213148873200000002]
aws_iam_role.lambda_roles[0]: Refreshing state... [id=terraform-20190228213149212100000005]
aws_iam_role.lambda_roles[2]: Refreshing state... [id=terraform-20190228213149105400000003]
aws_iam_role.cyhy_mongo_role: Refreshing state... [id=terraform-20190314172459519100000001]
data.aws_ami.bod_docker: Refreshing state...
data.aws_ami.nessus: Refreshing state...
data.aws_ami.nmap: Refreshing state...
data.aws_ami.cyhy_pnnl: Refreshing state...
data.aws_ami.cyhy_mongo: Refreshing state...
data.aws_ami.reporter: Refreshing state...
data.aws_ami.dashboard: Refreshing state...
data.aws_ami.bastion: Refreshing state...
data.aws_iam_policy_document.adi_lambda_ssm_doc: Refreshing state...
aws_iam_role.adi_lambda_role: Refreshing state... [id=terraform-20190513202256676700000001]
data.aws_iam_policy_document.adi_lambda_s3_doc: Refreshing state...
aws_iam_role.bod_docker_role: Refreshing state... [id=terraform-20190228213148872100000001]
aws_iam_role_policy.ses_cyhy_reporter_policy: Refreshing state... [id=terraform-20190228230726242100000001:terraform-20190228230728152100000002]
aws_iam_instance_profile.cyhy_reporter: Refreshing state... [id=terraform-20190228230728251000000003]
aws_iam_role_policy.es_cyhy_mongo_policy: Refreshing state... [id=terraform-20190314172459519100000001:terraform-20190314172500532900000002]
aws_iam_instance_profile.cyhy_mongo: Refreshing state... [id=terraform-20190314172500801700000004]
aws_iam_role_policy.lambda_ec2_policies[1]: Refreshing state... [id=terraform-20190228213148873200000002:terraform-20190228215118484100000002]
aws_iam_role_policy.lambda_ec2_policies[2]: Refreshing state... [id=terraform-20190228213149105400000003:terraform-20190228215118483400000001]
aws_iam_role_policy.lambda_ec2_policies[0]: Refreshing state... [id=terraform-20190228213149212100000005:terraform-20190228215118484100000003]
data.aws_iam_policy_document.s3_cyhy_archive_write_doc: Refreshing state...
data.aws_iam_policy_document.moe_read_doc: Refreshing state...
data.aws_iam_policy_document.s3_cyhy_mongo_doc: Refreshing state...
aws_iam_role_policy.adi_lambda_ssm_policy: Refreshing state... [id=terraform-20190513202256676700000001:terraform-20190513202316313200000003]
aws_iam_role_policy.adi_lambda_s3_policy: Refreshing state... [id=terraform-20190513202256676700000001:terraform-20190513202316640300000004]
aws_iam_role_policy.adi_lambda_ec2_policy: Refreshing state... [id=terraform-20190513202256676700000001:terraform-20190513202316963700000005]
aws_iam_instance_profile.bod_docker: Refreshing state... [id=terraform-20190228213149212100000004]
aws_iam_role_policy.ses_bod_docker_policy: Refreshing state... [id=terraform-20190228213148872100000001:terraform-20190228215118484100000004]
aws_iam_role_policy.es_bod_docker_policy: Refreshing state... [id=terraform-20190228213148872100000001:terraform-20190228222950829800000001]
aws_iam_role_policy.archive_cyhy_mongo_policy: Refreshing state... [id=terraform-20190314172459519100000001:terraform-20190314172500858900000005]
aws_iam_role_policy.s3_cyhy_mongo_policy: Refreshing state... [id=terraform-20190314172459519100000001:terraform-20190314172500534400000003]
aws_vpc_dhcp_options_association.bod_vpc_dhcp: Refreshing state... [id=dopt-075b6c61075d5a724-vpc-08494cf8ad12dcefa]
aws_route_table.bod_public_route_table: Refreshing state... [id=rtb-043c0986ea2f24258]
aws_internet_gateway.bod_igw: Refreshing state... [id=igw-0959678bfc2d077ea]
aws_security_group.bod_lambda_sg: Refreshing state... [id=sg-08e9d50f687f13542]
aws_default_route_table.bod_default_route_table: Refreshing state... [id=rtb-0851af4777946a7e2]
aws_security_group.bod_bastion_sg: Refreshing state... [id=sg-0674019006e99e50d]
aws_security_group.bod_docker_sg: Refreshing state... [id=sg-0b9b0bb70611c68bd]
aws_internet_gateway.cyhy_igw: Refreshing state... [id=igw-00390d1378dfc269f]
aws_vpc_peering_connection.cyhy_bod_peering_connection: Refreshing state... [id=pcx-04888af1c4e14d05f]
aws_security_group.cyhy_private_sg: Refreshing state... [id=sg-0cfaa6f945ccfc037]
aws_route53_zone.cyhy_private_zone: Refreshing state... [id=Z1UTMDRB94PS3D]
aws_subnet.cyhy_portscanner_subnet: Refreshing state... [id=subnet-0db9821b8a01a433c]
aws_default_route_table.cyhy_default_route_table: Refreshing state... [id=rtb-0eec05e5c1bdfe9f9]
aws_route53_zone.bod_private_zone: Refreshing state... [id=Z2NB4DYGCEWIKP]
aws_vpc_dhcp_options_association.cyhy_vpc_dhcp: Refreshing state... [id=dopt-021884fe40cce13a3-vpc-0a0ceebad4bdf5856]
aws_route_table.cyhy_private_route_table: Refreshing state... [id=rtb-0da60605476f10ec4]
aws_security_group.cyhy_scanner_sg: Refreshing state... [id=sg-029439466bf588b86]
aws_security_group.cyhy_bastion_sg: Refreshing state... [id=sg-05b6648e4d824163e]
aws_subnet.cyhy_vulnscanner_subnet: Refreshing state... [id=subnet-0b41795e7bd7e5e92]
aws_security_group.adi_lambda_sg: Refreshing state... [id=sg-0b8873e798e0300ea]
aws_vpc_peering_connection_options.cyhy_bod_peering_connection: Refreshing state... [id=pcx-04888af1c4e14d05f]
aws_eip.cyhy_eip: Refreshing state... [id=eipalloc-06e06a13f51c5f226]
aws_subnet.cyhy_private_subnet: Refreshing state... [id=subnet-031bc030ef9bed2e0]
aws_subnet.cyhy_public_subnet: Refreshing state... [id=subnet-0f6ea7c0c07ba1186]
aws_security_group_rule.ephemeral_port_egress_anywhere: Refreshing state... [id=sgrule-2302524212]
aws_security_group_rule.docker_anywhere[2]: Refreshing state... [id=sgrule-3227401760]
aws_security_group_rule.docker_anywhere[0]: Refreshing state... [id=sgrule-473790426]
aws_security_group_rule.docker_anywhere[1]: Refreshing state... [id=sgrule-1962879776]
aws_subnet.bod_docker_subnet: Refreshing state... [id=subnet-0e5d651fbf30b373b]
aws_route.bod_public_route_external_traffic_through_internet_gateway: Refreshing state... [id=r-rtb-043c0986ea2f242581080289494]
aws_subnet.bod_lambda_subnet: Refreshing state... [id=subnet-09a96189be7cf99ec]
aws_security_group_rule.docker_ssh_ingress_from_bastion: Refreshing state... [id=sgrule-2273781822]
aws_subnet.bod_public_subnet: Refreshing state... [id=subnet-073cbfdd44ab7f72f]
aws_security_group_rule.private_https_egress_to_anywhere: Refreshing state... [id=sgrule-1496170804]
aws_security_group_rule.bastion_ssh_from_trusted: Refreshing state... [id=sgrule-2746323495]
aws_security_group_rule.bastion_ssh_to_docker: Refreshing state... [id=sgrule-100867308]
aws_security_group_rule.docker_egress_to_cyhy_private_via_mongodb: Refreshing state... [id=sgrule-2714628655]
aws_security_group_rule.private_mongodb_ingress_from_bod_docker: Refreshing state... [id=sgrule-2459662413]
aws_route.bod_route_cyhy_traffic_through_peering_connection: Refreshing state... [id=r-rtb-0851af4777946a7e23047247224]
aws_route53_zone.cyhy_scanner_zone_reverse: Refreshing state... [id=Z7UOKWD62VL8C]
aws_network_acl.cyhy_portscanner_acl: Refreshing state... [id=acl-03fad15052e828985]
aws_route.cyhy_private_route_external_traffic_through_bod_vpc_peering_connection: Refreshing state... [id=r-rtb-0da60605476f10ec41729575479]
aws_network_acl.cyhy_vulnscanner_acl: Refreshing state... [id=acl-05496f600c7fd2baf]
aws_security_group_rule.private_ssh_egress_to_scanner: Refreshing state... [id=sgrule-3463731914]
aws_security_group_rule.scanner_ingress_anywhere_tcp[1]: Refreshing state... [id=sgrule-3695923140]
aws_security_group_rule.scanner_ingress_anywhere_tcp[2]: Refreshing state... [id=sgrule-3546593993]
aws_security_group_rule.scanner_ingress_anywhere_tcp[0]: Refreshing state... [id=sgrule-1957115027]
aws_security_group_rule.scanner_ingress_anywhere_icmp: Refreshing state... [id=sgrule-3024549071]
aws_security_group_rule.scanner_ingress_anywhere_udp: Refreshing state... [id=sgrule-1496730970]
aws_security_group_rule.scanner_egress_anywhere: Refreshing state... [id=sgrule-4087631238]
aws_security_group_rule.scanner_ingress_from_private_sg_via_ssh: Refreshing state... [id=sgrule-94439993]
aws_instance.cyhy_nessus[2]: Refreshing state... [id=i-0a94d461286d6c516]
aws_instance.cyhy_nessus[1]: Refreshing state... [id=i-047e4d36c286bdde9]
aws_instance.cyhy_nessus[0]: Refreshing state... [id=i-062c456e688c31fd3]
aws_route.cyhy_default_route_external_traffic_through_internet_gateway: Refreshing state... [id=r-rtb-0eec05e5c1bdfe9f91080289494]
aws_instance.cyhy_nmap[42]: Refreshing state... [id=i-052f166ba7f6ade91]
aws_instance.cyhy_nmap[0]: Refreshing state... [id=i-013df09a7431439dd]
aws_instance.cyhy_nmap[47]: Refreshing state... [id=i-047ac88091263cb0b]
aws_instance.cyhy_nmap[56]: Refreshing state... [id=i-00f0cba5258e20cb4]
aws_instance.cyhy_nmap[4]: Refreshing state... [id=i-04a9d4fc74e8bda0c]
aws_instance.cyhy_nmap[9]: Refreshing state... [id=i-0249cbe19377c1f10]
aws_instance.cyhy_nmap[20]: Refreshing state... [id=i-0f15aed1d6cb93250]
aws_instance.cyhy_nmap[39]: Refreshing state... [id=i-0a88fac7ed6670f92]
aws_instance.cyhy_nmap[13]: Refreshing state... [id=i-0cf9184cb2d3aee39]
aws_instance.cyhy_nmap[23]: Refreshing state... [id=i-01d382cbf27ce93c9]
aws_instance.cyhy_nmap[35]: Refreshing state... [id=i-033b257e87fd9f75b]
aws_instance.cyhy_nmap[50]: Refreshing state... [id=i-031fd0db1deffcda4]
aws_instance.cyhy_nmap[26]: Refreshing state... [id=i-0c676cf657c3d885d]
aws_instance.cyhy_nmap[31]: Refreshing state... [id=i-0a5fa9229f781647f]
aws_instance.cyhy_nmap[15]: Refreshing state... [id=i-0f24d272d019b1142]
aws_instance.cyhy_nmap[54]: Refreshing state... [id=i-092678dacac9fa8db]
aws_instance.cyhy_nmap[37]: Refreshing state... [id=i-0d85c04e28fa7dca8]
aws_instance.cyhy_nmap[52]: Refreshing state... [id=i-08322cd5cdc554b97]
aws_instance.cyhy_nmap[49]: Refreshing state... [id=i-043071fc50f876d33]
aws_instance.cyhy_nmap[36]: Refreshing state... [id=i-01703f803cc47f6e5]
aws_instance.cyhy_nmap[29]: Refreshing state... [id=i-030e54fbfffea8f86]
aws_instance.cyhy_nmap[1]: Refreshing state... [id=i-0c4af846cb83571ec]
aws_instance.cyhy_nmap[41]: Refreshing state... [id=i-0fb481b1f08083341]
aws_instance.cyhy_nmap[18]: Refreshing state... [id=i-013fa15449f8f0550]
aws_instance.cyhy_nmap[48]: Refreshing state... [id=i-0d355af844fef03ef]
aws_instance.cyhy_nmap[53]: Refreshing state... [id=i-0a1f3ddc1d57bcd47]
aws_instance.cyhy_nmap[24]: Refreshing state... [id=i-03fb08f60a2581d2b]
aws_instance.cyhy_nmap[34]: Refreshing state... [id=i-0c980816cf9849762]
aws_instance.cyhy_nmap[25]: Refreshing state... [id=i-0de8fb7af0c5ec713]
aws_instance.cyhy_nmap[16]: Refreshing state... [id=i-09ed35e6cacebb451]
aws_instance.cyhy_nmap[40]: Refreshing state... [id=i-060970026d679ff12]
aws_instance.cyhy_nmap[11]: Refreshing state... [id=i-0671059a25507c03c]
aws_instance.cyhy_nmap[8]: Refreshing state... [id=i-0f21e88d727e55c11]
aws_instance.cyhy_nmap[12]: Refreshing state... [id=i-0b61c886049023bd5]
aws_instance.cyhy_nmap[58]: Refreshing state... [id=i-03710483f634f0c7d]
aws_instance.cyhy_nmap[3]: Refreshing state... [id=i-014583b06dab27838]
aws_instance.cyhy_nmap[7]: Refreshing state... [id=i-0ed74a6649510f44e]
aws_instance.cyhy_nmap[43]: Refreshing state... [id=i-02ea8888b63545b37]
aws_instance.cyhy_nmap[19]: Refreshing state... [id=i-0b3c39c53f55bb9e0]
aws_instance.cyhy_nmap[2]: Refreshing state... [id=i-0bd98030de3c2b806]
aws_instance.cyhy_nmap[28]: Refreshing state... [id=i-099b664542b34f47c]
aws_instance.cyhy_nmap[5]: Refreshing state... [id=i-049475e8d0e5003a0]
aws_instance.cyhy_nmap[51]: Refreshing state... [id=i-0268203eee54afecc]
aws_instance.cyhy_nmap[61]: Refreshing state... [id=i-07e3ef1afc013699d]
aws_instance.cyhy_nmap[63]: Refreshing state... [id=i-0e7738e7dc48e3ef3]
aws_instance.cyhy_nmap[60]: Refreshing state... [id=i-031d47ec78e195004]
aws_instance.cyhy_nmap[46]: Refreshing state... [id=i-0699268ea79076b2c]
aws_instance.cyhy_nmap[38]: Refreshing state... [id=i-060ec10c3efd74248]
aws_instance.cyhy_nmap[17]: Refreshing state... [id=i-0a567706eecfc9d68]
aws_instance.cyhy_nmap[45]: Refreshing state... [id=i-009b128c6ca05c794]
aws_instance.cyhy_nmap[10]: Refreshing state... [id=i-052754ec51b08ae96]
aws_instance.cyhy_nmap[21]: Refreshing state... [id=i-05740c6de43c263d0]
aws_instance.cyhy_nmap[32]: Refreshing state... [id=i-078b5222a4f21ee9a]
aws_instance.cyhy_nmap[30]: Refreshing state... [id=i-0b90f6cdad76c34dc]
aws_instance.cyhy_nmap[55]: Refreshing state... [id=i-091827d8dc6344510]
aws_instance.cyhy_nmap[22]: Refreshing state... [id=i-065fc7d8ab241d5d9]
aws_instance.cyhy_nmap[14]: Refreshing state... [id=i-0eee39b42cd3184eb]
aws_instance.cyhy_nmap[6]: Refreshing state... [id=i-03934a622f772ee04]
aws_instance.cyhy_nmap[57]: Refreshing state... [id=i-0453b14cef3ea5534]
aws_instance.cyhy_nmap[33]: Refreshing state... [id=i-07bf12f1097026280]
aws_instance.cyhy_nmap[27]: Refreshing state... [id=i-0a30a04d519e0a285]
aws_instance.cyhy_nmap[44]: Refreshing state... [id=i-05cc5ab9807ec81ff]
aws_instance.cyhy_nmap[59]: Refreshing state... [id=i-0d35ce7b392cbceec]
aws_instance.cyhy_nmap[62]: Refreshing state... [id=i-042d51dc76d4901a4]
aws_security_group_rule.private_webd_ingress_from_bastion: Refreshing state... [id=sgrule-2398691824]
aws_security_group_rule.private_dashboard_ingress_from_bastion: Refreshing state... [id=sgrule-2753495624]
aws_security_group_rule.bastion_egress_to_private_sg_via_ssh: Refreshing state... [id=sgrule-419361763]
aws_security_group_rule.private_mongodb_ingress_from_bastion: Refreshing state... [id=sgrule-65551459]
aws_security_group_rule.bastion_ingress_from_trusted_via_ssh: Refreshing state... [id=sgrule-1082383420]
aws_security_group_rule.scanner_ingress_from_bastion_sg[0]: Refreshing state... [id=sgrule-3449360714]
aws_security_group_rule.scanner_ingress_from_bastion_sg[1]: Refreshing state... [id=sgrule-2161057144]
aws_security_group_rule.bastion_egress_to_scanner_sg_via_trusted_ports[0]: Refreshing state... [id=sgrule-1830277111]
aws_security_group_rule.bastion_egress_to_scanner_sg_via_trusted_ports[1]: Refreshing state... [id=sgrule-2699466183]
aws_network_acl.cyhy_private_acl: Refreshing state... [id=acl-0bfa806bb1a9c11ab]
aws_route_table_association.cyhy_private_association: Refreshing state... [id=rtbassoc-03c5f4b039c41dc5c]
aws_route53_record.cyhy_reserved_A: Refreshing state... [id=Z1UTMDRB94PS3D_reserved.cyhy._A]
aws_route53_record.cyhy_ns_A: Refreshing state... [id=Z1UTMDRB94PS3D_ns.cyhy._A]
aws_route53_zone.cyhy_public_private_zone_reverse: Refreshing state... [id=Z2AINF9RNTYH7J]
aws_route53_record.cyhy_router_A: Refreshing state... [id=Z1UTMDRB94PS3D_router.cyhy._A]
aws_instance.cyhy_dashboard: Refreshing state... [id=i-0ba19535fb0f774c8]
aws_instance.cyhy_reporter: Refreshing state... [id=i-06540ef5be0779aef]
aws_instance.cyhy_mongo[0]: Refreshing state... [id=i-043928d72338d38c4]
aws_network_acl.cyhy_public_acl: Refreshing state... [id=acl-08f946f72e9a79a64]
aws_instance.cyhy_bastion: Refreshing state... [id=i-0edf90c8f04f98de7]
aws_nat_gateway.cyhy_nat_gw: Refreshing state... [id=nat-07adc1baf3479940c]
aws_lambda_function.adi_lambda: Refreshing state... [id=assessment_data_import-prod-a]
aws_security_group_rule.adi_lambda_https_egress_anywhere: Refreshing state... [id=sgrule-3710518843]
aws_security_group_rule.private_mongodb_ingress_from_adi_lambda: Refreshing state... [id=sgrule-2916173572]
aws_route53_zone.bod_private_zone_reverse: Refreshing state... [id=Z2GUINZH39NHI]
aws_instance.bod_docker: Refreshing state... [id=i-02377c0c2c73e7c68]
aws_network_acl.bod_docker_acl: Refreshing state... [id=acl-0ccb2ae26673cfc19]
aws_security_group_rule.lambda_anywhere[4]: Refreshing state... [id=sgrule-3837465460]
aws_security_group_rule.lambda_anywhere[0]: Refreshing state... [id=sgrule-3772987409]
aws_security_group_rule.lambda_anywhere[1]: Refreshing state... [id=sgrule-2733200294]
aws_security_group_rule.lambda_anywhere[3]: Refreshing state... [id=sgrule-2023372669]
aws_security_group_rule.lambda_anywhere[2]: Refreshing state... [id=sgrule-4082708213]
aws_network_acl.bod_lambda_acl: Refreshing state... [id=acl-01a96d0a2367192f4]
aws_lambda_function.lambdas[2]: Refreshing state... [id=task_trustymail]
aws_lambda_function.lambdas[0]: Refreshing state... [id=task_pshtt]
aws_lambda_function.lambdas[1]: Refreshing state... [id=task_sslyze]
aws_route53_record.bod_reserved_A: Refreshing state... [id=Z2NB4DYGCEWIKP_reserved.bod._A]
aws_route_table_association.bod_association: Refreshing state... [id=rtbassoc-0b077d08daf7d152d]
aws_instance.bod_bastion: Refreshing state... [id=i-0cc65ffeaaa72c68d]
aws_route53_record.bod_ns_A: Refreshing state... [id=Z2NB4DYGCEWIKP_ns.bod._A]
aws_route53_record.bod_router_A: Refreshing state... [id=Z2NB4DYGCEWIKP_router.bod._A]
aws_route53_zone.bod_public_zone_reverse: Refreshing state... [id=Z241T72GQSZK4G]
aws_network_acl.bod_public_acl: Refreshing state... [id=acl-028c31e0a1b550987]
aws_nat_gateway.bod_nat_gw: Refreshing state... [id=nat-030151e64d79f9348]
aws_network_acl_rule.portscanner_egress_to_anywhere_via_any_port: Refreshing state... [id=nacl-2354046439]
aws_network_acl_rule.portscanner_ingress_from_anywhere_via_ephemeral_ports[1]: Refreshing state... [id=nacl-1433067369]
aws_network_acl_rule.portscanner_ingress_from_anywhere_via_ephemeral_ports[0]: Refreshing state... [id=nacl-1933370086]
aws_network_acl_rule.portscanner_ingress_from_private_via_ssh: Refreshing state... [id=nacl-3554229563]
aws_network_acl_rule.portscanner_ingress_from_public_via_ssh: Refreshing state... [id=nacl-325081005]
aws_network_acl_rule.portscanner_ingress_from_anywhere_via_icmp: Refreshing state... [id=nacl-3715947067]
aws_network_acl_rule.vulnscanner_egress_to_anywhere_via_any_port: Refreshing state... [id=nacl-2137667347]
aws_network_acl_rule.vulnscanner_ingress_from_private_via_ssh: Refreshing state... [id=nacl-3419691359]
aws_network_acl_rule.vulnscanner_ingress_from_anywhere_via_icmp: Refreshing state... [id=nacl-2545644062]
aws_network_acl_rule.vulnscanner_ingress_from_public_via_nessus_and_ssh[0]: Refreshing state... [id=nacl-191706057]
aws_network_acl_rule.vulnscanner_ingress_from_public_via_nessus_and_ssh[1]: Refreshing state... [id=nacl-2429058982]
aws_network_acl_rule.vulnscanner_ingress_from_anywhere_via_ephemeral_ports[1]: Refreshing state... [id=nacl-1298643725]
aws_network_acl_rule.vulnscanner_ingress_from_anywhere_via_ephemeral_ports[0]: Refreshing state... [id=nacl-1798407810]
aws_route53_record.cyhy_rev_1_PTR: Refreshing state... [id=Z7UOKWD62VL8C_1.11.10.10.in-addr.arpa_PTR]
aws_route53_record.cyhy_rev_2_PTR: Refreshing state... [id=Z7UOKWD62VL8C_2.11.10.10.in-addr.arpa_PTR]
aws_route53_record.cyhy_rev_3_PTR: Refreshing state... [id=Z7UOKWD62VL8C_3.11.10.10.in-addr.arpa_PTR]
aws_route53_record.cyhy_vulnscan_A[1]: Refreshing state... [id=Z1UTMDRB94PS3D_vulnscan2.cyhy_A]
aws_route53_record.cyhy_vulnscan_A[2]: Refreshing state... [id=Z1UTMDRB94PS3D_vulnscan3.cyhy_A]
aws_route53_record.cyhy_vulnscan_A[0]: Refreshing state... [id=Z1UTMDRB94PS3D_vulnscan1.cyhy_A]
aws_route53_record.cyhy_rev_vulnscan_PTR[1]: Refreshing state... [id=Z7UOKWD62VL8C_156.11.10.10.in-addr.arpa._PTR]
aws_route53_record.cyhy_rev_vulnscan_PTR[2]: Refreshing state... [id=Z7UOKWD62VL8C_238.11.10.10.in-addr.arpa._PTR]
aws_route53_record.cyhy_rev_vulnscan_PTR[0]: Refreshing state... [id=Z7UOKWD62VL8C_171.11.10.10.in-addr.arpa._PTR]
data.aws_eip.cyhy_nessus_eips[0]: Refreshing state...
data.aws_eip.cyhy_nessus_eips[1]: Refreshing state...
data.aws_eip.cyhy_nessus_eips[2]: Refreshing state...
aws_ebs_volume.nessus_cyhy_runner_data[0]: Refreshing state... [id=vol-0c723b34bcb446c94]
aws_ebs_volume.nessus_cyhy_runner_data[1]: Refreshing state... [id=vol-03db87ad8d7559483]
aws_ebs_volume.nessus_cyhy_runner_data[2]: Refreshing state... [id=vol-0acc329254f70a927]
aws_network_acl_rule.private_egress_to_portscanner_via_ssh: Refreshing state... [id=nacl-360124482]
aws_network_acl_rule.private_ingress_from_anywhere_via_ephemeral_ports: Refreshing state... [id=nacl-3611494163]
aws_network_acl_rule.cyhy_private_egress_anywhere_via_https: Refreshing state... [id=nacl-2358605379]
aws_network_acl_rule.private_egress_to_bod_docker_via_ephemeral_ports: Refreshing state... [id=nacl-4182544093]
aws_network_acl_rule.private_egress_to_vulnscanner_via_ssh: Refreshing state... [id=nacl-3573141378]
aws_network_acl_rule.public_ingress_from_anywhere_via_icmp: Refreshing state... [id=nacl-2324206440]
aws_network_acl_rule.public_ingress_from_portscanner_via_any_port: Refreshing state... [id=nacl-3889362071]
aws_network_acl_rule.public_ingress_from_private_via_https: Refreshing state... [id=nacl-2461242058]
aws_network_acl_rule.public_ingress_from_vulncanner_via_any_port: Refreshing state... [id=nacl-2088220920]
aws_network_acl_rule.cyhy_public_ingress_from_anywhere_via_ssh: Refreshing state... [id=nacl-2409374169]
aws_network_acl_rule.public_egress_to_anywhere_via_any_port: Refreshing state... [id=nacl-853059952]
aws_network_acl_rule.public_ingress_from_anywhere_via_ephemeral_ports[0]: Refreshing state... [id=nacl-4022375570]
aws_network_acl_rule.public_ingress_from_anywhere_via_ephemeral_ports[1]: Refreshing state... [id=nacl-3382094109]
aws_volume_attachment.cyhy_mongo_journal_attachment: Refreshing state... [id=vai-397023140]
aws_security_group_rule.bastion_egress_to_mongo_via_mongo: Refreshing state... [id=sgrule-1383373669]
aws_security_group_rule.adi_lambda_to_cyhy_mongo: Refreshing state... [id=sgrule-2854681772]
aws_volume_attachment.cyhy_mongo_data_attachment: Refreshing state... [id=vai-1783911385]
aws_volume_attachment.cyhy_mongo_log_attachment: Refreshing state... [id=vai-1402570721]
aws_security_group_rule.private_mongodb_egress_to_mongo_host: Refreshing state... [id=sgrule-4044820056]
aws_network_acl_rule.private_egress_to_mongo_via_mongo: Refreshing state... [id=nacl-1293658499]
aws_route53_record.cyhy_database_A[0]: Refreshing state... [id=Z1UTMDRB94PS3D_database1.cyhy_A]
aws_route53_record.cyhy_rev_database_PTR[0]: Refreshing state... [id=Z2AINF9RNTYH7J_123.10.10.10.in-addr.arpa._PTR]
aws_security_group_rule.private_webd_egress_to_webui: Refreshing state... [id=sgrule-132818663]
aws_security_group_rule.bastion_egress_to_dashboard: Refreshing state... [id=sgrule-1866033975]
aws_route53_record.cyhy_dashboard_A: Refreshing state... [id=Z1UTMDRB94PS3D_dashboard.cyhy_A]
aws_security_group_rule.bastion_egress_for_webd: Refreshing state... [id=sgrule-4065068875]
aws_route53_record.cyhy_rev_dashboard_PTR: Refreshing state... [id=Z2AINF9RNTYH7J_113.10.10.10.in-addr.arpa._PTR]
aws_route53_record.cyhy_rev_reporter_PTR: Refreshing state... [id=Z2AINF9RNTYH7J_65.10.10.10.in-addr.arpa._PTR]
aws_route53_record.cyhy_reporter_A: Refreshing state... [id=Z1UTMDRB94PS3D_reporter.cyhy_A]
aws_security_group_rule.private_mongodb_ingress: Refreshing state... [id=sgrule-1039389376]
aws_volume_attachment.cyhy_reporter_data_attachment: Refreshing state... [id=vai-2601723000]
aws_route.cyhy_private_route_external_traffic_through_nat_gateway: Refreshing state... [id=r-rtb-0da60605476f10ec41080289494]
aws_cloudwatch_log_group.adi_lambda_logs: Refreshing state... [id=/aws/lambda/assessment_data_import-prod-a]
aws_lambda_permission.adi_lambda_allow_bucket: Refreshing state... [id=AllowExecutionFromS3Bucket]
aws_s3_bucket_notification.bucket_notification: Refreshing state... [id=assessment-data-production]
aws_network_acl_rule.docker_egress_to_public_via_ephemeral_ports: Refreshing state... [id=nacl-164019167]
aws_network_acl_rule.docker_ingress_from_public_via_ssh: Refreshing state... [id=nacl-2589853864]
aws_network_acl_rule.docker_ingress_anywhere_via_ephemeral_ports_tcp: Refreshing state... [id=nacl-1204343085]
aws_network_acl_rule.docker_egress_anywhere[0]: Refreshing state... [id=nacl-3875216959]
aws_network_acl_rule.docker_egress_anywhere[1]: Refreshing state... [id=nacl-662028799]
aws_network_acl_rule.docker_egress_anywhere[2]: Refreshing state... [id=nacl-3197609982]
aws_network_acl_rule.lambda_ingress_anywhere_via_ephemeral_ports_tcp: Refreshing state... [id=nacl-2846834117]
aws_network_acl_rule.lambda_egress_anywhere[0]: Refreshing state... [id=nacl-2406931005]
aws_network_acl_rule.lambda_egress_anywhere[2]: Refreshing state... [id=nacl-3608830972]
aws_network_acl_rule.lambda_egress_anywhere[4]: Refreshing state... [id=nacl-1068476863]
aws_network_acl_rule.lambda_egress_anywhere[1]: Refreshing state... [id=nacl-1324877309]
aws_network_acl_rule.lambda_egress_anywhere[3]: Refreshing state... [id=nacl-378846268]
data.aws_iam_policy_document.lambda_bod_docker_doc: Refreshing state...
aws_cloudwatch_log_group.lambda_logs[1]: Refreshing state... [id=/aws/lambda/task_sslyze]
aws_cloudwatch_log_group.lambda_logs[0]: Refreshing state... [id=/aws/lambda/task_pshtt]
aws_cloudwatch_log_group.lambda_logs[2]: Refreshing state... [id=/aws/lambda/task_trustymail]
aws_route53_record.bod_rev_1_PTR: Refreshing state... [id=Z241T72GQSZK4G_1.0.11.10.in-addr.arpa_PTR]
aws_route53_record.bod_rev_2_PTR: Refreshing state... [id=Z241T72GQSZK4G_2.0.11.10.in-addr.arpa_PTR]
aws_route53_record.bod_rev_3_PTR: Refreshing state... [id=Z241T72GQSZK4G_3.0.11.10.in-addr.arpa_PTR]
aws_network_acl_rule.bod_public_egress_to_docker_via_ssh: Refreshing state... [id=nacl-1428410415]
aws_network_acl_rule.bod_public_egress_to_anywhere_via_ephemeral_ports: Refreshing state... [id=nacl-1883950065]
aws_network_acl_rule.bod_public_ingress_from_anywhere_via_ephemeral_ports: Refreshing state... [id=nacl-2591388433]
aws_network_acl_rule.bod_public_ingress_from_anywhere_via_ssh: Refreshing state... [id=nacl-982559948]
aws_network_acl_rule.bod_public_ingress_from_docker[0]: Refreshing state... [id=nacl-2778450257]
aws_network_acl_rule.bod_public_ingress_from_docker[1]: Refreshing state... [id=nacl-1044284734]
aws_network_acl_rule.bod_public_ingress_from_docker[2]: Refreshing state... [id=nacl-1235245006]
aws_network_acl_rule.bod_public_ingress_from_lambda[1]: Refreshing state... [id=nacl-1636600373]
aws_network_acl_rule.bod_public_ingress_from_lambda[4]: Refreshing state... [id=nacl-4180671781]
aws_network_acl_rule.bod_public_ingress_from_lambda[2]: Refreshing state... [id=nacl-370301125]
aws_network_acl_rule.bod_public_ingress_from_lambda[3]: Refreshing state... [id=nacl-2377585834]
aws_network_acl_rule.bod_public_ingress_from_lambda[0]: Refreshing state... [id=nacl-4197041754]
aws_network_acl_rule.bod_public_egress_anywhere[5]: Refreshing state... [id=nacl-3360678642]
aws_network_acl_rule.bod_public_egress_anywhere[0]: Refreshing state... [id=nacl-3105377968]
aws_network_acl_rule.bod_public_egress_anywhere[4]: Refreshing state... [id=nacl-163659058]
aws_network_acl_rule.bod_public_egress_anywhere[2]: Refreshing state... [id=nacl-3782539121]
aws_network_acl_rule.bod_public_egress_anywhere[1]: Refreshing state... [id=nacl-2023133552]
aws_network_acl_rule.bod_public_egress_anywhere[3]: Refreshing state... [id=nacl-553265329]
aws_route.bod_route_external_traffic_through_nat_gateway: Refreshing state... [id=r-rtb-0851af4777946a7e21080289494]
aws_network_acl_rule.bod_public_egress_to_bastion_via_ssh: Refreshing state... [id=nacl-582812383]
aws_route53_record.bod_rev_bastion_PTR: Refreshing state... [id=Z241T72GQSZK4G_169.0.11.10.in-addr.arpa._PTR]
aws_route53_record.bod_bastion_pub_A: Refreshing state... [id=Z22FT0PO0URMK4_bastion.prod-a.bod.ncats.cyber.dhs.gov_A]
aws_route53_record.bod_bastion_A: Refreshing state... [id=Z2NB4DYGCEWIKP_bastion.bod_A]
aws_security_group_rule.bastion_self_ssh[1]: Refreshing state... [id=sgrule-2383296560]
aws_security_group_rule.bastion_self_ssh[0]: Refreshing state... [id=sgrule-1249170601]
aws_route53_record.bod_docker_A: Refreshing state... [id=Z2NB4DYGCEWIKP_docker.bod_A]
aws_route53_record.bod_rev_docker_PTR: Refreshing state... [id=Z2GUINZH39NHI_25.1.11.10.in-addr.arpa._PTR]
aws_volume_attachment.bod_report_data_attachment: Refreshing state... [id=vai-1446928369]
aws_network_acl_rule.private_ingress_from_bastion_via_ssh: Refreshing state... [id=nacl-164881897]
aws_route53_record.cyhy_bastion_pub_A: Refreshing state... [id=Z22FT0PO0URMK4_bastion.prod-a.cyhy.ncats.cyber.dhs.gov_A]
aws_security_group_rule.bastion_self_ingress: Refreshing state... [id=sgrule-3641353622]
aws_route53_record.cyhy_rev_bastion_PTR: Refreshing state... [id=Z2AINF9RNTYH7J_203.10.10.10.in-addr.arpa._PTR]
aws_network_acl_rule.private_egress_to_bastion_via_ephemeral_ports: Refreshing state... [id=nacl-1331463149]
aws_route53_record.cyhy_bastion_A: Refreshing state... [id=Z1UTMDRB94PS3D_bastion.cyhy_A]
aws_security_group_rule.private_ssh_ingress_from_bastion: Refreshing state... [id=sgrule-3642360867]
aws_security_group_rule.bastion_self_egress: Refreshing state... [id=sgrule-2288124612]
aws_volume_attachment.nessus_cyhy_runner_data_attachment[1]: Refreshing state... [id=vai-4100257558]
aws_volume_attachment.nessus_cyhy_runner_data_attachment[0]: Refreshing state... [id=vai-97704653]
aws_volume_attachment.nessus_cyhy_runner_data_attachment[2]: Refreshing state... [id=vai-3087554864]
aws_eip_association.cyhy_nessus_eip_assocs[2]: Refreshing state... [id=eipassoc-0c45b4f3e63d21d9f]
aws_eip_association.cyhy_nessus_eip_assocs[0]: Refreshing state... [id=eipassoc-081ca4369b6b5da41]
aws_eip_association.cyhy_nessus_eip_assocs[1]: Refreshing state... [id=eipassoc-04733370b79efb4bc]
data.aws_iam_policy_document.adi_lambda_cloudwatch_doc: Refreshing state...
aws_iam_role_policy.lambda_bod_docker_policy: Refreshing state... [id=terraform-20190228213148872100000001:terraform-20190314172502597300000006]
data.aws_iam_policy_document.lambda_cloudwatch_docs[0]: Refreshing state...
data.aws_iam_policy_document.lambda_cloudwatch_docs[1]: Refreshing state...
data.aws_iam_policy_document.lambda_cloudwatch_docs[2]: Refreshing state...
module.bod_docker_ansible_provisioner.null_resource.provisioner[0]: Refreshing state... [id=1902336802837111762]
module.cyhy_reporter_ansible_provisioner.null_resource.provisioner[0]: Refreshing state... [id=8695923407754111831]
module.cyhy_bastion_ansible_provisioner.null_resource.provisioner[0]: Refreshing state... [id=7274235766076356374]
module.cyhy_dashboard_ansible_provisioner.null_resource.provisioner[0]: Refreshing state... [id=5582315301183977633]
module.cyhy_mongo_ansible_provisioner.null_resource.provisioner[0]: Refreshing state... [id=3701844112205286149]
aws_iam_role_policy.adi_lambda_cloudwatch_policy: Refreshing state... [id=terraform-20190513202256676700000001:terraform-20190513203729219300000002]
aws_iam_role_policy.lambda_cloudwatch_policies[2]: Refreshing state... [id=terraform-20190228213149105400000003:terraform-20190314172503374000000008]
aws_iam_role_policy.lambda_cloudwatch_policies[0]: Refreshing state... [id=terraform-20190228213149212100000005:terraform-20190314172503373800000007]
aws_iam_role_policy.lambda_cloudwatch_policies[1]: Refreshing state... [id=terraform-20190228213148873200000002:terraform-20190314172503374000000009]
module.dyn_nessus.module.cyhy_nessus_ansible_provisioner_0.null_resource.provisioner[0]: Refreshing state... [id=4602983403115787849]
module.dyn_nessus.module.cyhy_nessus_ansible_provisioner_1.null_resource.provisioner[0]: Refreshing state... [id=4876186412738607484]
module.dyn_nessus.module.cyhy_nessus_ansible_provisioner_2.null_resource.provisioner[0]: Refreshing state... [id=7707107506442362999]
aws_route53_record.cyhy_rev_portscan_PTR[31]: Refreshing state... [id=Z7UOKWD62VL8C_86.11.10.10.in-addr.arpa._PTR]
aws_route53_record.cyhy_rev_portscan_PTR[49]: Refreshing state... [id=Z7UOKWD62VL8C_90.11.10.10.in-addr.arpa._PTR]
aws_route53_record.cyhy_rev_portscan_PTR[36]: Refreshing state... [id=Z7UOKWD62VL8C_14.11.10.10.in-addr.arpa._PTR]
aws_route53_record.cyhy_rev_portscan_PTR[52]: Refreshing state... [id=Z7UOKWD62VL8C_41.11.10.10.in-addr.arpa._PTR]
aws_route53_record.cyhy_rev_portscan_PTR[2]: Refreshing state... [id=Z7UOKWD62VL8C_69.11.10.10.in-addr.arpa._PTR]
aws_route53_record.cyhy_rev_portscan_PTR[53]: Refreshing state... [id=Z7UOKWD62VL8C_10.11.10.10.in-addr.arpa._PTR]
aws_route53_record.cyhy_rev_portscan_PTR[50]: Refreshing state... [id=Z7UOKWD62VL8C_16.11.10.10.in-addr.arpa._PTR]
aws_route53_record.cyhy_rev_portscan_PTR[10]: Refreshing state... [id=Z7UOKWD62VL8C_68.11.10.10.in-addr.arpa._PTR]
aws_route53_record.cyhy_rev_portscan_PTR[0]: Refreshing state... [id=Z7UOKWD62VL8C_56.11.10.10.in-addr.arpa._PTR]
aws_route53_record.cyhy_rev_portscan_PTR[58]: Refreshing state... [id=Z7UOKWD62VL8C_24.11.10.10.in-addr.arpa._PTR]
aws_route53_record.cyhy_rev_portscan_PTR[60]: Refreshing state... [id=Z7UOKWD62VL8C_6.11.10.10.in-addr.arpa._PTR]
aws_route53_record.cyhy_rev_portscan_PTR[54]: Refreshing state... [id=Z7UOKWD62VL8C_31.11.10.10.in-addr.arpa._PTR]
aws_route53_record.cyhy_rev_portscan_PTR[41]: Refreshing state... [id=Z7UOKWD62VL8C_105.11.10.10.in-addr.arpa._PTR]
aws_route53_record.cyhy_rev_portscan_PTR[8]: Refreshing state... [id=Z7UOKWD62VL8C_7.11.10.10.in-addr.arpa._PTR]
aws_route53_record.cyhy_rev_portscan_PTR[19]: Refreshing state... [id=Z7UOKWD62VL8C_11.11.10.10.in-addr.arpa._PTR]
aws_route53_record.cyhy_rev_portscan_PTR[63]: Refreshing state... [id=Z7UOKWD62VL8C_97.11.10.10.in-addr.arpa._PTR]
aws_route53_record.cyhy_rev_portscan_PTR[26]: Refreshing state... [id=Z7UOKWD62VL8C_59.11.10.10.in-addr.arpa._PTR]
aws_route53_record.cyhy_rev_portscan_PTR[59]: Refreshing state... [id=Z7UOKWD62VL8C_101.11.10.10.in-addr.arpa._PTR]
aws_route53_record.cyhy_rev_portscan_PTR[61]: Refreshing state... [id=Z7UOKWD62VL8C_114.11.10.10.in-addr.arpa._PTR]
aws_route53_record.cyhy_rev_portscan_PTR[32]: Refreshing state... [id=Z7UOKWD62VL8C_40.11.10.10.in-addr.arpa._PTR]
aws_route53_record.cyhy_rev_portscan_PTR[14]: Refreshing state... [id=Z7UOKWD62VL8C_52.11.10.10.in-addr.arpa._PTR]
aws_route53_record.cyhy_rev_portscan_PTR[1]: Refreshing state... [id=Z7UOKWD62VL8C_50.11.10.10.in-addr.arpa._PTR]
aws_route53_record.cyhy_rev_portscan_PTR[44]: Refreshing state... [id=Z7UOKWD62VL8C_91.11.10.10.in-addr.arpa._PTR]
aws_route53_record.cyhy_rev_portscan_PTR[17]: Refreshing state... [id=Z7UOKWD62VL8C_42.11.10.10.in-addr.arpa._PTR]
aws_route53_record.cyhy_rev_portscan_PTR[35]: Refreshing state... [id=Z7UOKWD62VL8C_35.11.10.10.in-addr.arpa._PTR]
aws_route53_record.cyhy_rev_portscan_PTR[15]: Refreshing state... [id=Z7UOKWD62VL8C_112.11.10.10.in-addr.arpa._PTR]
aws_route53_record.cyhy_rev_portscan_PTR[25]: Refreshing state... [id=Z7UOKWD62VL8C_82.11.10.10.in-addr.arpa._PTR]
aws_route53_record.cyhy_rev_portscan_PTR[11]: Refreshing state... [id=Z7UOKWD62VL8C_39.11.10.10.in-addr.arpa._PTR]
aws_route53_record.cyhy_rev_portscan_PTR[48]: Refreshing state... [id=Z7UOKWD62VL8C_65.11.10.10.in-addr.arpa._PTR]
aws_route53_record.cyhy_rev_portscan_PTR[18]: Refreshing state... [id=Z7UOKWD62VL8C_49.11.10.10.in-addr.arpa._PTR]
aws_route53_record.cyhy_rev_portscan_PTR[24]: Refreshing state... [id=Z7UOKWD62VL8C_99.11.10.10.in-addr.arpa._PTR]
aws_route53_record.cyhy_rev_portscan_PTR[55]: Refreshing state... [id=Z7UOKWD62VL8C_45.11.10.10.in-addr.arpa._PTR]
aws_route53_record.cyhy_rev_portscan_PTR[4]: Refreshing state... [id=Z7UOKWD62VL8C_30.11.10.10.in-addr.arpa._PTR]
aws_route53_record.cyhy_rev_portscan_PTR[42]: Refreshing state... [id=Z7UOKWD62VL8C_27.11.10.10.in-addr.arpa._PTR]
aws_route53_record.cyhy_rev_portscan_PTR[39]: Refreshing state... [id=Z7UOKWD62VL8C_29.11.10.10.in-addr.arpa._PTR]
aws_route53_record.cyhy_rev_portscan_PTR[45]: Refreshing state... [id=Z7UOKWD62VL8C_44.11.10.10.in-addr.arpa._PTR]
aws_route53_record.cyhy_rev_portscan_PTR[7]: Refreshing state... [id=Z7UOKWD62VL8C_125.11.10.10.in-addr.arpa._PTR]
aws_route53_record.cyhy_rev_portscan_PTR[29]: Refreshing state... [id=Z7UOKWD62VL8C_13.11.10.10.in-addr.arpa._PTR]
aws_route53_record.cyhy_rev_portscan_PTR[20]: Refreshing state... [id=Z7UOKWD62VL8C_57.11.10.10.in-addr.arpa._PTR]
aws_route53_record.cyhy_rev_portscan_PTR[6]: Refreshing state... [id=Z7UOKWD62VL8C_107.11.10.10.in-addr.arpa._PTR]
aws_route53_record.cyhy_rev_portscan_PTR[16]: Refreshing state... [id=Z7UOKWD62VL8C_66.11.10.10.in-addr.arpa._PTR]
aws_route53_record.cyhy_rev_portscan_PTR[33]: Refreshing state... [id=Z7UOKWD62VL8C_84.11.10.10.in-addr.arpa._PTR]
aws_route53_record.cyhy_rev_portscan_PTR[23]: Refreshing state... [id=Z7UOKWD62VL8C_104.11.10.10.in-addr.arpa._PTR]
aws_route53_record.cyhy_rev_portscan_PTR[3]: Refreshing state... [id=Z7UOKWD62VL8C_119.11.10.10.in-addr.arpa._PTR]
aws_route53_record.cyhy_rev_portscan_PTR[62]: Refreshing state... [id=Z7UOKWD62VL8C_93.11.10.10.in-addr.arpa._PTR]
aws_route53_record.cyhy_rev_portscan_PTR[37]: Refreshing state... [id=Z7UOKWD62VL8C_126.11.10.10.in-addr.arpa._PTR]
aws_route53_record.cyhy_rev_portscan_PTR[40]: Refreshing state... [id=Z7UOKWD62VL8C_20.11.10.10.in-addr.arpa._PTR]
aws_route53_record.cyhy_rev_portscan_PTR[21]: Refreshing state... [id=Z7UOKWD62VL8C_78.11.10.10.in-addr.arpa._PTR]
aws_route53_record.cyhy_rev_portscan_PTR[43]: Refreshing state... [id=Z7UOKWD62VL8C_109.11.10.10.in-addr.arpa._PTR]
aws_route53_record.cyhy_rev_portscan_PTR[9]: Refreshing state... [id=Z7UOKWD62VL8C_92.11.10.10.in-addr.arpa._PTR]
aws_route53_record.cyhy_rev_portscan_PTR[30]: Refreshing state... [id=Z7UOKWD62VL8C_48.11.10.10.in-addr.arpa._PTR]
aws_route53_record.cyhy_rev_portscan_PTR[51]: Refreshing state... [id=Z7UOKWD62VL8C_77.11.10.10.in-addr.arpa._PTR]
aws_route53_record.cyhy_rev_portscan_PTR[22]: Refreshing state... [id=Z7UOKWD62VL8C_8.11.10.10.in-addr.arpa._PTR]
aws_route53_record.cyhy_rev_portscan_PTR[56]: Refreshing state... [id=Z7UOKWD62VL8C_19.11.10.10.in-addr.arpa._PTR]
aws_route53_record.cyhy_rev_portscan_PTR[34]: Refreshing state... [id=Z7UOKWD62VL8C_87.11.10.10.in-addr.arpa._PTR]
aws_route53_record.cyhy_rev_portscan_PTR[13]: Refreshing state... [id=Z7UOKWD62VL8C_22.11.10.10.in-addr.arpa._PTR]
aws_route53_record.cyhy_rev_portscan_PTR[47]: Refreshing state... [id=Z7UOKWD62VL8C_115.11.10.10.in-addr.arpa._PTR]
aws_route53_record.cyhy_rev_portscan_PTR[12]: Refreshing state... [id=Z7UOKWD62VL8C_43.11.10.10.in-addr.arpa._PTR]
aws_route53_record.cyhy_rev_portscan_PTR[5]: Refreshing state... [id=Z7UOKWD62VL8C_120.11.10.10.in-addr.arpa._PTR]
aws_route53_record.cyhy_rev_portscan_PTR[57]: Refreshing state... [id=Z7UOKWD62VL8C_100.11.10.10.in-addr.arpa._PTR]
aws_route53_record.cyhy_rev_portscan_PTR[27]: Refreshing state... [id=Z7UOKWD62VL8C_46.11.10.10.in-addr.arpa._PTR]
aws_route53_record.cyhy_rev_portscan_PTR[46]: Refreshing state... [id=Z7UOKWD62VL8C_64.11.10.10.in-addr.arpa._PTR]
aws_route53_record.cyhy_rev_portscan_PTR[38]: Refreshing state... [id=Z7UOKWD62VL8C_47.11.10.10.in-addr.arpa._PTR]
aws_route53_record.cyhy_rev_portscan_PTR[28]: Refreshing state... [id=Z7UOKWD62VL8C_9.11.10.10.in-addr.arpa._PTR]
aws_route53_record.cyhy_portscan_A[25]: Refreshing state... [id=Z1UTMDRB94PS3D_portscan26.cyhy_A]
aws_route53_record.cyhy_portscan_A[50]: Refreshing state... [id=Z1UTMDRB94PS3D_portscan51.cyhy_A]
aws_route53_record.cyhy_portscan_A[11]: Refreshing state... [id=Z1UTMDRB94PS3D_portscan12.cyhy_A]
aws_route53_record.cyhy_portscan_A[59]: Refreshing state... [id=Z1UTMDRB94PS3D_portscan60.cyhy_A]
aws_route53_record.cyhy_portscan_A[4]: Refreshing state... [id=Z1UTMDRB94PS3D_portscan5.cyhy_A]
aws_route53_record.cyhy_portscan_A[58]: Refreshing state... [id=Z1UTMDRB94PS3D_portscan59.cyhy_A]
aws_route53_record.cyhy_portscan_A[3]: Refreshing state... [id=Z1UTMDRB94PS3D_portscan4.cyhy_A]
aws_route53_record.cyhy_portscan_A[43]: Refreshing state... [id=Z1UTMDRB94PS3D_portscan44.cyhy_A]
aws_route53_record.cyhy_portscan_A[44]: Refreshing state... [id=Z1UTMDRB94PS3D_portscan45.cyhy_A]
aws_route53_record.cyhy_portscan_A[26]: Refreshing state... [id=Z1UTMDRB94PS3D_portscan27.cyhy_A]
aws_route53_record.cyhy_portscan_A[57]: Refreshing state... [id=Z1UTMDRB94PS3D_portscan58.cyhy_A]
aws_route53_record.cyhy_portscan_A[52]: Refreshing state... [id=Z1UTMDRB94PS3D_portscan53.cyhy_A]
aws_route53_record.cyhy_portscan_A[27]: Refreshing state... [id=Z1UTMDRB94PS3D_portscan28.cyhy_A]
aws_route53_record.cyhy_portscan_A[51]: Refreshing state... [id=Z1UTMDRB94PS3D_portscan52.cyhy_A]
aws_route53_record.cyhy_portscan_A[23]: Refreshing state... [id=Z1UTMDRB94PS3D_portscan24.cyhy_A]
aws_route53_record.cyhy_portscan_A[42]: Refreshing state... [id=Z1UTMDRB94PS3D_portscan43.cyhy_A]
aws_route53_record.cyhy_portscan_A[29]: Refreshing state... [id=Z1UTMDRB94PS3D_portscan30.cyhy_A]
aws_route53_record.cyhy_portscan_A[61]: Refreshing state... [id=Z1UTMDRB94PS3D_portscan62.cyhy._A]
aws_route53_record.cyhy_portscan_A[0]: Refreshing state... [id=Z1UTMDRB94PS3D_portscan1.cyhy_A]
aws_route53_record.cyhy_portscan_A[22]: Refreshing state... [id=Z1UTMDRB94PS3D_portscan23.cyhy_A]
aws_route53_record.cyhy_portscan_A[45]: Refreshing state... [id=Z1UTMDRB94PS3D_portscan46.cyhy_A]
aws_route53_record.cyhy_portscan_A[15]: Refreshing state... [id=Z1UTMDRB94PS3D_portscan16.cyhy_A]
aws_route53_record.cyhy_portscan_A[47]: Refreshing state... [id=Z1UTMDRB94PS3D_portscan48.cyhy_A]
aws_route53_record.cyhy_portscan_A[48]: Refreshing state... [id=Z1UTMDRB94PS3D_portscan49.cyhy_A]
aws_route53_record.cyhy_portscan_A[54]: Refreshing state... [id=Z1UTMDRB94PS3D_portscan55.cyhy_A]
aws_route53_record.cyhy_portscan_A[17]: Refreshing state... [id=Z1UTMDRB94PS3D_portscan18.cyhy_A]
aws_route53_record.cyhy_portscan_A[14]: Refreshing state... [id=Z1UTMDRB94PS3D_portscan15.cyhy_A]
aws_route53_record.cyhy_portscan_A[60]: Refreshing state... [id=Z1UTMDRB94PS3D_portscan61.cyhy_A]
aws_route53_record.cyhy_portscan_A[2]: Refreshing state... [id=Z1UTMDRB94PS3D_portscan3.cyhy_A]
aws_route53_record.cyhy_portscan_A[62]: Refreshing state... [id=Z1UTMDRB94PS3D_portscan63.cyhy_A]
aws_route53_record.cyhy_portscan_A[1]: Refreshing state... [id=Z1UTMDRB94PS3D_portscan2.cyhy_A]
aws_route53_record.cyhy_portscan_A[49]: Refreshing state... [id=Z1UTMDRB94PS3D_portscan50.cyhy_A]
aws_route53_record.cyhy_portscan_A[20]: Refreshing state... [id=Z1UTMDRB94PS3D_portscan21.cyhy_A]
aws_route53_record.cyhy_portscan_A[7]: Refreshing state... [id=Z1UTMDRB94PS3D_portscan8.cyhy_A]
aws_route53_record.cyhy_portscan_A[33]: Refreshing state... [id=Z1UTMDRB94PS3D_portscan34.cyhy_A]
aws_route53_record.cyhy_portscan_A[5]: Refreshing state... [id=Z1UTMDRB94PS3D_portscan6.cyhy_A]
aws_route53_record.cyhy_portscan_A[13]: Refreshing state... [id=Z1UTMDRB94PS3D_portscan14.cyhy_A]
aws_route53_record.cyhy_portscan_A[21]: Refreshing state... [id=Z1UTMDRB94PS3D_portscan22.cyhy_A]
aws_route53_record.cyhy_portscan_A[35]: Refreshing state... [id=Z1UTMDRB94PS3D_portscan36.cyhy_A]
aws_route53_record.cyhy_portscan_A[16]: Refreshing state... [id=Z1UTMDRB94PS3D_portscan17.cyhy_A]
aws_route53_record.cyhy_portscan_A[31]: Refreshing state... [id=Z1UTMDRB94PS3D_portscan32.cyhy_A]
aws_route53_record.cyhy_portscan_A[32]: Refreshing state... [id=Z1UTMDRB94PS3D_portscan33.cyhy_A]
aws_route53_record.cyhy_portscan_A[56]: Refreshing state... [id=Z1UTMDRB94PS3D_portscan57.cyhy_A]
aws_route53_record.cyhy_portscan_A[46]: Refreshing state... [id=Z1UTMDRB94PS3D_portscan47.cyhy_A]
aws_route53_record.cyhy_portscan_A[6]: Refreshing state... [id=Z1UTMDRB94PS3D_portscan7.cyhy_A]
aws_route53_record.cyhy_portscan_A[12]: Refreshing state... [id=Z1UTMDRB94PS3D_portscan13.cyhy_A]
aws_route53_record.cyhy_portscan_A[10]: Refreshing state... [id=Z1UTMDRB94PS3D_portscan11.cyhy_A]
aws_route53_record.cyhy_portscan_A[8]: Refreshing state... [id=Z1UTMDRB94PS3D_portscan9.cyhy_A]
aws_route53_record.cyhy_portscan_A[9]: Refreshing state... [id=Z1UTMDRB94PS3D_portscan10.cyhy_A]
aws_route53_record.cyhy_portscan_A[55]: Refreshing state... [id=Z1UTMDRB94PS3D_portscan56.cyhy_A]
aws_route53_record.cyhy_portscan_A[63]: Refreshing state... [id=Z1UTMDRB94PS3D_portscan64.cyhy_A]
aws_route53_record.cyhy_portscan_A[18]: Refreshing state... [id=Z1UTMDRB94PS3D_portscan19.cyhy_A]
aws_route53_record.cyhy_portscan_A[40]: Refreshing state... [id=Z1UTMDRB94PS3D_portscan41.cyhy_A]
aws_route53_record.cyhy_portscan_A[28]: Refreshing state... [id=Z1UTMDRB94PS3D_portscan29.cyhy_A]
aws_route53_record.cyhy_portscan_A[36]: Refreshing state... [id=Z1UTMDRB94PS3D_portscan37.cyhy_A]
aws_route53_record.cyhy_portscan_A[38]: Refreshing state... [id=Z1UTMDRB94PS3D_portscan39.cyhy_A]
aws_route53_record.cyhy_portscan_A[34]: Refreshing state... [id=Z1UTMDRB94PS3D_portscan35.cyhy_A]
aws_route53_record.cyhy_portscan_A[37]: Refreshing state... [id=Z1UTMDRB94PS3D_portscan38.cyhy_A]
aws_route53_record.cyhy_portscan_A[24]: Refreshing state... [id=Z1UTMDRB94PS3D_portscan25.cyhy_A]
aws_route53_record.cyhy_portscan_A[30]: Refreshing state... [id=Z1UTMDRB94PS3D_portscan31.cyhy_A]
aws_route53_record.cyhy_portscan_A[39]: Refreshing state... [id=Z1UTMDRB94PS3D_portscan40.cyhy_A]
aws_route53_record.cyhy_portscan_A[19]: Refreshing state... [id=Z1UTMDRB94PS3D_portscan20.cyhy_A]
aws_route53_record.cyhy_portscan_A[41]: Refreshing state... [id=Z1UTMDRB94PS3D_portscan42.cyhy_A]
aws_route53_record.cyhy_portscan_A[53]: Refreshing state... [id=Z1UTMDRB94PS3D_portscan54.cyhy_A]
aws_ebs_volume.nmap_cyhy_runner_data[60]: Refreshing state... [id=vol-0d7fe1506dae0683b]
aws_ebs_volume.nmap_cyhy_runner_data[56]: Refreshing state... [id=vol-06f99a848e8c8094e]
aws_ebs_volume.nmap_cyhy_runner_data[1]: Refreshing state... [id=vol-0d33506b1d94a77c7]
aws_ebs_volume.nmap_cyhy_runner_data[50]: Refreshing state... [id=vol-0dda43eb529768ddf]
aws_ebs_volume.nmap_cyhy_runner_data[38]: Refreshing state... [id=vol-0111d3bfb47b6bb20]
aws_ebs_volume.nmap_cyhy_runner_data[2]: Refreshing state... [id=vol-0472a01b4c0b44237]
aws_ebs_volume.nmap_cyhy_runner_data[28]: Refreshing state... [id=vol-074589cae24d9dc8f]
aws_ebs_volume.nmap_cyhy_runner_data[0]: Refreshing state... [id=vol-02f70e62787c08d19]
aws_ebs_volume.nmap_cyhy_runner_data[51]: Refreshing state... [id=vol-02a67e3a772c8e8fa]
aws_ebs_volume.nmap_cyhy_runner_data[41]: Refreshing state... [id=vol-0b81169228513027b]
aws_ebs_volume.nmap_cyhy_runner_data[26]: Refreshing state... [id=vol-069e26a3dc2b8267d]
aws_ebs_volume.nmap_cyhy_runner_data[24]: Refreshing state... [id=vol-0559654ad35ed3709]
aws_ebs_volume.nmap_cyhy_runner_data[16]: Refreshing state... [id=vol-08076694b617422cf]
aws_ebs_volume.nmap_cyhy_runner_data[13]: Refreshing state... [id=vol-0829383ce8a3dfb78]
aws_ebs_volume.nmap_cyhy_runner_data[43]: Refreshing state... [id=vol-0d72bbbff4b281ab7]
aws_ebs_volume.nmap_cyhy_runner_data[29]: Refreshing state... [id=vol-013ebb046ab5fcb9d]
aws_ebs_volume.nmap_cyhy_runner_data[52]: Refreshing state... [id=vol-05802b28d34aa0858]
aws_ebs_volume.nmap_cyhy_runner_data[14]: Refreshing state... [id=vol-0f06f7ff6624845fc]
aws_ebs_volume.nmap_cyhy_runner_data[42]: Refreshing state... [id=vol-0df1fffb41ff50adc]
aws_ebs_volume.nmap_cyhy_runner_data[10]: Refreshing state... [id=vol-0fd7db8334ecb9811]
aws_ebs_volume.nmap_cyhy_runner_data[22]: Refreshing state... [id=vol-06bd6f9f46e0d97f3]
aws_ebs_volume.nmap_cyhy_runner_data[25]: Refreshing state... [id=vol-0fa50af2b73ea5f02]
aws_ebs_volume.nmap_cyhy_runner_data[54]: Refreshing state... [id=vol-0d61e27cdbc4d3d8d]
aws_ebs_volume.nmap_cyhy_runner_data[33]: Refreshing state... [id=vol-060838b3c78be3074]
aws_ebs_volume.nmap_cyhy_runner_data[45]: Refreshing state... [id=vol-06950e37362d60f4b]
aws_ebs_volume.nmap_cyhy_runner_data[49]: Refreshing state... [id=vol-014c3f27a60f87d79]
aws_ebs_volume.nmap_cyhy_runner_data[17]: Refreshing state... [id=vol-085a0e37245e5c61d]
aws_ebs_volume.nmap_cyhy_runner_data[59]: Refreshing state... [id=vol-0e844e1e2d65d2052]
aws_ebs_volume.nmap_cyhy_runner_data[63]: Refreshing state... [id=vol-07975ca05380ceba3]
aws_ebs_volume.nmap_cyhy_runner_data[23]: Refreshing state... [id=vol-0ffe9e47c93970181]
aws_ebs_volume.nmap_cyhy_runner_data[58]: Refreshing state... [id=vol-04b20895513b4f022]
aws_ebs_volume.nmap_cyhy_runner_data[61]: Refreshing state... [id=vol-0f7f7efa99158e83b]
aws_ebs_volume.nmap_cyhy_runner_data[5]: Refreshing state... [id=vol-048b4c07415767835]
aws_ebs_volume.nmap_cyhy_runner_data[48]: Refreshing state... [id=vol-0d6a178205f23b593]
aws_ebs_volume.nmap_cyhy_runner_data[40]: Refreshing state... [id=vol-096ba4f47138960fb]
aws_ebs_volume.nmap_cyhy_runner_data[30]: Refreshing state... [id=vol-09eca4f8c78424049]
aws_ebs_volume.nmap_cyhy_runner_data[6]: Refreshing state... [id=vol-09acbc0cd66b41d1c]
aws_ebs_volume.nmap_cyhy_runner_data[44]: Refreshing state... [id=vol-0cfc8b80bf02860c2]
aws_ebs_volume.nmap_cyhy_runner_data[27]: Refreshing state... [id=vol-0db4b4b99541cf3bd]
aws_ebs_volume.nmap_cyhy_runner_data[19]: Refreshing state... [id=vol-03828828265904cca]
aws_ebs_volume.nmap_cyhy_runner_data[12]: Refreshing state... [id=vol-0e520bf1999ea99df]
aws_ebs_volume.nmap_cyhy_runner_data[36]: Refreshing state... [id=vol-0f76c8852eaddb75f]
aws_ebs_volume.nmap_cyhy_runner_data[31]: Refreshing state... [id=vol-07ded86fbce8ec411]
aws_ebs_volume.nmap_cyhy_runner_data[3]: Refreshing state... [id=vol-004d0d4f492dbe70a]
aws_ebs_volume.nmap_cyhy_runner_data[47]: Refreshing state... [id=vol-03d092f5dcbe25f77]
aws_ebs_volume.nmap_cyhy_runner_data[20]: Refreshing state... [id=vol-007d96f4acd86f481]
aws_ebs_volume.nmap_cyhy_runner_data[7]: Refreshing state... [id=vol-00983512f86dd7bd8]
aws_ebs_volume.nmap_cyhy_runner_data[55]: Refreshing state... [id=vol-02de064b094a7f369]
aws_ebs_volume.nmap_cyhy_runner_data[39]: Refreshing state... [id=vol-099cd4f2fab406ee8]
aws_ebs_volume.nmap_cyhy_runner_data[46]: Refreshing state... [id=vol-056c3a02174da1e80]
aws_ebs_volume.nmap_cyhy_runner_data[11]: Refreshing state... [id=vol-0bd2571eb68930941]
aws_ebs_volume.nmap_cyhy_runner_data[35]: Refreshing state... [id=vol-0584791a09e1e44a8]
aws_ebs_volume.nmap_cyhy_runner_data[32]: Refreshing state... [id=vol-0c996fdf5675bf399]
aws_ebs_volume.nmap_cyhy_runner_data[4]: Refreshing state... [id=vol-0b02ad1ee594623a1]
aws_ebs_volume.nmap_cyhy_runner_data[18]: Refreshing state... [id=vol-0b0372d39d65ba0ec]
aws_ebs_volume.nmap_cyhy_runner_data[57]: Refreshing state... [id=vol-0f78e726e51d29c2b]
aws_ebs_volume.nmap_cyhy_runner_data[15]: Refreshing state... [id=vol-016a39d8d8b8212f8]
aws_ebs_volume.nmap_cyhy_runner_data[8]: Refreshing state... [id=vol-0ff876c7e7366ddd8]
aws_ebs_volume.nmap_cyhy_runner_data[21]: Refreshing state... [id=vol-070109a11166c43f3]
aws_ebs_volume.nmap_cyhy_runner_data[62]: Refreshing state... [id=vol-062de64269ed4c09f]
aws_ebs_volume.nmap_cyhy_runner_data[9]: Refreshing state... [id=vol-0b42707eeadaaeae0]
aws_ebs_volume.nmap_cyhy_runner_data[37]: Refreshing state... [id=vol-08021ddd2faf2154a]
aws_ebs_volume.nmap_cyhy_runner_data[34]: Refreshing state... [id=vol-0488ee411859c33b7]
aws_ebs_volume.nmap_cyhy_runner_data[53]: Refreshing state... [id=vol-09040ddddf2e599aa]
data.aws_eip.cyhy_nmap_eips[40]: Refreshing state...
data.aws_eip.cyhy_nmap_eips[52]: Refreshing state...
data.aws_eip.cyhy_nmap_eips[56]: Refreshing state...
data.aws_eip.cyhy_nmap_eips[46]: Refreshing state...
data.aws_eip.cyhy_nmap_eips[13]: Refreshing state...
data.aws_eip.cyhy_nmap_eips[7]: Refreshing state...
data.aws_eip.cyhy_nmap_eips[3]: Refreshing state...
data.aws_eip.cyhy_nmap_eips[28]: Refreshing state...
data.aws_eip.cyhy_nmap_eips[44]: Refreshing state...
data.aws_eip.cyhy_nmap_eips[21]: Refreshing state...
data.aws_eip.cyhy_nmap_eips[2]: Refreshing state...
data.aws_eip.cyhy_nmap_eips[6]: Refreshing state...
data.aws_eip.cyhy_nmap_eips[50]: Refreshing state...
data.aws_eip.cyhy_nmap_eips[19]: Refreshing state...
data.aws_eip.cyhy_nmap_eips[35]: Refreshing state...
data.aws_eip.cyhy_nmap_eips[0]: Refreshing state...
data.aws_eip.cyhy_nmap_eips[57]: Refreshing state...
data.aws_eip.cyhy_nmap_eips[31]: Refreshing state...
data.aws_eip.cyhy_nmap_eips[63]: Refreshing state...
data.aws_eip.cyhy_nmap_eips[42]: Refreshing state...
data.aws_eip.cyhy_nmap_eips[49]: Refreshing state...
data.aws_eip.cyhy_nmap_eips[34]: Refreshing state...
data.aws_eip.cyhy_nmap_eips[41]: Refreshing state...
data.aws_eip.cyhy_nmap_eips[37]: Refreshing state...
data.aws_eip.cyhy_nmap_eips[55]: Refreshing state...
data.aws_eip.cyhy_nmap_eips[17]: Refreshing state...
data.aws_eip.cyhy_nmap_eips[20]: Refreshing state...
data.aws_eip.cyhy_nmap_eips[58]: Refreshing state...
data.aws_eip.cyhy_nmap_eips[26]: Refreshing state...
data.aws_eip.cyhy_nmap_eips[16]: Refreshing state...
data.aws_eip.cyhy_nmap_eips[29]: Refreshing state...
data.aws_eip.cyhy_nmap_eips[12]: Refreshing state...
data.aws_eip.cyhy_nmap_eips[18]: Refreshing state...
data.aws_eip.cyhy_nmap_eips[27]: Refreshing state...
data.aws_eip.cyhy_nmap_eips[23]: Refreshing state...
data.aws_eip.cyhy_nmap_eips[48]: Refreshing state...
data.aws_eip.cyhy_nmap_eips[14]: Refreshing state...
data.aws_eip.cyhy_nmap_eips[39]: Refreshing state...
data.aws_eip.cyhy_nmap_eips[15]: Refreshing state...
data.aws_eip.cyhy_nmap_eips[60]: Refreshing state...
data.aws_eip.cyhy_nmap_eips[10]: Refreshing state...
data.aws_eip.cyhy_nmap_eips[38]: Refreshing state...
data.aws_eip.cyhy_nmap_eips[47]: Refreshing state...
data.aws_eip.cyhy_nmap_eips[8]: Refreshing state...
data.aws_eip.cyhy_nmap_eips[61]: Refreshing state...
data.aws_eip.cyhy_nmap_eips[51]: Refreshing state...
data.aws_eip.cyhy_nmap_eips[11]: Refreshing state...
data.aws_eip.cyhy_nmap_eips[32]: Refreshing state...
data.aws_eip.cyhy_nmap_eips[24]: Refreshing state...
data.aws_eip.cyhy_nmap_eips[59]: Refreshing state...
data.aws_eip.cyhy_nmap_eips[45]: Refreshing state...
data.aws_eip.cyhy_nmap_eips[53]: Refreshing state...
data.aws_eip.cyhy_nmap_eips[36]: Refreshing state...
data.aws_eip.cyhy_nmap_eips[1]: Refreshing state...
data.aws_eip.cyhy_nmap_eips[9]: Refreshing state...
data.aws_eip.cyhy_nmap_eips[5]: Refreshing state...
data.aws_eip.cyhy_nmap_eips[62]: Refreshing state...
data.aws_eip.cyhy_nmap_eips[33]: Refreshing state...
data.aws_eip.cyhy_nmap_eips[25]: Refreshing state...
data.aws_eip.cyhy_nmap_eips[30]: Refreshing state...
data.aws_eip.cyhy_nmap_eips[4]: Refreshing state...
data.aws_eip.cyhy_nmap_eips[54]: Refreshing state...
data.aws_eip.cyhy_nmap_eips[43]: Refreshing state...
data.aws_eip.cyhy_nmap_eips[22]: Refreshing state...
module.dyn_nmap.module.cyhy_nmap_ansible_provisioner_23.null_resource.provisioner[0]: Refreshing state... [id=7872926119562776842]
module.dyn_nmap.module.cyhy_nmap_ansible_provisioner_53.null_resource.provisioner[0]: Refreshing state... [id=8611682352389676230]
module.dyn_nmap.module.cyhy_nmap_ansible_provisioner_19.null_resource.provisioner[0]: Refreshing state... [id=1617130117036559971]
module.dyn_nmap.module.cyhy_nmap_ansible_provisioner_4.null_resource.provisioner[0]: Refreshing state... [id=6798952549683722175]
module.dyn_nmap.module.cyhy_nmap_ansible_provisioner_34.null_resource.provisioner[0]: Refreshing state... [id=5324649946252231463]
module.dyn_nmap.module.cyhy_nmap_ansible_provisioner_5.null_resource.provisioner[0]: Refreshing state... [id=8536395599294780108]
module.dyn_nmap.module.cyhy_nmap_ansible_provisioner_56.null_resource.provisioner[0]: Refreshing state... [id=3471306821376311200]
module.dyn_nmap.module.cyhy_nmap_ansible_provisioner_62.null_resource.provisioner[0]: Refreshing state... [id=5454539433160992949]
module.dyn_nmap.module.cyhy_nmap_ansible_provisioner_52.null_resource.provisioner[0]: Refreshing state... [id=1589562099455374989]
module.dyn_nmap.module.cyhy_nmap_ansible_provisioner_16.null_resource.provisioner[0]: Refreshing state... [id=6013436666082143890]
module.dyn_nmap.module.cyhy_nmap_ansible_provisioner_21.null_resource.provisioner[0]: Refreshing state... [id=1267036721226211908]
module.dyn_nmap.module.cyhy_nmap_ansible_provisioner_30.null_resource.provisioner[0]: Refreshing state... [id=7248729792561666039]
module.dyn_nmap.module.cyhy_nmap_ansible_provisioner_36.null_resource.provisioner[0]: Refreshing state... [id=2862445784891340430]
module.dyn_nmap.module.cyhy_nmap_ansible_provisioner_46.null_resource.provisioner[0]: Refreshing state... [id=6722921032176607753]
module.dyn_nmap.module.cyhy_nmap_ansible_provisioner_50.null_resource.provisioner[0]: Refreshing state... [id=3201734510005086529]
module.dyn_nmap.module.cyhy_nmap_ansible_provisioner_61.null_resource.provisioner[0]: Refreshing state... [id=2204367098582882503]
module.dyn_nmap.module.cyhy_nmap_ansible_provisioner_60.null_resource.provisioner[0]: Refreshing state... [id=7472856683042945019]
module.dyn_nmap.module.cyhy_nmap_ansible_provisioner_35.null_resource.provisioner[0]: Refreshing state... [id=1880786032575363290]
module.dyn_nmap.module.cyhy_nmap_ansible_provisioner_20.null_resource.provisioner[0]: Refreshing state... [id=2597964381811410142]
module.dyn_nmap.module.cyhy_nmap_ansible_provisioner_39.null_resource.provisioner[0]: Refreshing state... [id=1472091290836257870]
module.dyn_nmap.module.cyhy_nmap_ansible_provisioner_54.null_resource.provisioner[0]: Refreshing state... [id=3516528970352996996]
module.dyn_nmap.module.cyhy_nmap_ansible_provisioner_17.null_resource.provisioner[0]: Refreshing state... [id=5767199676219241493]
module.dyn_nmap.module.cyhy_nmap_ansible_provisioner_33.null_resource.provisioner[0]: Refreshing state... [id=2737899086256385472]
module.dyn_nmap.module.cyhy_nmap_ansible_provisioner_15.null_resource.provisioner[0]: Refreshing state... [id=7333445697406899005]
module.dyn_nmap.module.cyhy_nmap_ansible_provisioner_41.null_resource.provisioner[0]: Refreshing state... [id=6409878129002237315]
module.dyn_nmap.module.cyhy_nmap_ansible_provisioner_47.null_resource.provisioner[0]: Refreshing state... [id=5629159058042018435]
module.dyn_nmap.module.cyhy_nmap_ansible_provisioner_2.null_resource.provisioner[0]: Refreshing state... [id=4915794658068581908]
module.dyn_nmap.module.cyhy_nmap_ansible_provisioner_31.null_resource.provisioner[0]: Refreshing state... [id=226395428514758829]
module.dyn_nmap.module.cyhy_nmap_ansible_provisioner_32.null_resource.provisioner[0]: Refreshing state... [id=6803290568505095815]
module.dyn_nmap.module.cyhy_nmap_ansible_provisioner_42.null_resource.provisioner[0]: Refreshing state... [id=814413528650537755]
module.dyn_nmap.module.cyhy_nmap_ansible_provisioner_37.null_resource.provisioner[0]: Refreshing state... [id=4634592009237271895]
module.dyn_nmap.module.cyhy_nmap_ansible_provisioner_26.null_resource.provisioner[0]: Refreshing state... [id=3283563854707034263]
module.dyn_nmap.module.cyhy_nmap_ansible_provisioner_44.null_resource.provisioner[0]: Refreshing state... [id=6218766463678199335]
module.dyn_nmap.module.cyhy_nmap_ansible_provisioner_58.null_resource.provisioner[0]: Refreshing state... [id=6574667457375815618]
module.dyn_nmap.module.cyhy_nmap_ansible_provisioner_29.null_resource.provisioner[0]: Refreshing state... [id=2519797357597551482]
module.dyn_nmap.module.cyhy_nmap_ansible_provisioner_40.null_resource.provisioner[0]: Refreshing state... [id=6585634252207361579]
module.dyn_nmap.module.cyhy_nmap_ansible_provisioner_6.null_resource.provisioner[0]: Refreshing state... [id=2724965453078408625]
module.dyn_nmap.module.cyhy_nmap_ansible_provisioner_55.null_resource.provisioner[0]: Refreshing state... [id=7198941662491419539]
module.dyn_nmap.module.cyhy_nmap_ansible_provisioner_7.null_resource.provisioner[0]: Refreshing state... [id=8838338750396414334]
module.dyn_nmap.module.cyhy_nmap_ansible_provisioner_63.null_resource.provisioner[0]: Refreshing state... [id=5800277639835747986]
module.dyn_nmap.module.cyhy_nmap_ansible_provisioner_10.null_resource.provisioner[0]: Refreshing state... [id=2723759282144494575]
module.dyn_nmap.module.cyhy_nmap_ansible_provisioner_8.null_resource.provisioner[0]: Refreshing state... [id=5250279024173615447]
module.dyn_nmap.module.cyhy_nmap_ansible_provisioner_3.null_resource.provisioner[0]: Refreshing state... [id=3386282960130300849]
module.dyn_nmap.module.cyhy_nmap_ansible_provisioner_45.null_resource.provisioner[0]: Refreshing state... [id=2909588445844073765]
module.dyn_nmap.module.cyhy_nmap_ansible_provisioner_22.null_resource.provisioner[0]: Refreshing state... [id=7276084319139791476]
module.dyn_nmap.module.cyhy_nmap_ansible_provisioner_18.null_resource.provisioner[0]: Refreshing state... [id=7827260430612183753]
module.dyn_nmap.module.cyhy_nmap_ansible_provisioner_9.null_resource.provisioner[0]: Refreshing state... [id=7889474349162336645]
module.dyn_nmap.module.cyhy_nmap_ansible_provisioner_43.null_resource.provisioner[0]: Refreshing state... [id=8377181949603285907]
module.dyn_nmap.module.cyhy_nmap_ansible_provisioner_59.null_resource.provisioner[0]: Refreshing state... [id=3162419441169478111]
module.dyn_nmap.module.cyhy_nmap_ansible_provisioner_49.null_resource.provisioner[0]: Refreshing state... [id=1012046551201551626]
module.dyn_nmap.module.cyhy_nmap_ansible_provisioner_0.null_resource.provisioner[0]: Refreshing state... [id=4483751260132843676]
module.dyn_nmap.module.cyhy_nmap_ansible_provisioner_27.null_resource.provisioner[0]: Refreshing state... [id=8615688147124181304]
module.dyn_nmap.module.cyhy_nmap_ansible_provisioner_13.null_resource.provisioner[0]: Refreshing state... [id=5167536523313837401]
module.dyn_nmap.module.cyhy_nmap_ansible_provisioner_38.null_resource.provisioner[0]: Refreshing state... [id=4561723872502590000]
module.dyn_nmap.module.cyhy_nmap_ansible_provisioner_25.null_resource.provisioner[0]: Refreshing state... [id=1291470258040795453]
module.dyn_nmap.module.cyhy_nmap_ansible_provisioner_48.null_resource.provisioner[0]: Refreshing state... [id=6298097346589874469]
module.dyn_nmap.module.cyhy_nmap_ansible_provisioner_24.null_resource.provisioner[0]: Refreshing state... [id=6199989976765668511]
module.dyn_nmap.module.cyhy_nmap_ansible_provisioner_28.null_resource.provisioner[0]: Refreshing state... [id=3387150139791143437]
module.dyn_nmap.module.cyhy_nmap_ansible_provisioner_57.null_resource.provisioner[0]: Refreshing state... [id=7606239808716923120]
module.dyn_nmap.module.cyhy_nmap_ansible_provisioner_12.null_resource.provisioner[0]: Refreshing state... [id=6181814357201456178]
module.dyn_nmap.module.cyhy_nmap_ansible_provisioner_14.null_resource.provisioner[0]: Refreshing state... [id=388480495140013180]
module.dyn_nmap.module.cyhy_nmap_ansible_provisioner_1.null_resource.provisioner[0]: Refreshing state... [id=4230381181530936552]
module.dyn_nmap.module.cyhy_nmap_ansible_provisioner_51.null_resource.provisioner[0]: Refreshing state... [id=5073368179823082996]
module.dyn_nmap.module.cyhy_nmap_ansible_provisioner_11.null_resource.provisioner[0]: Refreshing state... [id=7758984473982915976]
aws_volume_attachment.nmap_cyhy_runner_data_attachment[63]: Refreshing state... [id=vai-1860213598]
aws_volume_attachment.nmap_cyhy_runner_data_attachment[36]: Refreshing state... [id=vai-3458570275]
aws_volume_attachment.nmap_cyhy_runner_data_attachment[32]: Refreshing state... [id=vai-227238058]
aws_volume_attachment.nmap_cyhy_runner_data_attachment[24]: Refreshing state... [id=vai-921701065]
aws_volume_attachment.nmap_cyhy_runner_data_attachment[13]: Refreshing state... [id=vai-3193043963]
aws_volume_attachment.nmap_cyhy_runner_data_attachment[40]: Refreshing state... [id=vai-92808147]
aws_volume_attachment.nmap_cyhy_runner_data_attachment[27]: Refreshing state... [id=vai-1047582014]
aws_volume_attachment.nmap_cyhy_runner_data_attachment[51]: Refreshing state... [id=vai-1036471320]
aws_volume_attachment.nmap_cyhy_runner_data_attachment[0]: Refreshing state... [id=vai-737400727]
aws_volume_attachment.nmap_cyhy_runner_data_attachment[44]: Refreshing state... [id=vai-2303133530]
aws_volume_attachment.nmap_cyhy_runner_data_attachment[61]: Refreshing state... [id=vai-501056103]
aws_volume_attachment.nmap_cyhy_runner_data_attachment[19]: Refreshing state... [id=vai-3571784202]
aws_volume_attachment.nmap_cyhy_runner_data_attachment[3]: Refreshing state... [id=vai-3450135085]
aws_volume_attachment.nmap_cyhy_runner_data_attachment[46]: Refreshing state... [id=vai-1379034650]
aws_volume_attachment.nmap_cyhy_runner_data_attachment[7]: Refreshing state... [id=vai-1574203725]
aws_volume_attachment.nmap_cyhy_runner_data_attachment[20]: Refreshing state... [id=vai-2366887169]
aws_volume_attachment.nmap_cyhy_runner_data_attachment[62]: Refreshing state... [id=vai-2047032629]
aws_volume_attachment.nmap_cyhy_runner_data_attachment[4]: Refreshing state... [id=vai-4239580170]
aws_volume_attachment.nmap_cyhy_runner_data_attachment[54]: Refreshing state... [id=vai-3144394852]
aws_volume_attachment.nmap_cyhy_runner_data_attachment[31]: Refreshing state... [id=vai-2663635042]
aws_volume_attachment.nmap_cyhy_runner_data_attachment[42]: Refreshing state... [id=vai-2549074205]
aws_volume_attachment.nmap_cyhy_runner_data_attachment[15]: Refreshing state... [id=vai-2097650726]
aws_volume_attachment.nmap_cyhy_runner_data_attachment[33]: Refreshing state... [id=vai-5071754]
aws_volume_attachment.nmap_cyhy_runner_data_attachment[39]: Refreshing state... [id=vai-4086457818]
aws_volume_attachment.nmap_cyhy_runner_data_attachment[49]: Refreshing state... [id=vai-3180982283]
aws_volume_attachment.nmap_cyhy_runner_data_attachment[1]: Refreshing state... [id=vai-1207110313]
aws_volume_attachment.nmap_cyhy_runner_data_attachment[22]: Refreshing state... [id=vai-2227155797]
aws_volume_attachment.nmap_cyhy_runner_data_attachment[12]: Refreshing state... [id=vai-3287403586]
aws_volume_attachment.nmap_cyhy_runner_data_attachment[57]: Refreshing state... [id=vai-2409214546]
aws_volume_attachment.nmap_cyhy_runner_data_attachment[29]: Refreshing state... [id=vai-998437939]
aws_volume_attachment.nmap_cyhy_runner_data_attachment[38]: Refreshing state... [id=vai-3770705891]
aws_volume_attachment.nmap_cyhy_runner_data_attachment[45]: Refreshing state... [id=vai-440612197]
aws_volume_attachment.nmap_cyhy_runner_data_attachment[16]: Refreshing state... [id=vai-3515736785]
aws_volume_attachment.nmap_cyhy_runner_data_attachment[9]: Refreshing state... [id=vai-1922583625]
aws_volume_attachment.nmap_cyhy_runner_data_attachment[23]: Refreshing state... [id=vai-608416787]
aws_volume_attachment.nmap_cyhy_runner_data_attachment[56]: Refreshing state... [id=vai-1878379796]
aws_volume_attachment.nmap_cyhy_runner_data_attachment[21]: Refreshing state... [id=vai-4093563908]
aws_volume_attachment.nmap_cyhy_runner_data_attachment[5]: Refreshing state... [id=vai-2220292144]
aws_volume_attachment.nmap_cyhy_runner_data_attachment[26]: Refreshing state... [id=vai-1398512137]
aws_volume_attachment.nmap_cyhy_runner_data_attachment[50]: Refreshing state... [id=vai-1489224468]
aws_volume_attachment.nmap_cyhy_runner_data_attachment[25]: Refreshing state... [id=vai-2375874799]
aws_volume_attachment.nmap_cyhy_runner_data_attachment[43]: Refreshing state... [id=vai-1438158260]
aws_volume_attachment.nmap_cyhy_runner_data_attachment[10]: Refreshing state... [id=vai-2837202326]
aws_volume_attachment.nmap_cyhy_runner_data_attachment[30]: Refreshing state... [id=vai-2744007240]
aws_volume_attachment.nmap_cyhy_runner_data_attachment[2]: Refreshing state... [id=vai-2818305960]
aws_volume_attachment.nmap_cyhy_runner_data_attachment[59]: Refreshing state... [id=vai-3913921079]
aws_volume_attachment.nmap_cyhy_runner_data_attachment[55]: Refreshing state... [id=vai-3617535918]
aws_volume_attachment.nmap_cyhy_runner_data_attachment[8]: Refreshing state... [id=vai-2554254339]
aws_volume_attachment.nmap_cyhy_runner_data_attachment[52]: Refreshing state... [id=vai-3632989305]
aws_volume_attachment.nmap_cyhy_runner_data_attachment[37]: Refreshing state... [id=vai-1791454387]
aws_volume_attachment.nmap_cyhy_runner_data_attachment[18]: Refreshing state... [id=vai-2158422710]
aws_volume_attachment.nmap_cyhy_runner_data_attachment[35]: Refreshing state... [id=vai-3612670780]
aws_volume_attachment.nmap_cyhy_runner_data_attachment[17]: Refreshing state... [id=vai-2821231276]
aws_volume_attachment.nmap_cyhy_runner_data_attachment[6]: Refreshing state... [id=vai-2206523508]
aws_volume_attachment.nmap_cyhy_runner_data_attachment[28]: Refreshing state... [id=vai-1691840479]
aws_volume_attachment.nmap_cyhy_runner_data_attachment[53]: Refreshing state... [id=vai-133984365]
aws_volume_attachment.nmap_cyhy_runner_data_attachment[41]: Refreshing state... [id=vai-2980977374]
aws_volume_attachment.nmap_cyhy_runner_data_attachment[48]: Refreshing state... [id=vai-584698597]
aws_volume_attachment.nmap_cyhy_runner_data_attachment[47]: Refreshing state... [id=vai-2300459736]
aws_volume_attachment.nmap_cyhy_runner_data_attachment[60]: Refreshing state... [id=vai-457464517]
aws_volume_attachment.nmap_cyhy_runner_data_attachment[14]: Refreshing state... [id=vai-2516630308]
aws_volume_attachment.nmap_cyhy_runner_data_attachment[11]: Refreshing state... [id=vai-1274970677]
aws_volume_attachment.nmap_cyhy_runner_data_attachment[58]: Refreshing state... [id=vai-150796897]
aws_volume_attachment.nmap_cyhy_runner_data_attachment[34]: Refreshing state... [id=vai-3228888962]
aws_eip_association.cyhy_nmap_eip_assocs[56]: Refreshing state... [id=eipassoc-0050f4b98bf1ad33b]
aws_eip_association.cyhy_nmap_eip_assocs[62]: Refreshing state... [id=eipassoc-0944ea6268282eb6d]
aws_eip_association.cyhy_nmap_eip_assocs[12]: Refreshing state... [id=eipassoc-083e4b1329932fd20]
aws_eip_association.cyhy_nmap_eip_assocs[26]: Refreshing state... [id=eipassoc-0788a5bb3246bd035]
aws_eip_association.cyhy_nmap_eip_assocs[30]: Refreshing state... [id=eipassoc-0c3a4879b21973627]
aws_eip_association.cyhy_nmap_eip_assocs[4]: Refreshing state... [id=eipassoc-065fe905385cce220]
aws_eip_association.cyhy_nmap_eip_assocs[39]: Refreshing state... [id=eipassoc-0753750aa6f7cda87]
aws_eip_association.cyhy_nmap_eip_assocs[17]: Refreshing state... [id=eipassoc-065cf73072ab327ef]
aws_eip_association.cyhy_nmap_eip_assocs[1]: Refreshing state... [id=eipassoc-0e47477a8364747e3]
aws_eip_association.cyhy_nmap_eip_assocs[0]: Refreshing state... [id=eipassoc-07d0bef92543c8c36]
aws_eip_association.cyhy_nmap_eip_assocs[40]: Refreshing state... [id=eipassoc-019f34563c006e015]
aws_eip_association.cyhy_nmap_eip_assocs[9]: Refreshing state... [id=eipassoc-0a29a660ef4a442f8]
aws_eip_association.cyhy_nmap_eip_assocs[7]: Refreshing state... [id=eipassoc-0a958f113e8609ca3]
aws_eip_association.cyhy_nmap_eip_assocs[3]: Refreshing state... [id=eipassoc-05f89a9960137c90a]
aws_eip_association.cyhy_nmap_eip_assocs[36]: Refreshing state... [id=eipassoc-0449bd787456a9bd1]
aws_eip_association.cyhy_nmap_eip_assocs[61]: Refreshing state... [id=eipassoc-06b6867eb6cfb5486]
aws_eip_association.cyhy_nmap_eip_assocs[24]: Refreshing state... [id=eipassoc-02af42d213508e694]
aws_eip_association.cyhy_nmap_eip_assocs[25]: Refreshing state... [id=eipassoc-0ef9ef99cef861cd9]
aws_eip_association.cyhy_nmap_eip_assocs[31]: Refreshing state... [id=eipassoc-0f7d4361b8238feda]
aws_eip_association.cyhy_nmap_eip_assocs[60]: Refreshing state... [id=eipassoc-074abd3f65b15042b]
aws_eip_association.cyhy_nmap_eip_assocs[27]: Refreshing state... [id=eipassoc-0db1bf57e83679957]
aws_eip_association.cyhy_nmap_eip_assocs[48]: Refreshing state... [id=eipassoc-05b06975945ea0758]
aws_eip_association.cyhy_nmap_eip_assocs[6]: Refreshing state... [id=eipassoc-03b06f481ccad933b]
aws_eip_association.cyhy_nmap_eip_assocs[14]: Refreshing state... [id=eipassoc-02d3e44b5875893b5]
aws_eip_association.cyhy_nmap_eip_assocs[28]: Refreshing state... [id=eipassoc-00664f719eee0bc9c]
aws_eip_association.cyhy_nmap_eip_assocs[32]: Refreshing state... [id=eipassoc-0278299fca98c832e]
aws_eip_association.cyhy_nmap_eip_assocs[10]: Refreshing state... [id=eipassoc-02b32caff830e42e6]
aws_eip_association.cyhy_nmap_eip_assocs[42]: Refreshing state... [id=eipassoc-0b0b56d27429a0698]
aws_eip_association.cyhy_nmap_eip_assocs[8]: Refreshing state... [id=eipassoc-08b480db94c3580ab]
aws_eip_association.cyhy_nmap_eip_assocs[11]: Refreshing state... [id=eipassoc-0084c57463146f268]
aws_eip_association.cyhy_nmap_eip_assocs[16]: Refreshing state... [id=eipassoc-059afc9764b88327b]
aws_eip_association.cyhy_nmap_eip_assocs[63]: Refreshing state... [id=eipassoc-09a3be7a4ce9f4204]
aws_eip_association.cyhy_nmap_eip_assocs[23]: Refreshing state... [id=eipassoc-0122c3e902eca6566]
aws_eip_association.cyhy_nmap_eip_assocs[55]: Refreshing state... [id=eipassoc-03e822cebd255a20f]
aws_eip_association.cyhy_nmap_eip_assocs[34]: Refreshing state... [id=eipassoc-0c3b1a29856b1c9c6]
aws_eip_association.cyhy_nmap_eip_assocs[43]: Refreshing state... [id=eipassoc-0b0faef4d7e72e05e]
aws_eip_association.cyhy_nmap_eip_assocs[59]: Refreshing state... [id=eipassoc-0cfcbc728a43f0a9a]
aws_eip_association.cyhy_nmap_eip_assocs[19]: Refreshing state... [id=eipassoc-05298821c3fb97a47]
aws_eip_association.cyhy_nmap_eip_assocs[45]: Refreshing state... [id=eipassoc-0bc9a4cc2d025eeaf]
aws_eip_association.cyhy_nmap_eip_assocs[46]: Refreshing state... [id=eipassoc-09f0960311d19ab5d]
aws_eip_association.cyhy_nmap_eip_assocs[13]: Refreshing state... [id=eipassoc-0c4fc5c042cea807b]
aws_eip_association.cyhy_nmap_eip_assocs[18]: Refreshing state... [id=eipassoc-07f17b0a41f3cf87b]
aws_eip_association.cyhy_nmap_eip_assocs[57]: Refreshing state... [id=eipassoc-01b6759a5f69da07b]
aws_eip_association.cyhy_nmap_eip_assocs[20]: Refreshing state... [id=eipassoc-00f00b15732a16ccd]
aws_eip_association.cyhy_nmap_eip_assocs[21]: Refreshing state... [id=eipassoc-0a22f47399af773b3]
aws_eip_association.cyhy_nmap_eip_assocs[29]: Refreshing state... [id=eipassoc-0226b57311084a331]
aws_eip_association.cyhy_nmap_eip_assocs[2]: Refreshing state... [id=eipassoc-0c4db75ba0eb625ef]
aws_eip_association.cyhy_nmap_eip_assocs[53]: Refreshing state... [id=eipassoc-041dbd399564b704f]
aws_eip_association.cyhy_nmap_eip_assocs[5]: Refreshing state... [id=eipassoc-05b2145fa9fe7b131]
aws_eip_association.cyhy_nmap_eip_assocs[47]: Refreshing state... [id=eipassoc-0d07346e2dd2046e5]
aws_eip_association.cyhy_nmap_eip_assocs[58]: Refreshing state... [id=eipassoc-02228cd111f3a0eba]
aws_eip_association.cyhy_nmap_eip_assocs[41]: Refreshing state... [id=eipassoc-0521eccf9296009e2]
aws_eip_association.cyhy_nmap_eip_assocs[37]: Refreshing state... [id=eipassoc-0f4c28d0d11a43568]
aws_eip_association.cyhy_nmap_eip_assocs[22]: Refreshing state... [id=eipassoc-0ff57abd6a336507a]
aws_eip_association.cyhy_nmap_eip_assocs[49]: Refreshing state... [id=eipassoc-02b433915198f8713]
aws_eip_association.cyhy_nmap_eip_assocs[54]: Refreshing state... [id=eipassoc-04c62a0e4365ac43f]
aws_eip_association.cyhy_nmap_eip_assocs[15]: Refreshing state... [id=eipassoc-08a64b0f7b5b79443]
aws_eip_association.cyhy_nmap_eip_assocs[52]: Refreshing state... [id=eipassoc-004b27c550213fe6e]
aws_eip_association.cyhy_nmap_eip_assocs[44]: Refreshing state... [id=eipassoc-09f547f56e29726a6]
aws_eip_association.cyhy_nmap_eip_assocs[50]: Refreshing state... [id=eipassoc-03e6572d8d50eada0]
aws_eip_association.cyhy_nmap_eip_assocs[38]: Refreshing state... [id=eipassoc-0dc791137ceea6b31]
aws_eip_association.cyhy_nmap_eip_assocs[51]: Refreshing state... [id=eipassoc-069e79d524f227d7b]
aws_eip_association.cyhy_nmap_eip_assocs[35]: Refreshing state... [id=eipassoc-0df6b84783682fa09]
aws_eip_association.cyhy_nmap_eip_assocs[33]: Refreshing state... [id=eipassoc-0f952a1826973bb49]

------------------------------------------------------------------------

An execution plan has been generated and is shown below.
Resource actions are indicated with the following symbols:
  + create
  ~ update in-place
  - destroy
+/- create replacement and then destroy
 <= read (data resources)

Terraform will perform the following actions:

  # aws_ebs_volume.bod_report_data will be updated in-place
  ~ resource "aws_ebs_volume" "bod_report_data" {
        arn               = "arn:aws:ec2:us-east-1:344440683180:volume/vol-0da411d2971c8e4b1"
        availability_zone = "us-east-1a"
        encrypted         = true
        id                = "vol-0da411d2971c8e4b1"
        iops              = 100
        kms_key_id        = "arn:aws:kms:us-east-1:344440683180:key/a12e4ef8-505d-4259-aee1-636d75de33b5"
        size              = 200
      ~ tags              = {
          - "Name"      = "BOD 18-01 Docker host" -> null
          - "Workspace" = "prod-a" -> null
        }
        type              = "io1"
    }

  # aws_ebs_volume.cyhy_reporter_data will be updated in-place
  ~ resource "aws_ebs_volume" "cyhy_reporter_data" {
        arn               = "arn:aws:ec2:us-east-1:344440683180:volume/vol-08ed440fca445f2fd"
        availability_zone = "us-east-1a"
        encrypted         = true
        id                = "vol-08ed440fca445f2fd"
        iops              = 100
        kms_key_id        = "arn:aws:kms:us-east-1:344440683180:key/a12e4ef8-505d-4259-aee1-636d75de33b5"
        size              = 200
      ~ tags              = {
          - "Application" = "Cyber Hygiene" -> null
          - "Name"        = "CyHy Reporter" -> null
          - "Team"        = "NCATS OIS - Development" -> null
          - "Workspace"   = "prod-a" -> null
        }
        type              = "io1"
    }

  # aws_iam_access_key.moe_user_read will be created
  + resource "aws_iam_access_key" "moe_user_read" {
      + encrypted_secret  = (known after apply)
      + id                = (known after apply)
      + key_fingerprint   = (known after apply)
      + secret            = (known after apply)
      + ses_smtp_password = (known after apply)
      + status            = (known after apply)
      + user              = "moe-user-read"
    }

  # aws_iam_instance_profile.cyhy_pnnl will be created
  + resource "aws_iam_instance_profile" "cyhy_pnnl" {
      + arn         = (known after apply)
      + create_date = (known after apply)
      + id          = (known after apply)
      + name        = (known after apply)
      + path        = "/"
      + role        = (known after apply)
      + roles       = (known after apply)
      + unique_id   = (known after apply)
    }

  # aws_iam_role.cyhy_pnnl_role will be created
  + resource "aws_iam_role" "cyhy_pnnl_role" {
      + arn                   = (known after apply)
      + assume_role_policy    = jsonencode(
            {
              + Statement = [
                  + {
                      + Action    = "sts:AssumeRole"
                      + Effect    = "Allow"
                      + Principal = {
                          + Service = "ec2.amazonaws.com"
                        }
                      + Sid       = ""
                    },
                ]
              + Version   = "2012-10-17"
            }
        )
      + create_date           = (known after apply)
      + force_detach_policies = false
      + id                    = (known after apply)
      + max_session_duration  = 3600
      + name                  = (known after apply)
      + path                  = "/"
      + unique_id             = (known after apply)
    }

  # aws_iam_user.moe_user_read will be created
  + resource "aws_iam_user" "moe_user_read" {
      + arn           = (known after apply)
      + force_destroy = false
      + id            = (known after apply)
      + name          = "moe-user-read"
      + path          = "/"
      + unique_id     = (known after apply)
    }

  # aws_iam_user_policy.moe_read_policy will be created
  + resource "aws_iam_user_policy" "moe_read_policy" {
      + id     = (known after apply)
      + name   = (known after apply)
      + policy = jsonencode(
            {
              + Statement = [
                  + {
                      + Action   = "s3:ListBucket"
                      + Effect   = "Allow"
                      + Resource = "arn:aws:s3:::ncats-moe-data"
                      + Sid      = ""
                    },
                  + {
                      + Action   = "s3:GetObject"
                      + Effect   = "Allow"
                      + Resource = "arn:aws:s3:::ncats-moe-data/*"
                      + Sid      = ""
                    },
                ]
              + Version   = "2012-10-17"
            }
        )
      + user   = "moe-user-read"
    }

  # aws_instance.cyhy_pnnl[0] will be created
  + resource "aws_instance" "cyhy_pnnl" {
      + ami                          = "ami-00dd9d44cc987cb67"
      + arn                          = (known after apply)
      + associate_public_ip_address  = false
      + availability_zone            = "us-east-1a"
      + cpu_core_count               = (known after apply)
      + cpu_threads_per_core         = (known after apply)
      + get_password_data            = false
      + host_id                      = (known after apply)
      + iam_instance_profile         = (known after apply)
      + id                           = (known after apply)
      + instance_state               = (known after apply)
      + instance_type                = "t3.medium"
      + ipv6_address_count           = (known after apply)
      + ipv6_addresses               = (known after apply)
      + key_name                     = (known after apply)
      + network_interface_id         = (known after apply)
      + password_data                = (known after apply)
      + placement_group              = (known after apply)
      + primary_network_interface_id = (known after apply)
      + private_dns                  = (known after apply)
      + private_ip                   = (known after apply)
      + public_dns                   = (known after apply)
      + public_ip                    = (known after apply)
      + security_groups              = (known after apply)
      + source_dest_check            = true
      + subnet_id                    = "subnet-031bc030ef9bed2e0"
      + tags                         = {
          + "Application" = "Cyber Hygiene"
          + "Name"        = "CyHy PNNL"
          + "Team"        = "NCATS OIS - Development"
          + "Workspace"   = "prod-a"
        }
      + tenancy                      = (known after apply)
      + user_data_base64             = "H4sIAAAAAAAA/8yWW4+jyB3F3y31d0CdlxkhN2AM2F71Qxl8BWxz84UoGhVQBgwUuApsw6eP3JPWTnY3UqSRkuGJOpyC89NfR4Va4hrhuu+2FZowRZPXaQVJzRXpA0W/MUHZ4AiS9v3VXJmz6dbbaMA+vfaeq/4eEZqWeMIIb/xL76XX7/9oeul9vltLaVXStP7wwrqGYVIgXP/GnNMcYVig99eGIvKN0uQbRXVTvbVF/vr7fpdATM+I9Gc4LKMUxxNGCdL6B8NH+Bo9ai7MyybqhyU+p/FLz0wL9KeYf/vR0+s9P00nPYbpM88sE6aAJHs7ozxKyoYi3GMYholJ2VR0wvydoU1UMv/4EJ+3T+kVGMb7F2AYX5nNdgcc56BNgGG8ftoSlOcThgtSzAWQJt9FmvRhUyclSTsU9TPUfmR4Xv2Ph4RCBgAApuKmg6rQhoPZc6kBC0wBACqwNBMQdHUE2IY4doWrBejxXCpc0tWjdeTcVCHQxg7hD5Xr7Q8HJB8Og+Jkjc9LcFoPq90i4NZnMRGkjW0u1Ts1d8283LHjQklR0N2cocKFSIh5BWx1MTgPWlsY3DhnbM0BiUELg6tdad1QbGE7qFlxdXGWDz/X9U3M4/3wke44w74eb91cvfgaaKSO5vMl1xBfDpLlwzLb+yE68PbyfDhGHbuVycIenQVaqru70ub38wB0OUSqzR2wO7ZSXXIXkvsgWVngPJ1JssuvsySPFsTNo6webHTBHrPifT6UeRFbVz0L1fg4r3094+96KLmsz025whkbBx62kFyEvbwUUqmoaHjaaqLoy0uYz47RQDpuRaFUtXo8b4BSLbe+tcJuddtstay+3LOs47VMTuWrGMj8Gt7SqTRToToOQks7H+eL/aYDHOvt6+1K3+pFpcRohEXhMptdZZzl2oPsM8ApWAn148Vz/WAvGaRhxfI8yo3opIbrJDQMU3OKdbCo7woHNpLE3h4XXhlUBhUM4IXaNJ/V16tEnMQL52iuNY+cV6kytWEwUhIZb7lmpbsgGPqbAOg1P230wyDu7HJ/8ZI0MI2Qy8t1i/zmAGXFskYAKXIyGEY7rxsO7bbJuaNkLFMcLyIxv1tme+D44lLt9YvK59SjC8iuB3fUUbN7kBG9jN3LqUtM1bPPyngma1NvK3ReMw/5rL2/v/9FrT4LF8FbGr0RFBXp/6ttKBpIkjD+aJz6vXG5r62EjTuTntpqp3pkvtLuBvBJnnU3XSHhdn/azJSb05bVYmnOffeonHLL+SPPJ+YFEVS0b2cCaYrIrwq6XGfz+PSQRreIW6tptrLsfWF50w2UMiEZ++yjM2Vw8Y3r7M9En6hZm6M3dEOE/qqY+kmqr6ZdY9/J9ru7xx+FTgcjQ7TxrUgcYHPBEtSRuA/Jv9N8IuI0TMoc0rcijEqMUZ7/qqjzgx/rqRdW2Bnt7rO1NKQPEohcUItSES7khxPI5DYcKvDyV1Q/da6HbdJ++98d7se+iUiM/rUnT2n9BVYVwtFXNkrD+gtBYUMo+gYJge1Xltbky9f/5pfgifGfR5SUBYpSMmG4GyTc796fntyWIE/DBRUG5m7Fx4mis6cFnDmnWB24J6EDbOboXMxiif0e8Y+z6vdfev8MAAD//w8q1tniCQAA"
      + volume_tags                  = (known after apply)
      + vpc_security_group_ids       = [
          + "sg-0cfaa6f945ccfc037",
        ]

      + ebs_block_device {
          + delete_on_termination = (known after apply)
          + device_name           = (known after apply)
          + encrypted             = (known after apply)
          + iops                  = (known after apply)
          + kms_key_id            = (known after apply)
          + snapshot_id           = (known after apply)
          + volume_id             = (known after apply)
          + volume_size           = (known after apply)
          + volume_type           = (known after apply)
        }

      + ephemeral_block_device {
          + device_name  = (known after apply)
          + no_device    = (known after apply)
          + virtual_name = (known after apply)
        }

      + network_interface {
          + delete_on_termination = (known after apply)
          + device_index          = (known after apply)
          + network_interface_id  = (known after apply)
        }

      + root_block_device {
          + delete_on_termination = true
          + encrypted             = (known after apply)
          + iops                  = (known after apply)
          + kms_key_id            = (known after apply)
          + volume_id             = (known after apply)
          + volume_size           = 2000
          + volume_type           = "gp2"
        }
    }

  # module.bod_docker_ansible_provisioner.null_resource.provisioner[0] must be replaced
+/- resource "null_resource" "provisioner" {
      ~ id       = "1902336802837111762" -> (known after apply)
      ~ triggers = { # forces replacement
          ~ "command"   = "ansible-playbook  --user=david.redmin --ssh-common-args='-o StrictHostKeyChecking=no -o ProxyCommand=\"ssh -W %h:%p -o StrictHostKeyChecking=no -q david.redmin@3.222.116.200\"' -e host=10.11.1.25 -e bastion_host=3.222.116.200 -e host_groups=docker,bod_docker -e production_workspace=true -e aws_region=us-east-1 -e dmarc_import_aws_region=us-east-1 -e ses_aws_region=us-east-1 -e docker_compose_override_file_for_mailer=docker-compose.bod.yml ../ansible/playbook.yml" -> "ansible-playbook  --user=nicholas.mcdonnell --ssh-common-args='-o StrictHostKeyChecking=no -o ProxyCommand=\"ssh -W %h:%p -o StrictHostKeyChecking=no -q nicholas.mcdonnell@3.222.116.200\"' -e host=10.11.1.25 -e bastion_host=3.222.116.200 -e host_groups=docker,bod_docker -e production_workspace=true -e aws_region=us-east-1 -e dmarc_import_aws_region=us-east-1 -e ses_aws_region=us-east-1 -e docker_compose_override_file_for_mailer=docker-compose.bod.yml ../ansible/playbook.yml"
          ~ "signature" = "5411fd088dfb7ae93569d1e9f1c90bd1" -> "4f7e5ab0991b8e3bf2f4c9829d6a5c9c"
        }
    }

  # module.cyhy_bastion_ansible_provisioner.null_resource.provisioner[0] must be replaced
+/- resource "null_resource" "provisioner" {
      ~ id       = "7274235766076356374" -> (known after apply)
      ~ triggers = { # forces replacement
          ~ "command"   = "ansible-playbook  --user=david.redmin --ssh-common-args='-o StrictHostKeyChecking=no' -e host=3.80.12.86 -e host_groups=cyhy_bastion ../ansible/playbook.yml" -> "ansible-playbook  --user=nicholas.mcdonnell --ssh-common-args='-o StrictHostKeyChecking=no' -e host=3.80.12.86 -e host_groups=cyhy_bastion ../ansible/playbook.yml"
          ~ "signature" = "5411fd088dfb7ae93569d1e9f1c90bd1" -> "4f7e5ab0991b8e3bf2f4c9829d6a5c9c"
        }
    }

  # module.cyhy_dashboard_ansible_provisioner.null_resource.provisioner[0] must be replaced
+/- resource "null_resource" "provisioner" {
      ~ id       = "5582315301183977633" -> (known after apply)
      ~ triggers = { # forces replacement
          ~ "command"   = "ansible-playbook  --user=david.redmin --ssh-common-args='-o StrictHostKeyChecking=no -o ProxyCommand=\"ssh -W %h:%p -o StrictHostKeyChecking=no -q david.redmin@3.80.12.86\"' -e host=10.10.10.113 -e bastion_host=3.80.12.86 -e host_groups=cyhy_dashboard ../ansible/playbook.yml" -> "ansible-playbook  --user=nicholas.mcdonnell --ssh-common-args='-o StrictHostKeyChecking=no -o ProxyCommand=\"ssh -W %h:%p -o StrictHostKeyChecking=no -q nicholas.mcdonnell@3.80.12.86\"' -e host=10.10.10.113 -e bastion_host=3.80.12.86 -e host_groups=cyhy_dashboard ../ansible/playbook.yml"
          ~ "signature" = "5411fd088dfb7ae93569d1e9f1c90bd1" -> "4f7e5ab0991b8e3bf2f4c9829d6a5c9c"
        }
    }

  # module.cyhy_mongo_ansible_provisioner.null_resource.provisioner[0] must be replaced
+/- resource "null_resource" "provisioner" {
      ~ id       = "3701844112205286149" -> (known after apply)
      ~ triggers = { # forces replacement
          ~ "command"   = "ansible-playbook  --user=david.redmin --ssh-common-args='-o StrictHostKeyChecking=no -o ProxyCommand=\"ssh -W %h:%p -o StrictHostKeyChecking=no -q david.redmin@3.80.12.86\"' -e ANSIBLE_SSH_RETRIES=5 -e host=10.10.10.123 -e bastion_host=3.80.12.86 -e cyhy_archive_s3_bucket_name=ncats-cyhy-archive-prod-a -e cyhy_archive_s3_bucket_region=us-east-1 -e host_groups=mongo,cyhy_commander,cyhy_archive -e production_workspace=true -e aws_region=us-east-1 -e dmarc_import_aws_region=us-east-1 ../ansible/playbook.yml" -> "ansible-playbook  --user=nicholas.mcdonnell --ssh-common-args='-o StrictHostKeyChecking=no -o ProxyCommand=\"ssh -W %h:%p -o StrictHostKeyChecking=no -q nicholas.mcdonnell@3.80.12.86\"' -e ANSIBLE_SSH_RETRIES=5 -e host=10.10.10.123 -e bastion_host=3.80.12.86 -e cyhy_archive_s3_bucket_name=ncats-cyhy-archive-prod-a -e cyhy_archive_s3_bucket_region=us-east-1 -e host_groups=mongo,cyhy_commander,cyhy_archive -e production_workspace=true -e aws_region=us-east-1 -e dmarc_import_aws_region=us-east-1 ../ansible/playbook.yml"
          ~ "signature" = "5411fd088dfb7ae93569d1e9f1c90bd1" -> "4f7e5ab0991b8e3bf2f4c9829d6a5c9c"
        }
    }

  # module.cyhy_pnnl_ansible_provisioner.data.archive_file.default will be read during apply
  # (config refers to values not yet known)
 <= data "archive_file" "default"  {
      + id                  = (known after apply)
      + output_base64sha256 = (known after apply)
      + output_md5          = (known after apply)
      + output_path         = (known after apply)
      + output_sha          = (known after apply)
      + output_size         = (known after apply)
      + source_dir          = "../ansible"
      + type                = "zip"
    }

  # module.cyhy_pnnl_ansible_provisioner.null_resource.cleanup will be created
  + resource "null_resource" "cleanup" {
      + id       = (known after apply)
      + triggers = (known after apply)
    }

  # module.cyhy_pnnl_ansible_provisioner.null_resource.provisioner[0] will be created
  + resource "null_resource" "provisioner" {
      + id       = (known after apply)
      + triggers = (known after apply)
    }

  # module.cyhy_pnnl_ansible_provisioner.random_id.default will be created
  + resource "random_id" "default" {
      + b64         = (known after apply)
      + b64_std     = (known after apply)
      + b64_url     = (known after apply)
      + byte_length = 8
      + dec         = (known after apply)
      + hex         = (known after apply)
      + id          = (known after apply)
    }

  # module.cyhy_reporter_ansible_provisioner.null_resource.provisioner[0] must be replaced
+/- resource "null_resource" "provisioner" {
      ~ id       = "8695923407754111831" -> (known after apply)
      ~ triggers = { # forces replacement
          ~ "command"   = "ansible-playbook  --user=david.redmin --ssh-common-args='-o StrictHostKeyChecking=no -o ProxyCommand=\"ssh -W %h:%p -o StrictHostKeyChecking=no -q david.redmin@3.80.12.86\"' -e host=10.10.10.65 -e bastion_host=3.80.12.86 -e host_groups=docker,cyhy_reporter -e production_workspace=true -e ses_aws_region=us-east-1 -e docker_compose_override_file_for_mailer=docker-compose.cyhy.yml ../ansible/playbook.yml" -> "ansible-playbook  --user=nicholas.mcdonnell --ssh-common-args='-o StrictHostKeyChecking=no -o ProxyCommand=\"ssh -W %h:%p -o StrictHostKeyChecking=no -q nicholas.mcdonnell@3.80.12.86\"' -e host=10.10.10.65 -e bastion_host=3.80.12.86 -e host_groups=docker,cyhy_reporter -e production_workspace=true -e ses_aws_region=us-east-1 -e docker_compose_override_file_for_mailer=docker-compose.cyhy.yml ../ansible/playbook.yml"
          ~ "signature" = "5411fd088dfb7ae93569d1e9f1c90bd1" -> "4f7e5ab0991b8e3bf2f4c9829d6a5c9c"
        }
    }

  # module.dyn_nessus.module.cyhy_nessus_ansible_provisioner_0.null_resource.provisioner[0] must be replaced
+/- resource "null_resource" "provisioner" {
      ~ id       = "4602983403115787849" -> (known after apply)
      ~ triggers = { # forces replacement
          ~ "command"   = "ansible-playbook  --user=david.redmin --ssh-common-args='-o StrictHostKeyChecking=no -o ProxyCommand=\"ssh -W %h:%p -o StrictHostKeyChecking=no -q david.redmin@3.80.12.86\"' -e host=10.10.11.171 -e bastion_host=3.80.12.86 -e host_groups=cyhy_runner,nessus -e nessus_activation_code=RG3V-7C6R-7NPJ-ME6L ../ansible/playbook.yml" -> "ansible-playbook  --user=nicholas.mcdonnell --ssh-common-args='-o StrictHostKeyChecking=no -o ProxyCommand=\"ssh -W %h:%p -o StrictHostKeyChecking=no -q nicholas.mcdonnell@3.80.12.86\"' -e host=10.10.11.171 -e bastion_host=3.80.12.86 -e host_groups=cyhy_runner,nessus -e nessus_activation_code=RG3V-7C6R-7NPJ-ME6L ../ansible/playbook.yml"
          ~ "signature" = "5411fd088dfb7ae93569d1e9f1c90bd1" -> "4f7e5ab0991b8e3bf2f4c9829d6a5c9c"
        }
    }

  # module.dyn_nessus.module.cyhy_nessus_ansible_provisioner_1.null_resource.provisioner[0] must be replaced
+/- resource "null_resource" "provisioner" {
      ~ id       = "4876186412738607484" -> (known after apply)
      ~ triggers = { # forces replacement
          ~ "command"   = "ansible-playbook  --user=david.redmin --ssh-common-args='-o StrictHostKeyChecking=no -o ProxyCommand=\"ssh -W %h:%p -o StrictHostKeyChecking=no -q david.redmin@3.80.12.86\"' -e host=10.10.11.156 -e bastion_host=3.80.12.86 -e host_groups=cyhy_runner,nessus -e nessus_activation_code=CCRN-Z394-MUB2-7UML ../ansible/playbook.yml" -> "ansible-playbook  --user=nicholas.mcdonnell --ssh-common-args='-o StrictHostKeyChecking=no -o ProxyCommand=\"ssh -W %h:%p -o StrictHostKeyChecking=no -q nicholas.mcdonnell@3.80.12.86\"' -e host=10.10.11.156 -e bastion_host=3.80.12.86 -e host_groups=cyhy_runner,nessus -e nessus_activation_code=CCRN-Z394-MUB2-7UML ../ansible/playbook.yml"
          ~ "signature" = "5411fd088dfb7ae93569d1e9f1c90bd1" -> "4f7e5ab0991b8e3bf2f4c9829d6a5c9c"
        }
    }

  # module.dyn_nessus.module.cyhy_nessus_ansible_provisioner_2.null_resource.provisioner[0] must be replaced
+/- resource "null_resource" "provisioner" {
      ~ id       = "7707107506442362999" -> (known after apply)
      ~ triggers = { # forces replacement
          ~ "command"   = "ansible-playbook  --user=david.redmin --ssh-common-args='-o StrictHostKeyChecking=no -o ProxyCommand=\"ssh -W %h:%p -o StrictHostKeyChecking=no -q david.redmin@3.80.12.86\"' -e host=10.10.11.238 -e bastion_host=3.80.12.86 -e host_groups=cyhy_runner,nessus -e nessus_activation_code=CVC5-MNDY-QN3D-M2BD ../ansible/playbook.yml" -> "ansible-playbook  --user=nicholas.mcdonnell --ssh-common-args='-o StrictHostKeyChecking=no -o ProxyCommand=\"ssh -W %h:%p -o StrictHostKeyChecking=no -q nicholas.mcdonnell@3.80.12.86\"' -e host=10.10.11.238 -e bastion_host=3.80.12.86 -e host_groups=cyhy_runner,nessus -e nessus_activation_code=CVC5-MNDY-QN3D-M2BD ../ansible/playbook.yml"
          ~ "signature" = "5411fd088dfb7ae93569d1e9f1c90bd1" -> "4f7e5ab0991b8e3bf2f4c9829d6a5c9c"
        }
    }

  # module.dyn_nmap.module.cyhy_nmap_ansible_provisioner_0.null_resource.provisioner[0] must be replaced
+/- resource "null_resource" "provisioner" {
      ~ id       = "4483751260132843676" -> (known after apply)
      ~ triggers = { # forces replacement
          ~ "command"   = "ansible-playbook  --user=david.redmin --ssh-common-args='-o StrictHostKeyChecking=no -o ProxyCommand=\"ssh -W %h:%p -o StrictHostKeyChecking=no -q david.redmin@3.80.12.86\"' -e host=10.10.11.56 -e bastion_host=3.80.12.86 -e host_groups=cyhy_runner,nmap ../ansible/playbook.yml" -> "ansible-playbook  --user=nicholas.mcdonnell --ssh-common-args='-o StrictHostKeyChecking=no -o ProxyCommand=\"ssh -W %h:%p -o StrictHostKeyChecking=no -q nicholas.mcdonnell@3.80.12.86\"' -e host=10.10.11.56 -e bastion_host=3.80.12.86 -e host_groups=cyhy_runner,nmap ../ansible/playbook.yml"
          ~ "signature" = "5411fd088dfb7ae93569d1e9f1c90bd1" -> "4f7e5ab0991b8e3bf2f4c9829d6a5c9c"
        }
    }

  # module.dyn_nmap.module.cyhy_nmap_ansible_provisioner_1.null_resource.provisioner[0] must be replaced
+/- resource "null_resource" "provisioner" {
      ~ id       = "4230381181530936552" -> (known after apply)
      ~ triggers = { # forces replacement
          ~ "command"   = "ansible-playbook  --user=david.redmin --ssh-common-args='-o StrictHostKeyChecking=no -o ProxyCommand=\"ssh -W %h:%p -o StrictHostKeyChecking=no -q david.redmin@3.80.12.86\"' -e host=10.10.11.50 -e bastion_host=3.80.12.86 -e host_groups=cyhy_runner,nmap ../ansible/playbook.yml" -> "ansible-playbook  --user=nicholas.mcdonnell --ssh-common-args='-o StrictHostKeyChecking=no -o ProxyCommand=\"ssh -W %h:%p -o StrictHostKeyChecking=no -q nicholas.mcdonnell@3.80.12.86\"' -e host=10.10.11.50 -e bastion_host=3.80.12.86 -e host_groups=cyhy_runner,nmap ../ansible/playbook.yml"
          ~ "signature" = "5411fd088dfb7ae93569d1e9f1c90bd1" -> "4f7e5ab0991b8e3bf2f4c9829d6a5c9c"
        }
    }

  # module.dyn_nmap.module.cyhy_nmap_ansible_provisioner_10.null_resource.provisioner[0] must be replaced
+/- resource "null_resource" "provisioner" {
      ~ id       = "2723759282144494575" -> (known after apply)
      ~ triggers = { # forces replacement
          ~ "command"   = "ansible-playbook  --user=david.redmin --ssh-common-args='-o StrictHostKeyChecking=no -o ProxyCommand=\"ssh -W %h:%p -o StrictHostKeyChecking=no -q david.redmin@3.80.12.86\"' -e host=10.10.11.68 -e bastion_host=3.80.12.86 -e host_groups=cyhy_runner,nmap ../ansible/playbook.yml" -> "ansible-playbook  --user=nicholas.mcdonnell --ssh-common-args='-o StrictHostKeyChecking=no -o ProxyCommand=\"ssh -W %h:%p -o StrictHostKeyChecking=no -q nicholas.mcdonnell@3.80.12.86\"' -e host=10.10.11.68 -e bastion_host=3.80.12.86 -e host_groups=cyhy_runner,nmap ../ansible/playbook.yml"
          ~ "signature" = "5411fd088dfb7ae93569d1e9f1c90bd1" -> "4f7e5ab0991b8e3bf2f4c9829d6a5c9c"
        }
    }

  # module.dyn_nmap.module.cyhy_nmap_ansible_provisioner_11.null_resource.provisioner[0] is tainted, so must be replaced
+/- resource "null_resource" "provisioner" {
      ~ id       = "7758984473982915976" -> (known after apply)
      ~ triggers = {
          ~ "command"   = "ansible-playbook  --user=david.redmin --ssh-common-args='-o StrictHostKeyChecking=no -o ProxyCommand=\"ssh -W %h:%p -o StrictHostKeyChecking=no -q david.redmin@3.80.12.86\"' -e host=10.10.11.39 -e bastion_host=3.80.12.86 -e host_groups=cyhy_runner,nmap ../ansible/playbook.yml" -> "ansible-playbook  --user=nicholas.mcdonnell --ssh-common-args='-o StrictHostKeyChecking=no -o ProxyCommand=\"ssh -W %h:%p -o StrictHostKeyChecking=no -q nicholas.mcdonnell@3.80.12.86\"' -e host=10.10.11.39 -e bastion_host=3.80.12.86 -e host_groups=cyhy_runner,nmap ../ansible/playbook.yml"
          ~ "signature" = "5411fd088dfb7ae93569d1e9f1c90bd1" -> "4f7e5ab0991b8e3bf2f4c9829d6a5c9c"
        }
    }

  # module.dyn_nmap.module.cyhy_nmap_ansible_provisioner_11.null_resource.provisioner[0] (deposed object 036564a5) will be destroyed
  - resource "null_resource" "provisioner" {
      - id       = "5286952184650895147" -> null
      - triggers = {
          - "command"   = "ansible-playbook  --user=david.redmin --ssh-common-args='-o StrictHostKeyChecking=no -o ProxyCommand=\"ssh -W %h:%p -o StrictHostKeyChecking=no -q david.redmin@3.80.12.86\"' -e host=10.10.11.39 -e bastion_host=3.80.12.86 -e host_groups=cyhy_runner,nmap ../ansible/playbook.yml"
          - "signature" = "2c4832c0435648d12b3c5384b9e09a54"
        } -> null
    }

  # module.dyn_nmap.module.cyhy_nmap_ansible_provisioner_11.null_resource.provisioner[0] (deposed object 5ee3ed2c) will be destroyed
  - resource "null_resource" "provisioner" {
      - id       = "2799681631882546973" -> null
      - triggers = {
          - "command"   = "ansible-playbook  --user=david.redmin --ssh-common-args='-o StrictHostKeyChecking=no -o ProxyCommand=\"ssh -W %h:%p -o StrictHostKeyChecking=no -q david.redmin@3.80.12.86\"' -e host=10.10.11.39 -e bastion_host=3.80.12.86 -e host_groups=cyhy_runner,nmap ../ansible/playbook.yml"
          - "signature" = "5411fd088dfb7ae93569d1e9f1c90bd1"
        } -> null
    }

  # module.dyn_nmap.module.cyhy_nmap_ansible_provisioner_11.null_resource.provisioner[0] (deposed object 87a881da) will be destroyed
  - resource "null_resource" "provisioner" {
      - id       = "7285541835357769790" -> null
      - triggers = {
          - "command"   = "ansible-playbook  --user=david.redmin --ssh-common-args='-o StrictHostKeyChecking=no -o ProxyCommand=\"ssh -W %h:%p -o StrictHostKeyChecking=no -q david.redmin@3.80.12.86\"' -e host=10.10.11.39 -e bastion_host=3.80.12.86 -e host_groups=cyhy_runner,nmap ../ansible/playbook.yml"
          - "signature" = "5411fd088dfb7ae93569d1e9f1c90bd1"
        } -> null
    }

  # module.dyn_nmap.module.cyhy_nmap_ansible_provisioner_12.null_resource.provisioner[0] must be replaced
+/- resource "null_resource" "provisioner" {
      ~ id       = "6181814357201456178" -> (known after apply)
      ~ triggers = { # forces replacement
          ~ "command"   = "ansible-playbook  --user=david.redmin --ssh-common-args='-o StrictHostKeyChecking=no -o ProxyCommand=\"ssh -W %h:%p -o StrictHostKeyChecking=no -q david.redmin@3.80.12.86\"' -e host=10.10.11.43 -e bastion_host=3.80.12.86 -e host_groups=cyhy_runner,nmap ../ansible/playbook.yml" -> "ansible-playbook  --user=nicholas.mcdonnell --ssh-common-args='-o StrictHostKeyChecking=no -o ProxyCommand=\"ssh -W %h:%p -o StrictHostKeyChecking=no -q nicholas.mcdonnell@3.80.12.86\"' -e host=10.10.11.43 -e bastion_host=3.80.12.86 -e host_groups=cyhy_runner,nmap ../ansible/playbook.yml"
          ~ "signature" = "5411fd088dfb7ae93569d1e9f1c90bd1" -> "4f7e5ab0991b8e3bf2f4c9829d6a5c9c"
        }
    }

  # module.dyn_nmap.module.cyhy_nmap_ansible_provisioner_13.null_resource.provisioner[0] must be replaced
+/- resource "null_resource" "provisioner" {
      ~ id       = "5167536523313837401" -> (known after apply)
      ~ triggers = { # forces replacement
          ~ "command"   = "ansible-playbook  --user=david.redmin --ssh-common-args='-o StrictHostKeyChecking=no -o ProxyCommand=\"ssh -W %h:%p -o StrictHostKeyChecking=no -q david.redmin@3.80.12.86\"' -e host=10.10.11.22 -e bastion_host=3.80.12.86 -e host_groups=cyhy_runner,nmap ../ansible/playbook.yml" -> "ansible-playbook  --user=nicholas.mcdonnell --ssh-common-args='-o StrictHostKeyChecking=no -o ProxyCommand=\"ssh -W %h:%p -o StrictHostKeyChecking=no -q nicholas.mcdonnell@3.80.12.86\"' -e host=10.10.11.22 -e bastion_host=3.80.12.86 -e host_groups=cyhy_runner,nmap ../ansible/playbook.yml"
          ~ "signature" = "5411fd088dfb7ae93569d1e9f1c90bd1" -> "4f7e5ab0991b8e3bf2f4c9829d6a5c9c"
        }
    }

  # module.dyn_nmap.module.cyhy_nmap_ansible_provisioner_14.null_resource.provisioner[0] must be replaced
+/- resource "null_resource" "provisioner" {
      ~ id       = "388480495140013180" -> (known after apply)
      ~ triggers = { # forces replacement
          ~ "command"   = "ansible-playbook  --user=david.redmin --ssh-common-args='-o StrictHostKeyChecking=no -o ProxyCommand=\"ssh -W %h:%p -o StrictHostKeyChecking=no -q david.redmin@3.80.12.86\"' -e host=10.10.11.52 -e bastion_host=3.80.12.86 -e host_groups=cyhy_runner,nmap ../ansible/playbook.yml" -> "ansible-playbook  --user=nicholas.mcdonnell --ssh-common-args='-o StrictHostKeyChecking=no -o ProxyCommand=\"ssh -W %h:%p -o StrictHostKeyChecking=no -q nicholas.mcdonnell@3.80.12.86\"' -e host=10.10.11.52 -e bastion_host=3.80.12.86 -e host_groups=cyhy_runner,nmap ../ansible/playbook.yml"
          ~ "signature" = "5411fd088dfb7ae93569d1e9f1c90bd1" -> "4f7e5ab0991b8e3bf2f4c9829d6a5c9c"
        }
    }

  # module.dyn_nmap.module.cyhy_nmap_ansible_provisioner_15.null_resource.provisioner[0] must be replaced
+/- resource "null_resource" "provisioner" {
      ~ id       = "7333445697406899005" -> (known after apply)
      ~ triggers = { # forces replacement
          ~ "command"   = "ansible-playbook  --user=david.redmin --ssh-common-args='-o StrictHostKeyChecking=no -o ProxyCommand=\"ssh -W %h:%p -o StrictHostKeyChecking=no -q david.redmin@3.80.12.86\"' -e host=10.10.11.112 -e bastion_host=3.80.12.86 -e host_groups=cyhy_runner,nmap ../ansible/playbook.yml" -> "ansible-playbook  --user=nicholas.mcdonnell --ssh-common-args='-o StrictHostKeyChecking=no -o ProxyCommand=\"ssh -W %h:%p -o StrictHostKeyChecking=no -q nicholas.mcdonnell@3.80.12.86\"' -e host=10.10.11.112 -e bastion_host=3.80.12.86 -e host_groups=cyhy_runner,nmap ../ansible/playbook.yml"
          ~ "signature" = "5411fd088dfb7ae93569d1e9f1c90bd1" -> "4f7e5ab0991b8e3bf2f4c9829d6a5c9c"
        }
    }

  # module.dyn_nmap.module.cyhy_nmap_ansible_provisioner_16.null_resource.provisioner[0] must be replaced
+/- resource "null_resource" "provisioner" {
      ~ id       = "6013436666082143890" -> (known after apply)
      ~ triggers = { # forces replacement
          ~ "command"   = "ansible-playbook  --user=david.redmin --ssh-common-args='-o StrictHostKeyChecking=no -o ProxyCommand=\"ssh -W %h:%p -o StrictHostKeyChecking=no -q david.redmin@3.80.12.86\"' -e host=10.10.11.66 -e bastion_host=3.80.12.86 -e host_groups=cyhy_runner,nmap ../ansible/playbook.yml" -> "ansible-playbook  --user=nicholas.mcdonnell --ssh-common-args='-o StrictHostKeyChecking=no -o ProxyCommand=\"ssh -W %h:%p -o StrictHostKeyChecking=no -q nicholas.mcdonnell@3.80.12.86\"' -e host=10.10.11.66 -e bastion_host=3.80.12.86 -e host_groups=cyhy_runner,nmap ../ansible/playbook.yml"
          ~ "signature" = "5411fd088dfb7ae93569d1e9f1c90bd1" -> "4f7e5ab0991b8e3bf2f4c9829d6a5c9c"
        }
    }

  # module.dyn_nmap.module.cyhy_nmap_ansible_provisioner_17.null_resource.provisioner[0] must be replaced
+/- resource "null_resource" "provisioner" {
      ~ id       = "5767199676219241493" -> (known after apply)
      ~ triggers = { # forces replacement
          ~ "command"   = "ansible-playbook  --user=david.redmin --ssh-common-args='-o StrictHostKeyChecking=no -o ProxyCommand=\"ssh -W %h:%p -o StrictHostKeyChecking=no -q david.redmin@3.80.12.86\"' -e host=10.10.11.42 -e bastion_host=3.80.12.86 -e host_groups=cyhy_runner,nmap ../ansible/playbook.yml" -> "ansible-playbook  --user=nicholas.mcdonnell --ssh-common-args='-o StrictHostKeyChecking=no -o ProxyCommand=\"ssh -W %h:%p -o StrictHostKeyChecking=no -q nicholas.mcdonnell@3.80.12.86\"' -e host=10.10.11.42 -e bastion_host=3.80.12.86 -e host_groups=cyhy_runner,nmap ../ansible/playbook.yml"
          ~ "signature" = "5411fd088dfb7ae93569d1e9f1c90bd1" -> "4f7e5ab0991b8e3bf2f4c9829d6a5c9c"
        }
    }

  # module.dyn_nmap.module.cyhy_nmap_ansible_provisioner_18.null_resource.provisioner[0] must be replaced
+/- resource "null_resource" "provisioner" {
      ~ id       = "7827260430612183753" -> (known after apply)
      ~ triggers = { # forces replacement
          ~ "command"   = "ansible-playbook  --user=david.redmin --ssh-common-args='-o StrictHostKeyChecking=no -o ProxyCommand=\"ssh -W %h:%p -o StrictHostKeyChecking=no -q david.redmin@3.80.12.86\"' -e host=10.10.11.49 -e bastion_host=3.80.12.86 -e host_groups=cyhy_runner,nmap ../ansible/playbook.yml" -> "ansible-playbook  --user=nicholas.mcdonnell --ssh-common-args='-o StrictHostKeyChecking=no -o ProxyCommand=\"ssh -W %h:%p -o StrictHostKeyChecking=no -q nicholas.mcdonnell@3.80.12.86\"' -e host=10.10.11.49 -e bastion_host=3.80.12.86 -e host_groups=cyhy_runner,nmap ../ansible/playbook.yml"
          ~ "signature" = "5411fd088dfb7ae93569d1e9f1c90bd1" -> "4f7e5ab0991b8e3bf2f4c9829d6a5c9c"
        }
    }

  # module.dyn_nmap.module.cyhy_nmap_ansible_provisioner_19.null_resource.provisioner[0] must be replaced
+/- resource "null_resource" "provisioner" {
      ~ id       = "1617130117036559971" -> (known after apply)
      ~ triggers = { # forces replacement
          ~ "command"   = "ansible-playbook  --user=david.redmin --ssh-common-args='-o StrictHostKeyChecking=no -o ProxyCommand=\"ssh -W %h:%p -o StrictHostKeyChecking=no -q david.redmin@3.80.12.86\"' -e host=10.10.11.11 -e bastion_host=3.80.12.86 -e host_groups=cyhy_runner,nmap ../ansible/playbook.yml" -> "ansible-playbook  --user=nicholas.mcdonnell --ssh-common-args='-o StrictHostKeyChecking=no -o ProxyCommand=\"ssh -W %h:%p -o StrictHostKeyChecking=no -q nicholas.mcdonnell@3.80.12.86\"' -e host=10.10.11.11 -e bastion_host=3.80.12.86 -e host_groups=cyhy_runner,nmap ../ansible/playbook.yml"
          ~ "signature" = "5411fd088dfb7ae93569d1e9f1c90bd1" -> "4f7e5ab0991b8e3bf2f4c9829d6a5c9c"
        }
    }

  # module.dyn_nmap.module.cyhy_nmap_ansible_provisioner_2.null_resource.provisioner[0] must be replaced
+/- resource "null_resource" "provisioner" {
      ~ id       = "4915794658068581908" -> (known after apply)
      ~ triggers = { # forces replacement
          ~ "command"   = "ansible-playbook  --user=david.redmin --ssh-common-args='-o StrictHostKeyChecking=no -o ProxyCommand=\"ssh -W %h:%p -o StrictHostKeyChecking=no -q david.redmin@3.80.12.86\"' -e host=10.10.11.69 -e bastion_host=3.80.12.86 -e host_groups=cyhy_runner,nmap ../ansible/playbook.yml" -> "ansible-playbook  --user=nicholas.mcdonnell --ssh-common-args='-o StrictHostKeyChecking=no -o ProxyCommand=\"ssh -W %h:%p -o StrictHostKeyChecking=no -q nicholas.mcdonnell@3.80.12.86\"' -e host=10.10.11.69 -e bastion_host=3.80.12.86 -e host_groups=cyhy_runner,nmap ../ansible/playbook.yml"
          ~ "signature" = "5411fd088dfb7ae93569d1e9f1c90bd1" -> "4f7e5ab0991b8e3bf2f4c9829d6a5c9c"
        }
    }

  # module.dyn_nmap.module.cyhy_nmap_ansible_provisioner_20.null_resource.provisioner[0] must be replaced
+/- resource "null_resource" "provisioner" {
      ~ id       = "2597964381811410142" -> (known after apply)
      ~ triggers = { # forces replacement
          ~ "command"   = "ansible-playbook  --user=david.redmin --ssh-common-args='-o StrictHostKeyChecking=no -o ProxyCommand=\"ssh -W %h:%p -o StrictHostKeyChecking=no -q david.redmin@3.80.12.86\"' -e host=10.10.11.57 -e bastion_host=3.80.12.86 -e host_groups=cyhy_runner,nmap ../ansible/playbook.yml" -> "ansible-playbook  --user=nicholas.mcdonnell --ssh-common-args='-o StrictHostKeyChecking=no -o ProxyCommand=\"ssh -W %h:%p -o StrictHostKeyChecking=no -q nicholas.mcdonnell@3.80.12.86\"' -e host=10.10.11.57 -e bastion_host=3.80.12.86 -e host_groups=cyhy_runner,nmap ../ansible/playbook.yml"
          ~ "signature" = "5411fd088dfb7ae93569d1e9f1c90bd1" -> "4f7e5ab0991b8e3bf2f4c9829d6a5c9c"
        }
    }

  # module.dyn_nmap.module.cyhy_nmap_ansible_provisioner_21.null_resource.provisioner[0] must be replaced
+/- resource "null_resource" "provisioner" {
      ~ id       = "1267036721226211908" -> (known after apply)
      ~ triggers = { # forces replacement
          ~ "command"   = "ansible-playbook  --user=david.redmin --ssh-common-args='-o StrictHostKeyChecking=no -o ProxyCommand=\"ssh -W %h:%p -o StrictHostKeyChecking=no -q david.redmin@3.80.12.86\"' -e host=10.10.11.78 -e bastion_host=3.80.12.86 -e host_groups=cyhy_runner,nmap ../ansible/playbook.yml" -> "ansible-playbook  --user=nicholas.mcdonnell --ssh-common-args='-o StrictHostKeyChecking=no -o ProxyCommand=\"ssh -W %h:%p -o StrictHostKeyChecking=no -q nicholas.mcdonnell@3.80.12.86\"' -e host=10.10.11.78 -e bastion_host=3.80.12.86 -e host_groups=cyhy_runner,nmap ../ansible/playbook.yml"
          ~ "signature" = "5411fd088dfb7ae93569d1e9f1c90bd1" -> "4f7e5ab0991b8e3bf2f4c9829d6a5c9c"
        }
    }

  # module.dyn_nmap.module.cyhy_nmap_ansible_provisioner_22.null_resource.provisioner[0] must be replaced
+/- resource "null_resource" "provisioner" {
      ~ id       = "7276084319139791476" -> (known after apply)
      ~ triggers = { # forces replacement
          ~ "command"   = "ansible-playbook  --user=david.redmin --ssh-common-args='-o StrictHostKeyChecking=no -o ProxyCommand=\"ssh -W %h:%p -o StrictHostKeyChecking=no -q david.redmin@3.80.12.86\"' -e host=10.10.11.8 -e bastion_host=3.80.12.86 -e host_groups=cyhy_runner,nmap ../ansible/playbook.yml" -> "ansible-playbook  --user=nicholas.mcdonnell --ssh-common-args='-o StrictHostKeyChecking=no -o ProxyCommand=\"ssh -W %h:%p -o StrictHostKeyChecking=no -q nicholas.mcdonnell@3.80.12.86\"' -e host=10.10.11.8 -e bastion_host=3.80.12.86 -e host_groups=cyhy_runner,nmap ../ansible/playbook.yml"
          ~ "signature" = "5411fd088dfb7ae93569d1e9f1c90bd1" -> "4f7e5ab0991b8e3bf2f4c9829d6a5c9c"
        }
    }

  # module.dyn_nmap.module.cyhy_nmap_ansible_provisioner_23.null_resource.provisioner[0] must be replaced
+/- resource "null_resource" "provisioner" {
      ~ id       = "7872926119562776842" -> (known after apply)
      ~ triggers = { # forces replacement
          ~ "command"   = "ansible-playbook  --user=david.redmin --ssh-common-args='-o StrictHostKeyChecking=no -o ProxyCommand=\"ssh -W %h:%p -o StrictHostKeyChecking=no -q david.redmin@3.80.12.86\"' -e host=10.10.11.104 -e bastion_host=3.80.12.86 -e host_groups=cyhy_runner,nmap ../ansible/playbook.yml" -> "ansible-playbook  --user=nicholas.mcdonnell --ssh-common-args='-o StrictHostKeyChecking=no -o ProxyCommand=\"ssh -W %h:%p -o StrictHostKeyChecking=no -q nicholas.mcdonnell@3.80.12.86\"' -e host=10.10.11.104 -e bastion_host=3.80.12.86 -e host_groups=cyhy_runner,nmap ../ansible/playbook.yml"
          ~ "signature" = "5411fd088dfb7ae93569d1e9f1c90bd1" -> "4f7e5ab0991b8e3bf2f4c9829d6a5c9c"
        }
    }

  # module.dyn_nmap.module.cyhy_nmap_ansible_provisioner_24.null_resource.provisioner[0] must be replaced
+/- resource "null_resource" "provisioner" {
      ~ id       = "6199989976765668511" -> (known after apply)
      ~ triggers = { # forces replacement
          ~ "command"   = "ansible-playbook  --user=david.redmin --ssh-common-args='-o StrictHostKeyChecking=no -o ProxyCommand=\"ssh -W %h:%p -o StrictHostKeyChecking=no -q david.redmin@3.80.12.86\"' -e host=10.10.11.99 -e bastion_host=3.80.12.86 -e host_groups=cyhy_runner,nmap ../ansible/playbook.yml" -> "ansible-playbook  --user=nicholas.mcdonnell --ssh-common-args='-o StrictHostKeyChecking=no -o ProxyCommand=\"ssh -W %h:%p -o StrictHostKeyChecking=no -q nicholas.mcdonnell@3.80.12.86\"' -e host=10.10.11.99 -e bastion_host=3.80.12.86 -e host_groups=cyhy_runner,nmap ../ansible/playbook.yml"
          ~ "signature" = "5411fd088dfb7ae93569d1e9f1c90bd1" -> "4f7e5ab0991b8e3bf2f4c9829d6a5c9c"
        }
    }

  # module.dyn_nmap.module.cyhy_nmap_ansible_provisioner_25.null_resource.provisioner[0] must be replaced
+/- resource "null_resource" "provisioner" {
      ~ id       = "1291470258040795453" -> (known after apply)
      ~ triggers = { # forces replacement
          ~ "command"   = "ansible-playbook  --user=david.redmin --ssh-common-args='-o StrictHostKeyChecking=no -o ProxyCommand=\"ssh -W %h:%p -o StrictHostKeyChecking=no -q david.redmin@3.80.12.86\"' -e host=10.10.11.82 -e bastion_host=3.80.12.86 -e host_groups=cyhy_runner,nmap ../ansible/playbook.yml" -> "ansible-playbook  --user=nicholas.mcdonnell --ssh-common-args='-o StrictHostKeyChecking=no -o ProxyCommand=\"ssh -W %h:%p -o StrictHostKeyChecking=no -q nicholas.mcdonnell@3.80.12.86\"' -e host=10.10.11.82 -e bastion_host=3.80.12.86 -e host_groups=cyhy_runner,nmap ../ansible/playbook.yml"
          ~ "signature" = "5411fd088dfb7ae93569d1e9f1c90bd1" -> "4f7e5ab0991b8e3bf2f4c9829d6a5c9c"
        }
    }

  # module.dyn_nmap.module.cyhy_nmap_ansible_provisioner_26.null_resource.provisioner[0] must be replaced
+/- resource "null_resource" "provisioner" {
      ~ id       = "3283563854707034263" -> (known after apply)
      ~ triggers = { # forces replacement
          ~ "command"   = "ansible-playbook  --user=david.redmin --ssh-common-args='-o StrictHostKeyChecking=no -o ProxyCommand=\"ssh -W %h:%p -o StrictHostKeyChecking=no -q david.redmin@3.80.12.86\"' -e host=10.10.11.59 -e bastion_host=3.80.12.86 -e host_groups=cyhy_runner,nmap ../ansible/playbook.yml" -> "ansible-playbook  --user=nicholas.mcdonnell --ssh-common-args='-o StrictHostKeyChecking=no -o ProxyCommand=\"ssh -W %h:%p -o StrictHostKeyChecking=no -q nicholas.mcdonnell@3.80.12.86\"' -e host=10.10.11.59 -e bastion_host=3.80.12.86 -e host_groups=cyhy_runner,nmap ../ansible/playbook.yml"
          ~ "signature" = "5411fd088dfb7ae93569d1e9f1c90bd1" -> "4f7e5ab0991b8e3bf2f4c9829d6a5c9c"
        }
    }

  # module.dyn_nmap.module.cyhy_nmap_ansible_provisioner_27.null_resource.provisioner[0] must be replaced
+/- resource "null_resource" "provisioner" {
      ~ id       = "8615688147124181304" -> (known after apply)
      ~ triggers = { # forces replacement
          ~ "command"   = "ansible-playbook  --user=david.redmin --ssh-common-args='-o StrictHostKeyChecking=no -o ProxyCommand=\"ssh -W %h:%p -o StrictHostKeyChecking=no -q david.redmin@3.80.12.86\"' -e host=10.10.11.46 -e bastion_host=3.80.12.86 -e host_groups=cyhy_runner,nmap ../ansible/playbook.yml" -> "ansible-playbook  --user=nicholas.mcdonnell --ssh-common-args='-o StrictHostKeyChecking=no -o ProxyCommand=\"ssh -W %h:%p -o StrictHostKeyChecking=no -q nicholas.mcdonnell@3.80.12.86\"' -e host=10.10.11.46 -e bastion_host=3.80.12.86 -e host_groups=cyhy_runner,nmap ../ansible/playbook.yml"
          ~ "signature" = "5411fd088dfb7ae93569d1e9f1c90bd1" -> "4f7e5ab0991b8e3bf2f4c9829d6a5c9c"
        }
    }

  # module.dyn_nmap.module.cyhy_nmap_ansible_provisioner_28.null_resource.provisioner[0] must be replaced
+/- resource "null_resource" "provisioner" {
      ~ id       = "3387150139791143437" -> (known after apply)
      ~ triggers = { # forces replacement
          ~ "command"   = "ansible-playbook  --user=david.redmin --ssh-common-args='-o StrictHostKeyChecking=no -o ProxyCommand=\"ssh -W %h:%p -o StrictHostKeyChecking=no -q david.redmin@3.80.12.86\"' -e host=10.10.11.9 -e bastion_host=3.80.12.86 -e host_groups=cyhy_runner,nmap ../ansible/playbook.yml" -> "ansible-playbook  --user=nicholas.mcdonnell --ssh-common-args='-o StrictHostKeyChecking=no -o ProxyCommand=\"ssh -W %h:%p -o StrictHostKeyChecking=no -q nicholas.mcdonnell@3.80.12.86\"' -e host=10.10.11.9 -e bastion_host=3.80.12.86 -e host_groups=cyhy_runner,nmap ../ansible/playbook.yml"
          ~ "signature" = "5411fd088dfb7ae93569d1e9f1c90bd1" -> "4f7e5ab0991b8e3bf2f4c9829d6a5c9c"
        }
    }

  # module.dyn_nmap.module.cyhy_nmap_ansible_provisioner_29.null_resource.provisioner[0] must be replaced
+/- resource "null_resource" "provisioner" {
      ~ id       = "2519797357597551482" -> (known after apply)
      ~ triggers = { # forces replacement
          ~ "command"   = "ansible-playbook  --user=david.redmin --ssh-common-args='-o StrictHostKeyChecking=no -o ProxyCommand=\"ssh -W %h:%p -o StrictHostKeyChecking=no -q david.redmin@3.80.12.86\"' -e host=10.10.11.13 -e bastion_host=3.80.12.86 -e host_groups=cyhy_runner,nmap ../ansible/playbook.yml" -> "ansible-playbook  --user=nicholas.mcdonnell --ssh-common-args='-o StrictHostKeyChecking=no -o ProxyCommand=\"ssh -W %h:%p -o StrictHostKeyChecking=no -q nicholas.mcdonnell@3.80.12.86\"' -e host=10.10.11.13 -e bastion_host=3.80.12.86 -e host_groups=cyhy_runner,nmap ../ansible/playbook.yml"
          ~ "signature" = "5411fd088dfb7ae93569d1e9f1c90bd1" -> "4f7e5ab0991b8e3bf2f4c9829d6a5c9c"
        }
    }

  # module.dyn_nmap.module.cyhy_nmap_ansible_provisioner_3.null_resource.provisioner[0] must be replaced
+/- resource "null_resource" "provisioner" {
      ~ id       = "3386282960130300849" -> (known after apply)
      ~ triggers = { # forces replacement
          ~ "command"   = "ansible-playbook  --user=david.redmin --ssh-common-args='-o StrictHostKeyChecking=no -o ProxyCommand=\"ssh -W %h:%p -o StrictHostKeyChecking=no -q david.redmin@3.80.12.86\"' -e host=10.10.11.119 -e bastion_host=3.80.12.86 -e host_groups=cyhy_runner,nmap ../ansible/playbook.yml" -> "ansible-playbook  --user=nicholas.mcdonnell --ssh-common-args='-o StrictHostKeyChecking=no -o ProxyCommand=\"ssh -W %h:%p -o StrictHostKeyChecking=no -q nicholas.mcdonnell@3.80.12.86\"' -e host=10.10.11.119 -e bastion_host=3.80.12.86 -e host_groups=cyhy_runner,nmap ../ansible/playbook.yml"
          ~ "signature" = "5411fd088dfb7ae93569d1e9f1c90bd1" -> "4f7e5ab0991b8e3bf2f4c9829d6a5c9c"
        }
    }

  # module.dyn_nmap.module.cyhy_nmap_ansible_provisioner_30.null_resource.provisioner[0] must be replaced
+/- resource "null_resource" "provisioner" {
      ~ id       = "7248729792561666039" -> (known after apply)
      ~ triggers = { # forces replacement
          ~ "command"   = "ansible-playbook  --user=david.redmin --ssh-common-args='-o StrictHostKeyChecking=no -o ProxyCommand=\"ssh -W %h:%p -o StrictHostKeyChecking=no -q david.redmin@3.80.12.86\"' -e host=10.10.11.48 -e bastion_host=3.80.12.86 -e host_groups=cyhy_runner,nmap ../ansible/playbook.yml" -> "ansible-playbook  --user=nicholas.mcdonnell --ssh-common-args='-o StrictHostKeyChecking=no -o ProxyCommand=\"ssh -W %h:%p -o StrictHostKeyChecking=no -q nicholas.mcdonnell@3.80.12.86\"' -e host=10.10.11.48 -e bastion_host=3.80.12.86 -e host_groups=cyhy_runner,nmap ../ansible/playbook.yml"
          ~ "signature" = "5411fd088dfb7ae93569d1e9f1c90bd1" -> "4f7e5ab0991b8e3bf2f4c9829d6a5c9c"
        }
    }

  # module.dyn_nmap.module.cyhy_nmap_ansible_provisioner_31.null_resource.provisioner[0] must be replaced
+/- resource "null_resource" "provisioner" {
      ~ id       = "226395428514758829" -> (known after apply)
      ~ triggers = { # forces replacement
          ~ "command"   = "ansible-playbook  --user=david.redmin --ssh-common-args='-o StrictHostKeyChecking=no -o ProxyCommand=\"ssh -W %h:%p -o StrictHostKeyChecking=no -q david.redmin@3.80.12.86\"' -e host=10.10.11.86 -e bastion_host=3.80.12.86 -e host_groups=cyhy_runner,nmap ../ansible/playbook.yml" -> "ansible-playbook  --user=nicholas.mcdonnell --ssh-common-args='-o StrictHostKeyChecking=no -o ProxyCommand=\"ssh -W %h:%p -o StrictHostKeyChecking=no -q nicholas.mcdonnell@3.80.12.86\"' -e host=10.10.11.86 -e bastion_host=3.80.12.86 -e host_groups=cyhy_runner,nmap ../ansible/playbook.yml"
          ~ "signature" = "5411fd088dfb7ae93569d1e9f1c90bd1" -> "4f7e5ab0991b8e3bf2f4c9829d6a5c9c"
        }
    }

  # module.dyn_nmap.module.cyhy_nmap_ansible_provisioner_32.null_resource.provisioner[0] must be replaced
+/- resource "null_resource" "provisioner" {
      ~ id       = "6803290568505095815" -> (known after apply)
      ~ triggers = { # forces replacement
          ~ "command"   = "ansible-playbook  --user=david.redmin --ssh-common-args='-o StrictHostKeyChecking=no -o ProxyCommand=\"ssh -W %h:%p -o StrictHostKeyChecking=no -q david.redmin@3.80.12.86\"' -e host=10.10.11.40 -e bastion_host=3.80.12.86 -e host_groups=cyhy_runner,nmap ../ansible/playbook.yml" -> "ansible-playbook  --user=nicholas.mcdonnell --ssh-common-args='-o StrictHostKeyChecking=no -o ProxyCommand=\"ssh -W %h:%p -o StrictHostKeyChecking=no -q nicholas.mcdonnell@3.80.12.86\"' -e host=10.10.11.40 -e bastion_host=3.80.12.86 -e host_groups=cyhy_runner,nmap ../ansible/playbook.yml"
          ~ "signature" = "5411fd088dfb7ae93569d1e9f1c90bd1" -> "4f7e5ab0991b8e3bf2f4c9829d6a5c9c"
        }
    }

  # module.dyn_nmap.module.cyhy_nmap_ansible_provisioner_33.null_resource.provisioner[0] must be replaced
+/- resource "null_resource" "provisioner" {
      ~ id       = "2737899086256385472" -> (known after apply)
      ~ triggers = { # forces replacement
          ~ "command"   = "ansible-playbook  --user=david.redmin --ssh-common-args='-o StrictHostKeyChecking=no -o ProxyCommand=\"ssh -W %h:%p -o StrictHostKeyChecking=no -q david.redmin@3.80.12.86\"' -e host=10.10.11.84 -e bastion_host=3.80.12.86 -e host_groups=cyhy_runner,nmap ../ansible/playbook.yml" -> "ansible-playbook  --user=nicholas.mcdonnell --ssh-common-args='-o StrictHostKeyChecking=no -o ProxyCommand=\"ssh -W %h:%p -o StrictHostKeyChecking=no -q nicholas.mcdonnell@3.80.12.86\"' -e host=10.10.11.84 -e bastion_host=3.80.12.86 -e host_groups=cyhy_runner,nmap ../ansible/playbook.yml"
          ~ "signature" = "5411fd088dfb7ae93569d1e9f1c90bd1" -> "4f7e5ab0991b8e3bf2f4c9829d6a5c9c"
        }
    }

  # module.dyn_nmap.module.cyhy_nmap_ansible_provisioner_34.null_resource.provisioner[0] must be replaced
+/- resource "null_resource" "provisioner" {
      ~ id       = "5324649946252231463" -> (known after apply)
      ~ triggers = { # forces replacement
          ~ "command"   = "ansible-playbook  --user=david.redmin --ssh-common-args='-o StrictHostKeyChecking=no -o ProxyCommand=\"ssh -W %h:%p -o StrictHostKeyChecking=no -q david.redmin@3.80.12.86\"' -e host=10.10.11.87 -e bastion_host=3.80.12.86 -e host_groups=cyhy_runner,nmap ../ansible/playbook.yml" -> "ansible-playbook  --user=nicholas.mcdonnell --ssh-common-args='-o StrictHostKeyChecking=no -o ProxyCommand=\"ssh -W %h:%p -o StrictHostKeyChecking=no -q nicholas.mcdonnell@3.80.12.86\"' -e host=10.10.11.87 -e bastion_host=3.80.12.86 -e host_groups=cyhy_runner,nmap ../ansible/playbook.yml"
          ~ "signature" = "5411fd088dfb7ae93569d1e9f1c90bd1" -> "4f7e5ab0991b8e3bf2f4c9829d6a5c9c"
        }
    }

  # module.dyn_nmap.module.cyhy_nmap_ansible_provisioner_35.null_resource.provisioner[0] must be replaced
+/- resource "null_resource" "provisioner" {
      ~ id       = "1880786032575363290" -> (known after apply)
      ~ triggers = { # forces replacement
          ~ "command"   = "ansible-playbook  --user=david.redmin --ssh-common-args='-o StrictHostKeyChecking=no -o ProxyCommand=\"ssh -W %h:%p -o StrictHostKeyChecking=no -q david.redmin@3.80.12.86\"' -e host=10.10.11.35 -e bastion_host=3.80.12.86 -e host_groups=cyhy_runner,nmap ../ansible/playbook.yml" -> "ansible-playbook  --user=nicholas.mcdonnell --ssh-common-args='-o StrictHostKeyChecking=no -o ProxyCommand=\"ssh -W %h:%p -o StrictHostKeyChecking=no -q nicholas.mcdonnell@3.80.12.86\"' -e host=10.10.11.35 -e bastion_host=3.80.12.86 -e host_groups=cyhy_runner,nmap ../ansible/playbook.yml"
          ~ "signature" = "5411fd088dfb7ae93569d1e9f1c90bd1" -> "4f7e5ab0991b8e3bf2f4c9829d6a5c9c"
        }
    }

  # module.dyn_nmap.module.cyhy_nmap_ansible_provisioner_36.null_resource.provisioner[0] must be replaced
+/- resource "null_resource" "provisioner" {
      ~ id       = "2862445784891340430" -> (known after apply)
      ~ triggers = { # forces replacement
          ~ "command"   = "ansible-playbook  --user=david.redmin --ssh-common-args='-o StrictHostKeyChecking=no -o ProxyCommand=\"ssh -W %h:%p -o StrictHostKeyChecking=no -q david.redmin@3.80.12.86\"' -e host=10.10.11.14 -e bastion_host=3.80.12.86 -e host_groups=cyhy_runner,nmap ../ansible/playbook.yml" -> "ansible-playbook  --user=nicholas.mcdonnell --ssh-common-args='-o StrictHostKeyChecking=no -o ProxyCommand=\"ssh -W %h:%p -o StrictHostKeyChecking=no -q nicholas.mcdonnell@3.80.12.86\"' -e host=10.10.11.14 -e bastion_host=3.80.12.86 -e host_groups=cyhy_runner,nmap ../ansible/playbook.yml"
          ~ "signature" = "5411fd088dfb7ae93569d1e9f1c90bd1" -> "4f7e5ab0991b8e3bf2f4c9829d6a5c9c"
        }
    }

  # module.dyn_nmap.module.cyhy_nmap_ansible_provisioner_37.null_resource.provisioner[0] must be replaced
+/- resource "null_resource" "provisioner" {
      ~ id       = "4634592009237271895" -> (known after apply)
      ~ triggers = { # forces replacement
          ~ "command"   = "ansible-playbook  --user=david.redmin --ssh-common-args='-o StrictHostKeyChecking=no -o ProxyCommand=\"ssh -W %h:%p -o StrictHostKeyChecking=no -q david.redmin@3.80.12.86\"' -e host=10.10.11.126 -e bastion_host=3.80.12.86 -e host_groups=cyhy_runner,nmap ../ansible/playbook.yml" -> "ansible-playbook  --user=nicholas.mcdonnell --ssh-common-args='-o StrictHostKeyChecking=no -o ProxyCommand=\"ssh -W %h:%p -o StrictHostKeyChecking=no -q nicholas.mcdonnell@3.80.12.86\"' -e host=10.10.11.126 -e bastion_host=3.80.12.86 -e host_groups=cyhy_runner,nmap ../ansible/playbook.yml"
          ~ "signature" = "5411fd088dfb7ae93569d1e9f1c90bd1" -> "4f7e5ab0991b8e3bf2f4c9829d6a5c9c"
        }
    }

  # module.dyn_nmap.module.cyhy_nmap_ansible_provisioner_38.null_resource.provisioner[0] must be replaced
+/- resource "null_resource" "provisioner" {
      ~ id       = "4561723872502590000" -> (known after apply)
      ~ triggers = { # forces replacement
          ~ "command"   = "ansible-playbook  --user=david.redmin --ssh-common-args='-o StrictHostKeyChecking=no -o ProxyCommand=\"ssh -W %h:%p -o StrictHostKeyChecking=no -q david.redmin@3.80.12.86\"' -e host=10.10.11.47 -e bastion_host=3.80.12.86 -e host_groups=cyhy_runner,nmap ../ansible/playbook.yml" -> "ansible-playbook  --user=nicholas.mcdonnell --ssh-common-args='-o StrictHostKeyChecking=no -o ProxyCommand=\"ssh -W %h:%p -o StrictHostKeyChecking=no -q nicholas.mcdonnell@3.80.12.86\"' -e host=10.10.11.47 -e bastion_host=3.80.12.86 -e host_groups=cyhy_runner,nmap ../ansible/playbook.yml"
          ~ "signature" = "5411fd088dfb7ae93569d1e9f1c90bd1" -> "4f7e5ab0991b8e3bf2f4c9829d6a5c9c"
        }
    }

  # module.dyn_nmap.module.cyhy_nmap_ansible_provisioner_39.null_resource.provisioner[0] must be replaced
+/- resource "null_resource" "provisioner" {
      ~ id       = "1472091290836257870" -> (known after apply)
      ~ triggers = { # forces replacement
          ~ "command"   = "ansible-playbook  --user=david.redmin --ssh-common-args='-o StrictHostKeyChecking=no -o ProxyCommand=\"ssh -W %h:%p -o StrictHostKeyChecking=no -q david.redmin@3.80.12.86\"' -e host=10.10.11.29 -e bastion_host=3.80.12.86 -e host_groups=cyhy_runner,nmap ../ansible/playbook.yml" -> "ansible-playbook  --user=nicholas.mcdonnell --ssh-common-args='-o StrictHostKeyChecking=no -o ProxyCommand=\"ssh -W %h:%p -o StrictHostKeyChecking=no -q nicholas.mcdonnell@3.80.12.86\"' -e host=10.10.11.29 -e bastion_host=3.80.12.86 -e host_groups=cyhy_runner,nmap ../ansible/playbook.yml"
          ~ "signature" = "5411fd088dfb7ae93569d1e9f1c90bd1" -> "4f7e5ab0991b8e3bf2f4c9829d6a5c9c"
        }
    }

  # module.dyn_nmap.module.cyhy_nmap_ansible_provisioner_4.null_resource.provisioner[0] must be replaced
+/- resource "null_resource" "provisioner" {
      ~ id       = "6798952549683722175" -> (known after apply)
      ~ triggers = { # forces replacement
          ~ "command"   = "ansible-playbook  --user=david.redmin --ssh-common-args='-o StrictHostKeyChecking=no -o ProxyCommand=\"ssh -W %h:%p -o StrictHostKeyChecking=no -q david.redmin@3.80.12.86\"' -e host=10.10.11.30 -e bastion_host=3.80.12.86 -e host_groups=cyhy_runner,nmap ../ansible/playbook.yml" -> "ansible-playbook  --user=nicholas.mcdonnell --ssh-common-args='-o StrictHostKeyChecking=no -o ProxyCommand=\"ssh -W %h:%p -o StrictHostKeyChecking=no -q nicholas.mcdonnell@3.80.12.86\"' -e host=10.10.11.30 -e bastion_host=3.80.12.86 -e host_groups=cyhy_runner,nmap ../ansible/playbook.yml"
          ~ "signature" = "5411fd088dfb7ae93569d1e9f1c90bd1" -> "4f7e5ab0991b8e3bf2f4c9829d6a5c9c"
        }
    }

  # module.dyn_nmap.module.cyhy_nmap_ansible_provisioner_40.null_resource.provisioner[0] must be replaced
+/- resource "null_resource" "provisioner" {
      ~ id       = "6585634252207361579" -> (known after apply)
      ~ triggers = { # forces replacement
          ~ "command"   = "ansible-playbook  --user=david.redmin --ssh-common-args='-o StrictHostKeyChecking=no -o ProxyCommand=\"ssh -W %h:%p -o StrictHostKeyChecking=no -q david.redmin@3.80.12.86\"' -e host=10.10.11.20 -e bastion_host=3.80.12.86 -e host_groups=cyhy_runner,nmap ../ansible/playbook.yml" -> "ansible-playbook  --user=nicholas.mcdonnell --ssh-common-args='-o StrictHostKeyChecking=no -o ProxyCommand=\"ssh -W %h:%p -o StrictHostKeyChecking=no -q nicholas.mcdonnell@3.80.12.86\"' -e host=10.10.11.20 -e bastion_host=3.80.12.86 -e host_groups=cyhy_runner,nmap ../ansible/playbook.yml"
          ~ "signature" = "5411fd088dfb7ae93569d1e9f1c90bd1" -> "4f7e5ab0991b8e3bf2f4c9829d6a5c9c"
        }
    }

  # module.dyn_nmap.module.cyhy_nmap_ansible_provisioner_41.null_resource.provisioner[0] must be replaced
+/- resource "null_resource" "provisioner" {
      ~ id       = "6409878129002237315" -> (known after apply)
      ~ triggers = { # forces replacement
          ~ "command"   = "ansible-playbook  --user=david.redmin --ssh-common-args='-o StrictHostKeyChecking=no -o ProxyCommand=\"ssh -W %h:%p -o StrictHostKeyChecking=no -q david.redmin@3.80.12.86\"' -e host=10.10.11.105 -e bastion_host=3.80.12.86 -e host_groups=cyhy_runner,nmap ../ansible/playbook.yml" -> "ansible-playbook  --user=nicholas.mcdonnell --ssh-common-args='-o StrictHostKeyChecking=no -o ProxyCommand=\"ssh -W %h:%p -o StrictHostKeyChecking=no -q nicholas.mcdonnell@3.80.12.86\"' -e host=10.10.11.105 -e bastion_host=3.80.12.86 -e host_groups=cyhy_runner,nmap ../ansible/playbook.yml"
          ~ "signature" = "5411fd088dfb7ae93569d1e9f1c90bd1" -> "4f7e5ab0991b8e3bf2f4c9829d6a5c9c"
        }
    }

  # module.dyn_nmap.module.cyhy_nmap_ansible_provisioner_42.null_resource.provisioner[0] must be replaced
+/- resource "null_resource" "provisioner" {
      ~ id       = "814413528650537755" -> (known after apply)
      ~ triggers = { # forces replacement
          ~ "command"   = "ansible-playbook  --user=david.redmin --ssh-common-args='-o StrictHostKeyChecking=no -o ProxyCommand=\"ssh -W %h:%p -o StrictHostKeyChecking=no -q david.redmin@3.80.12.86\"' -e host=10.10.11.27 -e bastion_host=3.80.12.86 -e host_groups=cyhy_runner,nmap ../ansible/playbook.yml" -> "ansible-playbook  --user=nicholas.mcdonnell --ssh-common-args='-o StrictHostKeyChecking=no -o ProxyCommand=\"ssh -W %h:%p -o StrictHostKeyChecking=no -q nicholas.mcdonnell@3.80.12.86\"' -e host=10.10.11.27 -e bastion_host=3.80.12.86 -e host_groups=cyhy_runner,nmap ../ansible/playbook.yml"
          ~ "signature" = "5411fd088dfb7ae93569d1e9f1c90bd1" -> "4f7e5ab0991b8e3bf2f4c9829d6a5c9c"
        }
    }

  # module.dyn_nmap.module.cyhy_nmap_ansible_provisioner_43.null_resource.provisioner[0] must be replaced
+/- resource "null_resource" "provisioner" {
      ~ id       = "8377181949603285907" -> (known after apply)
      ~ triggers = { # forces replacement
          ~ "command"   = "ansible-playbook  --user=david.redmin --ssh-common-args='-o StrictHostKeyChecking=no -o ProxyCommand=\"ssh -W %h:%p -o StrictHostKeyChecking=no -q david.redmin@3.80.12.86\"' -e host=10.10.11.109 -e bastion_host=3.80.12.86 -e host_groups=cyhy_runner,nmap ../ansible/playbook.yml" -> "ansible-playbook  --user=nicholas.mcdonnell --ssh-common-args='-o StrictHostKeyChecking=no -o ProxyCommand=\"ssh -W %h:%p -o StrictHostKeyChecking=no -q nicholas.mcdonnell@3.80.12.86\"' -e host=10.10.11.109 -e bastion_host=3.80.12.86 -e host_groups=cyhy_runner,nmap ../ansible/playbook.yml"
          ~ "signature" = "5411fd088dfb7ae93569d1e9f1c90bd1" -> "4f7e5ab0991b8e3bf2f4c9829d6a5c9c"
        }
    }

  # module.dyn_nmap.module.cyhy_nmap_ansible_provisioner_44.null_resource.provisioner[0] must be replaced
+/- resource "null_resource" "provisioner" {
      ~ id       = "6218766463678199335" -> (known after apply)
      ~ triggers = { # forces replacement
          ~ "command"   = "ansible-playbook  --user=david.redmin --ssh-common-args='-o StrictHostKeyChecking=no -o ProxyCommand=\"ssh -W %h:%p -o StrictHostKeyChecking=no -q david.redmin@3.80.12.86\"' -e host=10.10.11.91 -e bastion_host=3.80.12.86 -e host_groups=cyhy_runner,nmap ../ansible/playbook.yml" -> "ansible-playbook  --user=nicholas.mcdonnell --ssh-common-args='-o StrictHostKeyChecking=no -o ProxyCommand=\"ssh -W %h:%p -o StrictHostKeyChecking=no -q nicholas.mcdonnell@3.80.12.86\"' -e host=10.10.11.91 -e bastion_host=3.80.12.86 -e host_groups=cyhy_runner,nmap ../ansible/playbook.yml"
          ~ "signature" = "5411fd088dfb7ae93569d1e9f1c90bd1" -> "4f7e5ab0991b8e3bf2f4c9829d6a5c9c"
        }
    }

  # module.dyn_nmap.module.cyhy_nmap_ansible_provisioner_45.null_resource.provisioner[0] must be replaced
+/- resource "null_resource" "provisioner" {
      ~ id       = "2909588445844073765" -> (known after apply)
      ~ triggers = { # forces replacement
          ~ "command"   = "ansible-playbook  --user=david.redmin --ssh-common-args='-o StrictHostKeyChecking=no -o ProxyCommand=\"ssh -W %h:%p -o StrictHostKeyChecking=no -q david.redmin@3.80.12.86\"' -e host=10.10.11.44 -e bastion_host=3.80.12.86 -e host_groups=cyhy_runner,nmap ../ansible/playbook.yml" -> "ansible-playbook  --user=nicholas.mcdonnell --ssh-common-args='-o StrictHostKeyChecking=no -o ProxyCommand=\"ssh -W %h:%p -o StrictHostKeyChecking=no -q nicholas.mcdonnell@3.80.12.86\"' -e host=10.10.11.44 -e bastion_host=3.80.12.86 -e host_groups=cyhy_runner,nmap ../ansible/playbook.yml"
          ~ "signature" = "5411fd088dfb7ae93569d1e9f1c90bd1" -> "4f7e5ab0991b8e3bf2f4c9829d6a5c9c"
        }
    }

  # module.dyn_nmap.module.cyhy_nmap_ansible_provisioner_46.null_resource.provisioner[0] must be replaced
+/- resource "null_resource" "provisioner" {
      ~ id       = "6722921032176607753" -> (known after apply)
      ~ triggers = { # forces replacement
          ~ "command"   = "ansible-playbook  --user=david.redmin --ssh-common-args='-o StrictHostKeyChecking=no -o ProxyCommand=\"ssh -W %h:%p -o StrictHostKeyChecking=no -q david.redmin@3.80.12.86\"' -e host=10.10.11.64 -e bastion_host=3.80.12.86 -e host_groups=cyhy_runner,nmap ../ansible/playbook.yml" -> "ansible-playbook  --user=nicholas.mcdonnell --ssh-common-args='-o StrictHostKeyChecking=no -o ProxyCommand=\"ssh -W %h:%p -o StrictHostKeyChecking=no -q nicholas.mcdonnell@3.80.12.86\"' -e host=10.10.11.64 -e bastion_host=3.80.12.86 -e host_groups=cyhy_runner,nmap ../ansible/playbook.yml"
          ~ "signature" = "5411fd088dfb7ae93569d1e9f1c90bd1" -> "4f7e5ab0991b8e3bf2f4c9829d6a5c9c"
        }
    }

  # module.dyn_nmap.module.cyhy_nmap_ansible_provisioner_47.null_resource.provisioner[0] must be replaced
+/- resource "null_resource" "provisioner" {
      ~ id       = "5629159058042018435" -> (known after apply)
      ~ triggers = { # forces replacement
          ~ "command"   = "ansible-playbook  --user=david.redmin --ssh-common-args='-o StrictHostKeyChecking=no -o ProxyCommand=\"ssh -W %h:%p -o StrictHostKeyChecking=no -q david.redmin@3.80.12.86\"' -e host=10.10.11.115 -e bastion_host=3.80.12.86 -e host_groups=cyhy_runner,nmap ../ansible/playbook.yml" -> "ansible-playbook  --user=nicholas.mcdonnell --ssh-common-args='-o StrictHostKeyChecking=no -o ProxyCommand=\"ssh -W %h:%p -o StrictHostKeyChecking=no -q nicholas.mcdonnell@3.80.12.86\"' -e host=10.10.11.115 -e bastion_host=3.80.12.86 -e host_groups=cyhy_runner,nmap ../ansible/playbook.yml"
          ~ "signature" = "5411fd088dfb7ae93569d1e9f1c90bd1" -> "4f7e5ab0991b8e3bf2f4c9829d6a5c9c"
        }
    }

  # module.dyn_nmap.module.cyhy_nmap_ansible_provisioner_48.null_resource.provisioner[0] must be replaced
+/- resource "null_resource" "provisioner" {
      ~ id       = "6298097346589874469" -> (known after apply)
      ~ triggers = { # forces replacement
          ~ "command"   = "ansible-playbook  --user=david.redmin --ssh-common-args='-o StrictHostKeyChecking=no -o ProxyCommand=\"ssh -W %h:%p -o StrictHostKeyChecking=no -q david.redmin@3.80.12.86\"' -e host=10.10.11.65 -e bastion_host=3.80.12.86 -e host_groups=cyhy_runner,nmap ../ansible/playbook.yml" -> "ansible-playbook  --user=nicholas.mcdonnell --ssh-common-args='-o StrictHostKeyChecking=no -o ProxyCommand=\"ssh -W %h:%p -o StrictHostKeyChecking=no -q nicholas.mcdonnell@3.80.12.86\"' -e host=10.10.11.65 -e bastion_host=3.80.12.86 -e host_groups=cyhy_runner,nmap ../ansible/playbook.yml"
          ~ "signature" = "5411fd088dfb7ae93569d1e9f1c90bd1" -> "4f7e5ab0991b8e3bf2f4c9829d6a5c9c"
        }
    }

  # module.dyn_nmap.module.cyhy_nmap_ansible_provisioner_49.null_resource.provisioner[0] must be replaced
+/- resource "null_resource" "provisioner" {
      ~ id       = "1012046551201551626" -> (known after apply)
      ~ triggers = { # forces replacement
          ~ "command"   = "ansible-playbook  --user=david.redmin --ssh-common-args='-o StrictHostKeyChecking=no -o ProxyCommand=\"ssh -W %h:%p -o StrictHostKeyChecking=no -q david.redmin@3.80.12.86\"' -e host=10.10.11.90 -e bastion_host=3.80.12.86 -e host_groups=cyhy_runner,nmap ../ansible/playbook.yml" -> "ansible-playbook  --user=nicholas.mcdonnell --ssh-common-args='-o StrictHostKeyChecking=no -o ProxyCommand=\"ssh -W %h:%p -o StrictHostKeyChecking=no -q nicholas.mcdonnell@3.80.12.86\"' -e host=10.10.11.90 -e bastion_host=3.80.12.86 -e host_groups=cyhy_runner,nmap ../ansible/playbook.yml"
          ~ "signature" = "5411fd088dfb7ae93569d1e9f1c90bd1" -> "4f7e5ab0991b8e3bf2f4c9829d6a5c9c"
        }
    }

  # module.dyn_nmap.module.cyhy_nmap_ansible_provisioner_5.null_resource.provisioner[0] must be replaced
+/- resource "null_resource" "provisioner" {
      ~ id       = "8536395599294780108" -> (known after apply)
      ~ triggers = { # forces replacement
          ~ "command"   = "ansible-playbook  --user=david.redmin --ssh-common-args='-o StrictHostKeyChecking=no -o ProxyCommand=\"ssh -W %h:%p -o StrictHostKeyChecking=no -q david.redmin@3.80.12.86\"' -e host=10.10.11.120 -e bastion_host=3.80.12.86 -e host_groups=cyhy_runner,nmap ../ansible/playbook.yml" -> "ansible-playbook  --user=nicholas.mcdonnell --ssh-common-args='-o StrictHostKeyChecking=no -o ProxyCommand=\"ssh -W %h:%p -o StrictHostKeyChecking=no -q nicholas.mcdonnell@3.80.12.86\"' -e host=10.10.11.120 -e bastion_host=3.80.12.86 -e host_groups=cyhy_runner,nmap ../ansible/playbook.yml"
          ~ "signature" = "5411fd088dfb7ae93569d1e9f1c90bd1" -> "4f7e5ab0991b8e3bf2f4c9829d6a5c9c"
        }
    }

  # module.dyn_nmap.module.cyhy_nmap_ansible_provisioner_50.null_resource.provisioner[0] must be replaced
+/- resource "null_resource" "provisioner" {
      ~ id       = "3201734510005086529" -> (known after apply)
      ~ triggers = { # forces replacement
          ~ "command"   = "ansible-playbook  --user=david.redmin --ssh-common-args='-o StrictHostKeyChecking=no -o ProxyCommand=\"ssh -W %h:%p -o StrictHostKeyChecking=no -q david.redmin@3.80.12.86\"' -e host=10.10.11.16 -e bastion_host=3.80.12.86 -e host_groups=cyhy_runner,nmap ../ansible/playbook.yml" -> "ansible-playbook  --user=nicholas.mcdonnell --ssh-common-args='-o StrictHostKeyChecking=no -o ProxyCommand=\"ssh -W %h:%p -o StrictHostKeyChecking=no -q nicholas.mcdonnell@3.80.12.86\"' -e host=10.10.11.16 -e bastion_host=3.80.12.86 -e host_groups=cyhy_runner,nmap ../ansible/playbook.yml"
          ~ "signature" = "5411fd088dfb7ae93569d1e9f1c90bd1" -> "4f7e5ab0991b8e3bf2f4c9829d6a5c9c"
        }
    }

  # module.dyn_nmap.module.cyhy_nmap_ansible_provisioner_51.null_resource.provisioner[0] must be replaced
+/- resource "null_resource" "provisioner" {
      ~ id       = "5073368179823082996" -> (known after apply)
      ~ triggers = { # forces replacement
          ~ "command"   = "ansible-playbook  --user=david.redmin --ssh-common-args='-o StrictHostKeyChecking=no -o ProxyCommand=\"ssh -W %h:%p -o StrictHostKeyChecking=no -q david.redmin@3.80.12.86\"' -e host=10.10.11.77 -e bastion_host=3.80.12.86 -e host_groups=cyhy_runner,nmap ../ansible/playbook.yml" -> "ansible-playbook  --user=nicholas.mcdonnell --ssh-common-args='-o StrictHostKeyChecking=no -o ProxyCommand=\"ssh -W %h:%p -o StrictHostKeyChecking=no -q nicholas.mcdonnell@3.80.12.86\"' -e host=10.10.11.77 -e bastion_host=3.80.12.86 -e host_groups=cyhy_runner,nmap ../ansible/playbook.yml"
          ~ "signature" = "5411fd088dfb7ae93569d1e9f1c90bd1" -> "4f7e5ab0991b8e3bf2f4c9829d6a5c9c"
        }
    }

  # module.dyn_nmap.module.cyhy_nmap_ansible_provisioner_52.null_resource.provisioner[0] must be replaced
+/- resource "null_resource" "provisioner" {
      ~ id       = "1589562099455374989" -> (known after apply)
      ~ triggers = { # forces replacement
          ~ "command"   = "ansible-playbook  --user=david.redmin --ssh-common-args='-o StrictHostKeyChecking=no -o ProxyCommand=\"ssh -W %h:%p -o StrictHostKeyChecking=no -q david.redmin@3.80.12.86\"' -e host=10.10.11.41 -e bastion_host=3.80.12.86 -e host_groups=cyhy_runner,nmap ../ansible/playbook.yml" -> "ansible-playbook  --user=nicholas.mcdonnell --ssh-common-args='-o StrictHostKeyChecking=no -o ProxyCommand=\"ssh -W %h:%p -o StrictHostKeyChecking=no -q nicholas.mcdonnell@3.80.12.86\"' -e host=10.10.11.41 -e bastion_host=3.80.12.86 -e host_groups=cyhy_runner,nmap ../ansible/playbook.yml"
          ~ "signature" = "5411fd088dfb7ae93569d1e9f1c90bd1" -> "4f7e5ab0991b8e3bf2f4c9829d6a5c9c"
        }
    }

  # module.dyn_nmap.module.cyhy_nmap_ansible_provisioner_53.null_resource.provisioner[0] must be replaced
+/- resource "null_resource" "provisioner" {
      ~ id       = "8611682352389676230" -> (known after apply)
      ~ triggers = { # forces replacement
          ~ "command"   = "ansible-playbook  --user=david.redmin --ssh-common-args='-o StrictHostKeyChecking=no -o ProxyCommand=\"ssh -W %h:%p -o StrictHostKeyChecking=no -q david.redmin@3.80.12.86\"' -e host=10.10.11.10 -e bastion_host=3.80.12.86 -e host_groups=cyhy_runner,nmap ../ansible/playbook.yml" -> "ansible-playbook  --user=nicholas.mcdonnell --ssh-common-args='-o StrictHostKeyChecking=no -o ProxyCommand=\"ssh -W %h:%p -o StrictHostKeyChecking=no -q nicholas.mcdonnell@3.80.12.86\"' -e host=10.10.11.10 -e bastion_host=3.80.12.86 -e host_groups=cyhy_runner,nmap ../ansible/playbook.yml"
          ~ "signature" = "5411fd088dfb7ae93569d1e9f1c90bd1" -> "4f7e5ab0991b8e3bf2f4c9829d6a5c9c"
        }
    }

  # module.dyn_nmap.module.cyhy_nmap_ansible_provisioner_54.null_resource.provisioner[0] must be replaced
+/- resource "null_resource" "provisioner" {
      ~ id       = "3516528970352996996" -> (known after apply)
      ~ triggers = { # forces replacement
          ~ "command"   = "ansible-playbook  --user=david.redmin --ssh-common-args='-o StrictHostKeyChecking=no -o ProxyCommand=\"ssh -W %h:%p -o StrictHostKeyChecking=no -q david.redmin@3.80.12.86\"' -e host=10.10.11.31 -e bastion_host=3.80.12.86 -e host_groups=cyhy_runner,nmap ../ansible/playbook.yml" -> "ansible-playbook  --user=nicholas.mcdonnell --ssh-common-args='-o StrictHostKeyChecking=no -o ProxyCommand=\"ssh -W %h:%p -o StrictHostKeyChecking=no -q nicholas.mcdonnell@3.80.12.86\"' -e host=10.10.11.31 -e bastion_host=3.80.12.86 -e host_groups=cyhy_runner,nmap ../ansible/playbook.yml"
          ~ "signature" = "5411fd088dfb7ae93569d1e9f1c90bd1" -> "4f7e5ab0991b8e3bf2f4c9829d6a5c9c"
        }
    }

  # module.dyn_nmap.module.cyhy_nmap_ansible_provisioner_55.null_resource.provisioner[0] must be replaced
+/- resource "null_resource" "provisioner" {
      ~ id       = "7198941662491419539" -> (known after apply)
      ~ triggers = { # forces replacement
          ~ "command"   = "ansible-playbook  --user=david.redmin --ssh-common-args='-o StrictHostKeyChecking=no -o ProxyCommand=\"ssh -W %h:%p -o StrictHostKeyChecking=no -q david.redmin@3.80.12.86\"' -e host=10.10.11.45 -e bastion_host=3.80.12.86 -e host_groups=cyhy_runner,nmap ../ansible/playbook.yml" -> "ansible-playbook  --user=nicholas.mcdonnell --ssh-common-args='-o StrictHostKeyChecking=no -o ProxyCommand=\"ssh -W %h:%p -o StrictHostKeyChecking=no -q nicholas.mcdonnell@3.80.12.86\"' -e host=10.10.11.45 -e bastion_host=3.80.12.86 -e host_groups=cyhy_runner,nmap ../ansible/playbook.yml"
          ~ "signature" = "5411fd088dfb7ae93569d1e9f1c90bd1" -> "4f7e5ab0991b8e3bf2f4c9829d6a5c9c"
        }
    }

  # module.dyn_nmap.module.cyhy_nmap_ansible_provisioner_56.null_resource.provisioner[0] must be replaced
+/- resource "null_resource" "provisioner" {
      ~ id       = "3471306821376311200" -> (known after apply)
      ~ triggers = { # forces replacement
          ~ "command"   = "ansible-playbook  --user=david.redmin --ssh-common-args='-o StrictHostKeyChecking=no -o ProxyCommand=\"ssh -W %h:%p -o StrictHostKeyChecking=no -q david.redmin@3.80.12.86\"' -e host=10.10.11.19 -e bastion_host=3.80.12.86 -e host_groups=cyhy_runner,nmap ../ansible/playbook.yml" -> "ansible-playbook  --user=nicholas.mcdonnell --ssh-common-args='-o StrictHostKeyChecking=no -o ProxyCommand=\"ssh -W %h:%p -o StrictHostKeyChecking=no -q nicholas.mcdonnell@3.80.12.86\"' -e host=10.10.11.19 -e bastion_host=3.80.12.86 -e host_groups=cyhy_runner,nmap ../ansible/playbook.yml"
          ~ "signature" = "5411fd088dfb7ae93569d1e9f1c90bd1" -> "4f7e5ab0991b8e3bf2f4c9829d6a5c9c"
        }
    }

  # module.dyn_nmap.module.cyhy_nmap_ansible_provisioner_57.null_resource.provisioner[0] must be replaced
+/- resource "null_resource" "provisioner" {
      ~ id       = "7606239808716923120" -> (known after apply)
      ~ triggers = { # forces replacement
          ~ "command"   = "ansible-playbook  --user=david.redmin --ssh-common-args='-o StrictHostKeyChecking=no -o ProxyCommand=\"ssh -W %h:%p -o StrictHostKeyChecking=no -q david.redmin@3.80.12.86\"' -e host=10.10.11.100 -e bastion_host=3.80.12.86 -e host_groups=cyhy_runner,nmap ../ansible/playbook.yml" -> "ansible-playbook  --user=nicholas.mcdonnell --ssh-common-args='-o StrictHostKeyChecking=no -o ProxyCommand=\"ssh -W %h:%p -o StrictHostKeyChecking=no -q nicholas.mcdonnell@3.80.12.86\"' -e host=10.10.11.100 -e bastion_host=3.80.12.86 -e host_groups=cyhy_runner,nmap ../ansible/playbook.yml"
          ~ "signature" = "5411fd088dfb7ae93569d1e9f1c90bd1" -> "4f7e5ab0991b8e3bf2f4c9829d6a5c9c"
        }
    }

  # module.dyn_nmap.module.cyhy_nmap_ansible_provisioner_58.null_resource.provisioner[0] must be replaced
+/- resource "null_resource" "provisioner" {
      ~ id       = "6574667457375815618" -> (known after apply)
      ~ triggers = { # forces replacement
          ~ "command"   = "ansible-playbook  --user=david.redmin --ssh-common-args='-o StrictHostKeyChecking=no -o ProxyCommand=\"ssh -W %h:%p -o StrictHostKeyChecking=no -q david.redmin@3.80.12.86\"' -e host=10.10.11.24 -e bastion_host=3.80.12.86 -e host_groups=cyhy_runner,nmap ../ansible/playbook.yml" -> "ansible-playbook  --user=nicholas.mcdonnell --ssh-common-args='-o StrictHostKeyChecking=no -o ProxyCommand=\"ssh -W %h:%p -o StrictHostKeyChecking=no -q nicholas.mcdonnell@3.80.12.86\"' -e host=10.10.11.24 -e bastion_host=3.80.12.86 -e host_groups=cyhy_runner,nmap ../ansible/playbook.yml"
          ~ "signature" = "5411fd088dfb7ae93569d1e9f1c90bd1" -> "4f7e5ab0991b8e3bf2f4c9829d6a5c9c"
        }
    }

  # module.dyn_nmap.module.cyhy_nmap_ansible_provisioner_59.null_resource.provisioner[0] must be replaced
+/- resource "null_resource" "provisioner" {
      ~ id       = "3162419441169478111" -> (known after apply)
      ~ triggers = { # forces replacement
          ~ "command"   = "ansible-playbook  --user=david.redmin --ssh-common-args='-o StrictHostKeyChecking=no -o ProxyCommand=\"ssh -W %h:%p -o StrictHostKeyChecking=no -q david.redmin@3.80.12.86\"' -e host=10.10.11.101 -e bastion_host=3.80.12.86 -e host_groups=cyhy_runner,nmap ../ansible/playbook.yml" -> "ansible-playbook  --user=nicholas.mcdonnell --ssh-common-args='-o StrictHostKeyChecking=no -o ProxyCommand=\"ssh -W %h:%p -o StrictHostKeyChecking=no -q nicholas.mcdonnell@3.80.12.86\"' -e host=10.10.11.101 -e bastion_host=3.80.12.86 -e host_groups=cyhy_runner,nmap ../ansible/playbook.yml"
          ~ "signature" = "5411fd088dfb7ae93569d1e9f1c90bd1" -> "4f7e5ab0991b8e3bf2f4c9829d6a5c9c"
        }
    }

  # module.dyn_nmap.module.cyhy_nmap_ansible_provisioner_6.null_resource.provisioner[0] must be replaced
+/- resource "null_resource" "provisioner" {
      ~ id       = "2724965453078408625" -> (known after apply)
      ~ triggers = { # forces replacement
          ~ "command"   = "ansible-playbook  --user=david.redmin --ssh-common-args='-o StrictHostKeyChecking=no -o ProxyCommand=\"ssh -W %h:%p -o StrictHostKeyChecking=no -q david.redmin@3.80.12.86\"' -e host=10.10.11.107 -e bastion_host=3.80.12.86 -e host_groups=cyhy_runner,nmap ../ansible/playbook.yml" -> "ansible-playbook  --user=nicholas.mcdonnell --ssh-common-args='-o StrictHostKeyChecking=no -o ProxyCommand=\"ssh -W %h:%p -o StrictHostKeyChecking=no -q nicholas.mcdonnell@3.80.12.86\"' -e host=10.10.11.107 -e bastion_host=3.80.12.86 -e host_groups=cyhy_runner,nmap ../ansible/playbook.yml"
          ~ "signature" = "5411fd088dfb7ae93569d1e9f1c90bd1" -> "4f7e5ab0991b8e3bf2f4c9829d6a5c9c"
        }
    }

  # module.dyn_nmap.module.cyhy_nmap_ansible_provisioner_60.null_resource.provisioner[0] must be replaced
+/- resource "null_resource" "provisioner" {
      ~ id       = "7472856683042945019" -> (known after apply)
      ~ triggers = { # forces replacement
          ~ "command"   = "ansible-playbook  --user=david.redmin --ssh-common-args='-o StrictHostKeyChecking=no -o ProxyCommand=\"ssh -W %h:%p -o StrictHostKeyChecking=no -q david.redmin@3.80.12.86\"' -e host=10.10.11.6 -e bastion_host=3.80.12.86 -e host_groups=cyhy_runner,nmap ../ansible/playbook.yml" -> "ansible-playbook  --user=nicholas.mcdonnell --ssh-common-args='-o StrictHostKeyChecking=no -o ProxyCommand=\"ssh -W %h:%p -o StrictHostKeyChecking=no -q nicholas.mcdonnell@3.80.12.86\"' -e host=10.10.11.6 -e bastion_host=3.80.12.86 -e host_groups=cyhy_runner,nmap ../ansible/playbook.yml"
          ~ "signature" = "5411fd088dfb7ae93569d1e9f1c90bd1" -> "4f7e5ab0991b8e3bf2f4c9829d6a5c9c"
        }
    }

  # module.dyn_nmap.module.cyhy_nmap_ansible_provisioner_61.null_resource.provisioner[0] must be replaced
+/- resource "null_resource" "provisioner" {
      ~ id       = "2204367098582882503" -> (known after apply)
      ~ triggers = { # forces replacement
          ~ "command"   = "ansible-playbook  --user=david.redmin --ssh-common-args='-o StrictHostKeyChecking=no -o ProxyCommand=\"ssh -W %h:%p -o StrictHostKeyChecking=no -q david.redmin@3.80.12.86\"' -e host=10.10.11.114 -e bastion_host=3.80.12.86 -e host_groups=cyhy_runner,nmap ../ansible/playbook.yml" -> "ansible-playbook  --user=nicholas.mcdonnell --ssh-common-args='-o StrictHostKeyChecking=no -o ProxyCommand=\"ssh -W %h:%p -o StrictHostKeyChecking=no -q nicholas.mcdonnell@3.80.12.86\"' -e host=10.10.11.114 -e bastion_host=3.80.12.86 -e host_groups=cyhy_runner,nmap ../ansible/playbook.yml"
          ~ "signature" = "5411fd088dfb7ae93569d1e9f1c90bd1" -> "4f7e5ab0991b8e3bf2f4c9829d6a5c9c"
        }
    }

  # module.dyn_nmap.module.cyhy_nmap_ansible_provisioner_62.null_resource.provisioner[0] must be replaced
+/- resource "null_resource" "provisioner" {
      ~ id       = "5454539433160992949" -> (known after apply)
      ~ triggers = { # forces replacement
          ~ "command"   = "ansible-playbook  --user=david.redmin --ssh-common-args='-o StrictHostKeyChecking=no -o ProxyCommand=\"ssh -W %h:%p -o StrictHostKeyChecking=no -q david.redmin@3.80.12.86\"' -e host=10.10.11.93 -e bastion_host=3.80.12.86 -e host_groups=cyhy_runner,nmap ../ansible/playbook.yml" -> "ansible-playbook  --user=nicholas.mcdonnell --ssh-common-args='-o StrictHostKeyChecking=no -o ProxyCommand=\"ssh -W %h:%p -o StrictHostKeyChecking=no -q nicholas.mcdonnell@3.80.12.86\"' -e host=10.10.11.93 -e bastion_host=3.80.12.86 -e host_groups=cyhy_runner,nmap ../ansible/playbook.yml"
          ~ "signature" = "5411fd088dfb7ae93569d1e9f1c90bd1" -> "4f7e5ab0991b8e3bf2f4c9829d6a5c9c"
        }
    }

  # module.dyn_nmap.module.cyhy_nmap_ansible_provisioner_63.null_resource.provisioner[0] must be replaced
+/- resource "null_resource" "provisioner" {
      ~ id       = "5800277639835747986" -> (known after apply)
      ~ triggers = { # forces replacement
          ~ "command"   = "ansible-playbook  --user=david.redmin --ssh-common-args='-o StrictHostKeyChecking=no -o ProxyCommand=\"ssh -W %h:%p -o StrictHostKeyChecking=no -q david.redmin@3.80.12.86\"' -e host=10.10.11.97 -e bastion_host=3.80.12.86 -e host_groups=cyhy_runner,nmap ../ansible/playbook.yml" -> "ansible-playbook  --user=nicholas.mcdonnell --ssh-common-args='-o StrictHostKeyChecking=no -o ProxyCommand=\"ssh -W %h:%p -o StrictHostKeyChecking=no -q nicholas.mcdonnell@3.80.12.86\"' -e host=10.10.11.97 -e bastion_host=3.80.12.86 -e host_groups=cyhy_runner,nmap ../ansible/playbook.yml"
          ~ "signature" = "5411fd088dfb7ae93569d1e9f1c90bd1" -> "4f7e5ab0991b8e3bf2f4c9829d6a5c9c"
        }
    }

  # module.dyn_nmap.module.cyhy_nmap_ansible_provisioner_7.null_resource.provisioner[0] must be replaced
+/- resource "null_resource" "provisioner" {
      ~ id       = "8838338750396414334" -> (known after apply)
      ~ triggers = { # forces replacement
          ~ "command"   = "ansible-playbook  --user=david.redmin --ssh-common-args='-o StrictHostKeyChecking=no -o ProxyCommand=\"ssh -W %h:%p -o StrictHostKeyChecking=no -q david.redmin@3.80.12.86\"' -e host=10.10.11.125 -e bastion_host=3.80.12.86 -e host_groups=cyhy_runner,nmap ../ansible/playbook.yml" -> "ansible-playbook  --user=nicholas.mcdonnell --ssh-common-args='-o StrictHostKeyChecking=no -o ProxyCommand=\"ssh -W %h:%p -o StrictHostKeyChecking=no -q nicholas.mcdonnell@3.80.12.86\"' -e host=10.10.11.125 -e bastion_host=3.80.12.86 -e host_groups=cyhy_runner,nmap ../ansible/playbook.yml"
          ~ "signature" = "5411fd088dfb7ae93569d1e9f1c90bd1" -> "4f7e5ab0991b8e3bf2f4c9829d6a5c9c"
        }
    }

  # module.dyn_nmap.module.cyhy_nmap_ansible_provisioner_8.null_resource.provisioner[0] must be replaced
+/- resource "null_resource" "provisioner" {
      ~ id       = "5250279024173615447" -> (known after apply)
      ~ triggers = { # forces replacement
          ~ "command"   = "ansible-playbook  --user=david.redmin --ssh-common-args='-o StrictHostKeyChecking=no -o ProxyCommand=\"ssh -W %h:%p -o StrictHostKeyChecking=no -q david.redmin@3.80.12.86\"' -e host=10.10.11.7 -e bastion_host=3.80.12.86 -e host_groups=cyhy_runner,nmap ../ansible/playbook.yml" -> "ansible-playbook  --user=nicholas.mcdonnell --ssh-common-args='-o StrictHostKeyChecking=no -o ProxyCommand=\"ssh -W %h:%p -o StrictHostKeyChecking=no -q nicholas.mcdonnell@3.80.12.86\"' -e host=10.10.11.7 -e bastion_host=3.80.12.86 -e host_groups=cyhy_runner,nmap ../ansible/playbook.yml"
          ~ "signature" = "5411fd088dfb7ae93569d1e9f1c90bd1" -> "4f7e5ab0991b8e3bf2f4c9829d6a5c9c"
        }
    }

  # module.dyn_nmap.module.cyhy_nmap_ansible_provisioner_9.null_resource.provisioner[0] must be replaced
+/- resource "null_resource" "provisioner" {
      ~ id       = "7889474349162336645" -> (known after apply)
      ~ triggers = { # forces replacement
          ~ "command"   = "ansible-playbook  --user=david.redmin --ssh-common-args='-o StrictHostKeyChecking=no -o ProxyCommand=\"ssh -W %h:%p -o StrictHostKeyChecking=no -q david.redmin@3.80.12.86\"' -e host=10.10.11.92 -e bastion_host=3.80.12.86 -e host_groups=cyhy_runner,nmap ../ansible/playbook.yml" -> "ansible-playbook  --user=nicholas.mcdonnell --ssh-common-args='-o StrictHostKeyChecking=no -o ProxyCommand=\"ssh -W %h:%p -o StrictHostKeyChecking=no -q nicholas.mcdonnell@3.80.12.86\"' -e host=10.10.11.92 -e bastion_host=3.80.12.86 -e host_groups=cyhy_runner,nmap ../ansible/playbook.yml"
          ~ "signature" = "5411fd088dfb7ae93569d1e9f1c90bd1" -> "4f7e5ab0991b8e3bf2f4c9829d6a5c9c"
        }
    }

Plan: 81 to add, 2 to change, 75 to destroy.

Warning: "log_group_name": [DEPRECATED] use 'log_destination' argument instead

  on bod_vpc_flow_logs.tf line 66, in resource "aws_flow_log" "bod_flow_log":
  66: resource "aws_flow_log" "bod_flow_log" {



Warning: "log_group_name": [DEPRECATED] use 'log_destination' argument instead

  on cyhy_vpc_flow_logs.tf line 66, in resource "aws_flow_log" "cyhy_flow_log":
  66: resource "aws_flow_log" "cyhy_flow_log" {



Warning: "log_group_name": [DEPRECATED] use 'log_destination' argument instead

  on mgmt_vpc_flow_logs.tf line 66, in resource "aws_flow_log" "mgmt_flow_log":
  66: resource "aws_flow_log" "mgmt_flow_log" {



------------------------------------------------------------------------

Note: You didn't specify an "-out" parameter to save this plan, so Terraform
can't guarantee that exactly these actions will be performed if
"terraform apply" is subsequently run.

